// !$*UTF8*$!
{
	archiveVersion = 1;
	classes = {
	};
	objectVersion = 42;
	objects = {

/* Begin PBXBuildFile section */
		8D11072A0486CEB800E47090 /* MainMenu.nib in Resources */ = {isa = PBXBuildFile; fileRef = 29B97318FDCFA39411CA2CEA /* MainMenu.nib */; };
		8D11072B0486CEB800E47090 /* InfoPlist.strings in Resources */ = {isa = PBXBuildFile; fileRef = 089C165CFE840E0CC02AAC07 /* InfoPlist.strings */; };
		8D11072D0486CEB800E47090 /* main.m in Sources */ = {isa = PBXBuildFile; fileRef = 29B97316FDCFA39411CA2CEA /* main.m */; settings = {ATTRIBUTES = (); }; };
		8D11072F0486CEB800E47090 /* Cocoa.framework in Frameworks */ = {isa = PBXBuildFile; fileRef = 1058C7A1FEA54F0111CA2CBB /* Cocoa.framework */; };
		A404B32F0D14345E00FE81AC /* RectangleWindow.nib in Resources */ = {isa = PBXBuildFile; fileRef = A404B32E0D14345E00FE81AC /* RectangleWindow.nib */; };
		A404B3320D14355600FE81AC /* RectangleView.h in Copy Private Frameworks */ = {isa = PBXBuildFile; fileRef = A404B3300D14355600FE81AC /* RectangleView.h */; };
		A404B3330D14355600FE81AC /* RectangleView.m in Sources */ = {isa = PBXBuildFile; fileRef = A404B3310D14355600FE81AC /* RectangleView.m */; };
		A404B37E0D143FF600FE81AC /* RectangleController.h in Copy Private Frameworks */ = {isa = PBXBuildFile; fileRef = A404B37C0D143FF600FE81AC /* RectangleController.h */; };
		A404B37F0D143FF600FE81AC /* RectangleController.m in Sources */ = {isa = PBXBuildFile; fileRef = A404B37D0D143FF600FE81AC /* RectangleController.m */; };
		A409CB850C42B58700452FD7 /* Flam3Task.m in Sources */ = {isa = PBXBuildFile; fileRef = A47AC02C0C429786007F1047 /* Flam3Task.m */; settings = {COMPILER_FLAGS = "-fobjc-exceptions"; }; };
		A40B00DB0D392E7A009F782F /* RectangleNibController.m in Sources */ = {isa = PBXBuildFile; fileRef = A40B00DA0D392E7A009F782F /* RectangleNibController.m */; };
		A40CA2690CF0B58D000C28FB /* flam3-render in Resources */ = {isa = PBXBuildFile; fileRef = A41CF2D80C340AFE001582CC /* flam3-render */; };
		A40CA26A0CF0B598000C28FB /* flam3-animate in Resources */ = {isa = PBXBuildFile; fileRef = A42608820C41109600DDB92E /* flam3-animate */; };
		A40CA26B0CF0B59D000C28FB /* flam3-genome in Resources */ = {isa = PBXBuildFile; fileRef = A47ABF1D0C425EF9007F1047 /* flam3-genome */; };
		A40CB5210AB8864300613AD6 /* DragDropAndSaveImageView.m in Sources */ = {isa = PBXBuildFile; fileRef = A40CB5200AB8864300613AD6 /* DragDropAndSaveImageView.m */; };
		A40EF52B0DD71DEA003329A6 /* Genome.m in Sources */ = {isa = PBXBuildFile; fileRef = A40EF5280DD71DEA003329A6 /* Genome.m */; };
		A40EF52C0DD71DEA003329A6 /* GenomeManagedObject.m in Sources */ = {isa = PBXBuildFile; fileRef = A40EF52A0DD71DEA003329A6 /* GenomeManagedObject.m */; };
		A40EF52F0DD71E0A003329A6 /* GenomeXMLParser.m in Sources */ = {isa = PBXBuildFile; fileRef = A40EF52E0DD71E0A003329A6 /* GenomeXMLParser.m */; };
		A410568E0C5F760A0075334E /* stills.png in Resources */ = {isa = PBXBuildFile; fileRef = A410568C0C5F760A0075334E /* stills.png */; };
		A410568F0C5F760A0075334E /* text-x-script.png in Resources */ = {isa = PBXBuildFile; fileRef = A410568D0C5F760A0075334E /* text-x-script.png */; };
		A41963670C5E484B002EDD7B /* FileViews.nib in Resources */ = {isa = PBXBuildFile; fileRef = A41963660C5E484B002EDD7B /* FileViews.nib */; };
		A41A053409758FA10063196F /* QuickTime.framework in Frameworks */ = {isa = PBXBuildFile; fileRef = A41A053309758FA10063196F /* QuickTime.framework */; };
		A41A06CB0975BE5E0063196F /* QTKit.framework in Frameworks */ = {isa = PBXBuildFile; fileRef = A41A06CA0975BE5E0063196F /* QTKit.framework */; };
		A41E6CC00B0F429900713916 /* DnDButton.m in Sources */ = {isa = PBXBuildFile; fileRef = A41E6CBF0B0F429900713916 /* DnDButton.m */; };
		A422B9A10B162E7800019559 /* GenePool.nib in Resources */ = {isa = PBXBuildFile; fileRef = A422B9A00B162E7800019559 /* GenePool.nib */; };
		A422B9A50B16308200019559 /* GenePoolNibController.m in Sources */ = {isa = PBXBuildFile; fileRef = A422B9A30B16308200019559 /* GenePoolNibController.m */; };
		A422B9A80B16316E00019559 /* GenePoolController.m in Sources */ = {isa = PBXBuildFile; fileRef = A422B9A70B16316E00019559 /* GenePoolController.m */; };
		A422B9AB0B1631A000019559 /* GenePoolModel.m in Sources */ = {isa = PBXBuildFile; fileRef = A422B9AA0B1631A000019559 /* GenePoolModel.m */; };
		A4233E9409EFF3010047DC34 /* QuickTimeController.m in Sources */ = {isa = PBXBuildFile; fileRef = A4233E9309EFF3010047DC34 /* QuickTimeController.m */; };
		A42963140C5685B100D56561 /* Credits.html in Resources */ = {isa = PBXBuildFile; fileRef = A42963130C5685B100D56561 /* Credits.html */; };
		A4327AB20C4E58B600B1D18D /* LuaObjCBridge.framework in Frameworks */ = {isa = PBXBuildFile; fileRef = A4327AB10C4E58B600B1D18D /* LuaObjCBridge.framework */; };
		A4327AE90C4E58E400B1D18D /* LuaObjCBridge.framework in Copy Private Frameworks */ = {isa = PBXBuildFile; fileRef = A4327AB10C4E58B600B1D18D /* LuaObjCBridge.framework */; };
		A44201EE0B21E551000B94D9 /* genepool.png in Resources */ = {isa = PBXBuildFile; fileRef = A44201ED0B21E551000B94D9 /* genepool.png */; };
		A4421BE509CF3CE900E9D39F /* oxidizer.icns in Resources */ = {isa = PBXBuildFile; fileRef = A4421BE409CF3CE900E9D39F /* oxidizer.icns */; };
		A49E2A5B0D86F1D1008198BE /* GradientView.m in Sources */ = {isa = PBXBuildFile; fileRef = A49E2A5A0D86F1D1008198BE /* GradientView.m */; };
		A49E2A680D86FDC9008198BE /* GradientWindow.nib in Resources */ = {isa = PBXBuildFile; fileRef = A49E2A670D86FDC9008198BE /* GradientWindow.nib */; };
		A4A3027D0A28995D002828D9 /* BreedingController.m in Sources */ = {isa = PBXBuildFile; fileRef = A4A3027C0A28995D002828D9 /* BreedingController.m */; };
		A4A3810E0A4F236700E7364C /* DnDImageView.m in Sources */ = {isa = PBXBuildFile; fileRef = A4A3810D0A4F236700E7364C /* DnDImageView.m */; };
		A4BE79470DA6DD3700160702 /* GradientController.m in Sources */ = {isa = PBXBuildFile; fileRef = A4BE79440DA6DD3700160702 /* GradientController.m */; };
		A4BE79480DA6DD3700160702 /* GradientNibController.m in Sources */ = {isa = PBXBuildFile; fileRef = A4BE79460DA6DD3700160702 /* GradientNibController.m */; };
		A4C47C6D0997BDE100BCE5E8 /* libxml2.dylib in Frameworks */ = {isa = PBXBuildFile; fileRef = A4C47C6C0997BDE100BCE5E8 /* libxml2.dylib */; };
		A4C5BDCB0DA91D6D002BE1C2 /* libflam3.0.dylib in Resources */ = {isa = PBXBuildFile; fileRef = A4C5BDC60DA91D46002BE1C2 /* libflam3.0.dylib */; };
		A4C6CDE60DC3708600E2EEFB /* ProgressIndicatorWithCancel.m in Sources */ = {isa = PBXBuildFile; fileRef = A4C6CDE50DC3708600E2EEFB /* ProgressIndicatorWithCancel.m */; };
		A4C6CE2A0DC3728000E2EEFB /* TaskProgress.nib in Resources */ = {isa = PBXBuildFile; fileRef = A4C6CE290DC3728000E2EEFB /* TaskProgress.nib */; };
		A4D3633E09AB9CE20078025F /* genome.xcdatamodel in Sources */ = {isa = PBXBuildFile; fileRef = A4D3633D09AB9CE20078025F /* genome.xcdatamodel */; };
		A4D604AB09658A6C0001CD1D /* PaletteController.m in Sources */ = {isa = PBXBuildFile; fileRef = A4D604AA09658A6C0001CD1D /* PaletteController.m */; };
		A4DA85880966DB7D00FFCF4D /* FractalFlameModel.m in Sources */ = {isa = PBXBuildFile; fileRef = A4DA85870966DB7D00FFCF4D /* FractalFlameModel.m */; };
		A4DA858E0966DD2A00FFCF4D /* EnvironmentController.m in Sources */ = {isa = PBXBuildFile; fileRef = A4DA858D0966DD2A00FFCF4D /* EnvironmentController.m */; };
		A4DA871D096712CA00FFCF4D /* FlameController.m in Sources */ = {isa = PBXBuildFile; fileRef = A4DA871C096712CA00FFCF4D /* FlameController.m */; };
		A4E52E160A014F9500382558 /* flam3-palettes.xml in Resources */ = {isa = PBXBuildFile; fileRef = A4E52D560A0141A400382558 /* flam3-palettes.xml */; };
		A4F21B460CEA112400F0195A /* libpng.dylib in Resources */ = {isa = PBXBuildFile; fileRef = A41CF2DB0C340B44001582CC /* libpng.dylib */; };
		A4F21B470CEA112C00F0195A /* libjpeg.62.dylib in Resources */ = {isa = PBXBuildFile; fileRef = A41CF33D0C343FB1001582CC /* libjpeg.62.dylib */; };
		A4F3EF1E0AB5DE3100A282F2 /* image-x-generic.png in Resources */ = {isa = PBXBuildFile; fileRef = A4F3EF1D0AB5DE3100A282F2 /* image-x-generic.png */; };
		A4F3EF200AB5DE3B00A282F2 /* video-x-generic.png in Resources */ = {isa = PBXBuildFile; fileRef = A4F3EF1F0AB5DE3B00A282F2 /* video-x-generic.png */; };
		A4F49C1B0AAB05C800FA4BE8 /* OxidizerDelegate.m in Sources */ = {isa = PBXBuildFile; fileRef = A4F49C190AAB05C800FA4BE8 /* OxidizerDelegate.m */; };
		A4F49CEC0AAB1D3C00FA4BE8 /* document-open.png in Resources */ = {isa = PBXBuildFile; fileRef = A4F49CEB0AAB1D3C00FA4BE8 /* document-open.png */; };
		A4F49CEE0AAB1D4B00FA4BE8 /* document-save.png in Resources */ = {isa = PBXBuildFile; fileRef = A4F49CED0AAB1D4B00FA4BE8 /* document-save.png */; };
		A4F49CF00AAB1D5400FA4BE8 /* oxidizer_dna.png in Resources */ = {isa = PBXBuildFile; fileRef = A4F49CEF0AAB1D5400FA4BE8 /* oxidizer_dna.png */; };
		A4FADCE80A55A131004FC917 /* GreaterThanThreeTransformer.m in Sources */ = {isa = PBXBuildFile; fileRef = A4FADCE70A55A131004FC917 /* GreaterThanThreeTransformer.m */; };
		A4FDAB2A0A4EBA9400910299 /* DnDArrayController.m in Sources */ = {isa = PBXBuildFile; fileRef = A4FDAB290A4EBA9400910299 /* DnDArrayController.m */; };
/* End PBXBuildFile section */

/* Begin PBXCopyFilesBuildPhase section */
		A4FDD8AC0B56BC980089AE35 /* Copy Private Frameworks */ = {
			isa = PBXCopyFilesBuildPhase;
			buildActionMask = 2147483647;
			dstPath = "";
			dstSubfolderSpec = 10;
			files = (
				A4327AE90C4E58E400B1D18D /* LuaObjCBridge.framework in Copy Private Frameworks */,
				A404B3320D14355600FE81AC /* RectangleView.h in Copy Private Frameworks */,
				A404B37E0D143FF600FE81AC /* RectangleController.h in Copy Private Frameworks */,
			);
			name = "Copy Private Frameworks";
			runOnlyForDeploymentPostprocessing = 0;
		};
/* End PBXCopyFilesBuildPhase section */

/* Begin PBXFileReference section */
		089C165DFE840E0CC02AAC07 /* English */ = {isa = PBXFileReference; fileEncoding = 10; lastKnownFileType = text.plist.strings; name = English; path = English.lproj/InfoPlist.strings; sourceTree = "<group>"; };
		1058C7A1FEA54F0111CA2CBB /* Cocoa.framework */ = {isa = PBXFileReference; lastKnownFileType = wrapper.framework; name = Cocoa.framework; path = /System/Library/Frameworks/Cocoa.framework; sourceTree = "<absolute>"; };
		13E42FB307B3F0F600E4EEF1 /* CoreData.framework */ = {isa = PBXFileReference; lastKnownFileType = wrapper.framework; name = CoreData.framework; path = /System/Library/Frameworks/CoreData.framework; sourceTree = "<absolute>"; };
		29B97316FDCFA39411CA2CEA /* main.m */ = {isa = PBXFileReference; fileEncoding = 4; lastKnownFileType = sourcecode.c.objc; path = main.m; sourceTree = "<group>"; };
		29B97319FDCFA39411CA2CEA /* English */ = {isa = PBXFileReference; lastKnownFileType = wrapper.nib; name = English; path = English.lproj/MainMenu.nib; sourceTree = "<group>"; };
		29B97324FDCFA39411CA2CEA /* AppKit.framework */ = {isa = PBXFileReference; lastKnownFileType = wrapper.framework; name = AppKit.framework; path = /System/Library/Frameworks/AppKit.framework; sourceTree = "<absolute>"; };
		29B97325FDCFA39411CA2CEA /* Foundation.framework */ = {isa = PBXFileReference; lastKnownFileType = wrapper.framework; name = Foundation.framework; path = /System/Library/Frameworks/Foundation.framework; sourceTree = "<absolute>"; };
		32CA4F630368D1EE00C91783 /* oxidizer_Prefix.pch */ = {isa = PBXFileReference; fileEncoding = 4; lastKnownFileType = sourcecode.c.h; path = oxidizer_Prefix.pch; sourceTree = "<group>"; };
		8D1107310486CEB800E47090 /* Info.plist */ = {isa = PBXFileReference; fileEncoding = 4; lastKnownFileType = text.plist; path = Info.plist; sourceTree = "<group>"; };
		8D1107320486CEB800E47090 /* Oxidizer.app */ = {isa = PBXFileReference; explicitFileType = wrapper.application; includeInIndex = 0; path = Oxidizer.app; sourceTree = BUILT_PRODUCTS_DIR; };
		A404B32E0D14345E00FE81AC /* RectangleWindow.nib */ = {isa = PBXFileReference; lastKnownFileType = wrapper.nib; name = RectangleWindow.nib; path = RectangleView/RectangleWindow.nib; sourceTree = "<group>"; };
		A404B3300D14355600FE81AC /* RectangleView.h */ = {isa = PBXFileReference; fileEncoding = 30; lastKnownFileType = sourcecode.c.h; name = RectangleView.h; path = RectangleView/RectangleView.h; sourceTree = "<group>"; };
		A404B3310D14355600FE81AC /* RectangleView.m */ = {isa = PBXFileReference; fileEncoding = 30; lastKnownFileType = sourcecode.c.objc; name = RectangleView.m; path = RectangleView/RectangleView.m; sourceTree = "<group>"; };
		A404B37C0D143FF600FE81AC /* RectangleController.h */ = {isa = PBXFileReference; fileEncoding = 30; lastKnownFileType = sourcecode.c.h; name = RectangleController.h; path = RectangleView/RectangleController.h; sourceTree = "<group>"; };
		A404B37D0D143FF600FE81AC /* RectangleController.m */ = {isa = PBXFileReference; fileEncoding = 30; lastKnownFileType = sourcecode.c.objc; name = RectangleController.m; path = RectangleView/RectangleController.m; sourceTree = "<group>"; };
		A40B00D90D392E7A009F782F /* RectangleNibController.h */ = {isa = PBXFileReference; fileEncoding = 4; lastKnownFileType = sourcecode.c.h; name = RectangleNibController.h; path = RectangleView/RectangleNibController.h; sourceTree = "<group>"; };
		A40B00DA0D392E7A009F782F /* RectangleNibController.m */ = {isa = PBXFileReference; fileEncoding = 4; lastKnownFileType = sourcecode.c.objc; name = RectangleNibController.m; path = RectangleView/RectangleNibController.m; sourceTree = "<group>"; };
		A40CB51F0AB8864300613AD6 /* DragDropAndSaveImageView.h */ = {isa = PBXFileReference; fileEncoding = 30; lastKnownFileType = sourcecode.c.h; path = DragDropAndSaveImageView.h; sourceTree = "<group>"; };
		A40CB5200AB8864300613AD6 /* DragDropAndSaveImageView.m */ = {isa = PBXFileReference; fileEncoding = 30; lastKnownFileType = sourcecode.c.objc; path = DragDropAndSaveImageView.m; sourceTree = "<group>"; };
		A40EF5270DD71DEA003329A6 /* Genome.h */ = {isa = PBXFileReference; fileEncoding = 4; lastKnownFileType = sourcecode.c.h; path = Genome.h; sourceTree = "<group>"; };
		A40EF5280DD71DEA003329A6 /* Genome.m */ = {isa = PBXFileReference; fileEncoding = 4; lastKnownFileType = sourcecode.c.objc; path = Genome.m; sourceTree = "<group>"; };
		A40EF5290DD71DEA003329A6 /* GenomeManagedObject.h */ = {isa = PBXFileReference; fileEncoding = 4; lastKnownFileType = sourcecode.c.h; path = GenomeManagedObject.h; sourceTree = "<group>"; };
		A40EF52A0DD71DEA003329A6 /* GenomeManagedObject.m */ = {isa = PBXFileReference; fileEncoding = 4; lastKnownFileType = sourcecode.c.objc; path = GenomeManagedObject.m; sourceTree = "<group>"; };
		A40EF52D0DD71E0A003329A6 /* GenomeXMLParser.h */ = {isa = PBXFileReference; fileEncoding = 4; lastKnownFileType = sourcecode.c.h; path = GenomeXMLParser.h; sourceTree = "<group>"; };
		A40EF52E0DD71E0A003329A6 /* GenomeXMLParser.m */ = {isa = PBXFileReference; fileEncoding = 4; lastKnownFileType = sourcecode.c.objc; path = GenomeXMLParser.m; sourceTree = "<group>"; };
		A410568C0C5F760A0075334E /* stills.png */ = {isa = PBXFileReference; lastKnownFileType = image.png; name = stills.png; path = icons/Tango/stills.png; sourceTree = SOURCE_ROOT; };
		A410568D0C5F760A0075334E /* text-x-script.png */ = {isa = PBXFileReference; lastKnownFileType = image.png; name = "text-x-script.png"; path = "icons/Tango/text-x-script.png"; sourceTree = SOURCE_ROOT; };
		A41963660C5E484B002EDD7B /* FileViews.nib */ = {isa = PBXFileReference; lastKnownFileType = wrapper.nib; name = FileViews.nib; path = FileViews/FileViews.nib; sourceTree = "<group>"; };
		A41A053309758FA10063196F /* QuickTime.framework */ = {isa = PBXFileReference; lastKnownFileType = wrapper.framework; name = QuickTime.framework; path = /System/Library/Frameworks/QuickTime.framework; sourceTree = "<absolute>"; };
		A41A06CA0975BE5E0063196F /* QTKit.framework */ = {isa = PBXFileReference; lastKnownFileType = wrapper.framework; name = QTKit.framework; path = /System/Library/Frameworks/QTKit.framework; sourceTree = "<absolute>"; };
		A41CF2D80C340AFE001582CC /* flam3-render */ = {isa = PBXFileReference; lastKnownFileType = "compiled.mach-o.executable"; name = "flam3-render"; path = "build_folder_for_flam3/bin/flam3-render"; sourceTree = SOURCE_ROOT; };
		A41CF2DB0C340B44001582CC /* libpng.dylib */ = {isa = PBXFileReference; explicitFileType = file; name = libpng.dylib; path = build_folder_for_flam3/lib/libpng.dylib; sourceTree = SOURCE_ROOT; };
		A41CF33D0C343FB1001582CC /* libjpeg.62.dylib */ = {isa = PBXFileReference; explicitFileType = file; name = libjpeg.62.dylib; path = build_folder_for_flam3/lib/libjpeg.62.dylib; sourceTree = SOURCE_ROOT; };
		A41E6CBE0B0F429900713916 /* DnDButton.h */ = {isa = PBXFileReference; fileEncoding = 4; lastKnownFileType = sourcecode.c.h; path = DnDButton.h; sourceTree = "<group>"; };
		A41E6CBF0B0F429900713916 /* DnDButton.m */ = {isa = PBXFileReference; fileEncoding = 4; lastKnownFileType = sourcecode.c.objc; path = DnDButton.m; sourceTree = "<group>"; };
		A422B9A00B162E7800019559 /* GenePool.nib */ = {isa = PBXFileReference; lastKnownFileType = wrapper.nib; name = GenePool.nib; path = GenePool/GenePool.nib; sourceTree = "<group>"; };
		A422B9A30B16308200019559 /* GenePoolNibController.m */ = {isa = PBXFileReference; fileEncoding = 30; lastKnownFileType = sourcecode.c.objc; name = GenePoolNibController.m; path = GenePool/GenePoolNibController.m; sourceTree = "<group>"; };
		A422B9A40B16308200019559 /* GenePoolNibController.h */ = {isa = PBXFileReference; fileEncoding = 30; lastKnownFileType = sourcecode.c.h; name = GenePoolNibController.h; path = GenePool/GenePoolNibController.h; sourceTree = "<group>"; };
		A422B9A60B16316E00019559 /* GenePoolController.h */ = {isa = PBXFileReference; fileEncoding = 30; lastKnownFileType = sourcecode.c.h; name = GenePoolController.h; path = GenePool/GenePoolController.h; sourceTree = "<group>"; };
		A422B9A70B16316E00019559 /* GenePoolController.m */ = {isa = PBXFileReference; fileEncoding = 30; lastKnownFileType = sourcecode.c.objc; name = GenePoolController.m; path = GenePool/GenePoolController.m; sourceTree = "<group>"; };
		A422B9A90B1631A000019559 /* GenePoolModel.h */ = {isa = PBXFileReference; fileEncoding = 30; lastKnownFileType = sourcecode.c.h; name = GenePoolModel.h; path = GenePool/GenePoolModel.h; sourceTree = "<group>"; };
		A422B9AA0B1631A000019559 /* GenePoolModel.m */ = {isa = PBXFileReference; fileEncoding = 30; lastKnownFileType = sourcecode.c.objc; name = GenePoolModel.m; path = GenePool/GenePoolModel.m; sourceTree = "<group>"; };
		A4233E9209EFF3000047DC34 /* QuickTimeController.h */ = {isa = PBXFileReference; fileEncoding = 4; lastKnownFileType = sourcecode.c.h; path = QuickTimeController.h; sourceTree = "<group>"; };
		A4233E9309EFF3010047DC34 /* QuickTimeController.m */ = {isa = PBXFileReference; fileEncoding = 4; lastKnownFileType = sourcecode.c.objc; path = QuickTimeController.m; sourceTree = "<group>"; };
		A42608820C41109600DDB92E /* flam3-animate */ = {isa = PBXFileReference; lastKnownFileType = "compiled.mach-o.executable"; name = "flam3-animate"; path = "build_folder_for_flam3/bin/flam3-animate"; sourceTree = SOURCE_ROOT; };
		A42963130C5685B100D56561 /* Credits.html */ = {isa = PBXFileReference; fileEncoding = 30; lastKnownFileType = text.html; path = Credits.html; sourceTree = SOURCE_ROOT; };
		A4327AB10C4E58B600B1D18D /* LuaObjCBridge.framework */ = {isa = PBXFileReference; explicitFileType = wrapper.framework; name = LuaObjCBridge.framework; path = LuaObjCBridge/build/Release/LuaObjCBridge.framework; sourceTree = "<group>"; };
		A44201ED0B21E551000B94D9 /* genepool.png */ = {isa = PBXFileReference; lastKnownFileType = image.png; name = genepool.png; path = icons/genepool.png; sourceTree = "<group>"; };
		A4421BE409CF3CE900E9D39F /* oxidizer.icns */ = {isa = PBXFileReference; lastKnownFileType = image.icns; path = oxidizer.icns; sourceTree = "<group>"; };
		A47ABF1D0C425EF9007F1047 /* flam3-genome */ = {isa = PBXFileReference; lastKnownFileType = "compiled.mach-o.executable"; name = "flam3-genome"; path = "build_folder_for_flam3/bin/flam3-genome"; sourceTree = SOURCE_ROOT; };
		A47AC02B0C429786007F1047 /* Flam3Task.h */ = {isa = PBXFileReference; fileEncoding = 4; lastKnownFileType = sourcecode.c.h; path = Flam3Task.h; sourceTree = "<group>"; };
		A47AC02C0C429786007F1047 /* Flam3Task.m */ = {isa = PBXFileReference; fileEncoding = 4; lastKnownFileType = sourcecode.c.objc; path = Flam3Task.m; sourceTree = "<group>"; };
		A49E2A590D86F1D1008198BE /* GradientView.h */ = {isa = PBXFileReference; fileEncoding = 4; lastKnownFileType = sourcecode.c.h; name = GradientView.h; path = GradientEditor/GradientView.h; sourceTree = SOURCE_ROOT; };
		A49E2A5A0D86F1D1008198BE /* GradientView.m */ = {isa = PBXFileReference; fileEncoding = 4; lastKnownFileType = sourcecode.c.objc; name = GradientView.m; path = GradientEditor/GradientView.m; sourceTree = SOURCE_ROOT; };
		A49E2A670D86FDC9008198BE /* GradientWindow.nib */ = {isa = PBXFileReference; lastKnownFileType = wrapper.nib; name = GradientWindow.nib; path = GradientEditor/GradientWindow.nib; sourceTree = SOURCE_ROOT; };
		A4A3027B0A28995D002828D9 /* BreedingController.h */ = {isa = PBXFileReference; fileEncoding = 30; lastKnownFileType = sourcecode.c.h; path = BreedingController.h; sourceTree = "<group>"; };
		A4A3027C0A28995D002828D9 /* BreedingController.m */ = {isa = PBXFileReference; fileEncoding = 30; lastKnownFileType = sourcecode.c.objc; path = BreedingController.m; sourceTree = "<group>"; };
		A4A3810C0A4F236700E7364C /* DnDImageView.h */ = {isa = PBXFileReference; fileEncoding = 30; lastKnownFileType = sourcecode.c.h; path = DnDImageView.h; sourceTree = "<group>"; };
		A4A3810D0A4F236700E7364C /* DnDImageView.m */ = {isa = PBXFileReference; fileEncoding = 30; lastKnownFileType = sourcecode.c.objc; path = DnDImageView.m; sourceTree = "<group>"; };
		A4BE79430DA6DD3700160702 /* GradientController.h */ = {isa = PBXFileReference; fileEncoding = 4; lastKnownFileType = sourcecode.c.h; name = GradientController.h; path = GradientEditor/GradientController.h; sourceTree = "<group>"; };
		A4BE79440DA6DD3700160702 /* GradientController.m */ = {isa = PBXFileReference; fileEncoding = 4; lastKnownFileType = sourcecode.c.objc; name = GradientController.m; path = GradientEditor/GradientController.m; sourceTree = "<group>"; };
		A4BE79450DA6DD3700160702 /* GradientNibController.h */ = {isa = PBXFileReference; fileEncoding = 4; lastKnownFileType = sourcecode.c.h; name = GradientNibController.h; path = GradientEditor/GradientNibController.h; sourceTree = "<group>"; };
		A4BE79460DA6DD3700160702 /* GradientNibController.m */ = {isa = PBXFileReference; fileEncoding = 4; lastKnownFileType = sourcecode.c.objc; name = GradientNibController.m; path = GradientEditor/GradientNibController.m; sourceTree = "<group>"; };
		A4C47C6C0997BDE100BCE5E8 /* libxml2.dylib */ = {isa = PBXFileReference; lastKnownFileType = "compiled.mach-o.dylib"; name = libxml2.dylib; path = /usr/lib/libxml2.dylib; sourceTree = "<absolute>"; };
		A4C5BDC60DA91D46002BE1C2 /* libflam3.0.dylib */ = {isa = PBXFileReference; lastKnownFileType = "compiled.mach-o.dylib"; name = libflam3.0.dylib; path = build_folder_for_flam3/lib/libflam3.0.dylib; sourceTree = "<group>"; };
		A4C6CDE40DC3708600E2EEFB /* ProgressIndicatorWithCancel.h */ = {isa = PBXFileReference; fileEncoding = 4; lastKnownFileType = sourcecode.c.h; name = ProgressIndicatorWithCancel.h; path = ProgressWindow/ProgressIndicatorWithCancel.h; sourceTree = "<group>"; };
		A4C6CDE50DC3708600E2EEFB /* ProgressIndicatorWithCancel.m */ = {isa = PBXFileReference; fileEncoding = 4; lastKnownFileType = sourcecode.c.objc; name = ProgressIndicatorWithCancel.m; path = ProgressWindow/ProgressIndicatorWithCancel.m; sourceTree = "<group>"; };
		A4C6CE290DC3728000E2EEFB /* TaskProgress.nib */ = {isa = PBXFileReference; lastKnownFileType = wrapper.nib; name = TaskProgress.nib; path = ProgressWindow/TaskProgress.nib; sourceTree = "<group>"; };
		A4D3633D09AB9CE20078025F /* genome.xcdatamodel */ = {isa = PBXFileReference; fileEncoding = 4; lastKnownFileType = wrapper.xcdatamodel; path = genome.xcdatamodel; sourceTree = "<group>"; };
		A4D604A909658A6C0001CD1D /* PaletteController.h */ = {isa = PBXFileReference; fileEncoding = 30; lastKnownFileType = sourcecode.c.h; path = PaletteController.h; sourceTree = "<group>"; };
		A4D604AA09658A6C0001CD1D /* PaletteController.m */ = {isa = PBXFileReference; fileEncoding = 30; lastKnownFileType = sourcecode.c.objc; path = PaletteController.m; sourceTree = "<group>"; };
		A4DA85860966DB7D00FFCF4D /* FractalFlameModel.h */ = {isa = PBXFileReference; fileEncoding = 30; lastKnownFileType = sourcecode.c.h; path = FractalFlameModel.h; sourceTree = "<group>"; };
		A4DA85870966DB7D00FFCF4D /* FractalFlameModel.m */ = {isa = PBXFileReference; fileEncoding = 30; lastKnownFileType = sourcecode.c.objc; path = FractalFlameModel.m; sourceTree = "<group>"; };
		A4DA858C0966DD2A00FFCF4D /* EnvironmentController.h */ = {isa = PBXFileReference; fileEncoding = 30; lastKnownFileType = sourcecode.c.h; path = EnvironmentController.h; sourceTree = "<group>"; };
		A4DA858D0966DD2A00FFCF4D /* EnvironmentController.m */ = {isa = PBXFileReference; fileEncoding = 30; lastKnownFileType = sourcecode.c.objc; path = EnvironmentController.m; sourceTree = "<group>"; };
		A4DA871B096712CA00FFCF4D /* FlameController.h */ = {isa = PBXFileReference; fileEncoding = 30; lastKnownFileType = sourcecode.c.h; path = FlameController.h; sourceTree = "<group>"; };
		A4DA871C096712CA00FFCF4D /* FlameController.m */ = {isa = PBXFileReference; fileEncoding = 30; lastKnownFileType = sourcecode.c.objc; path = FlameController.m; sourceTree = "<group>"; };
		A4E52D560A0141A400382558 /* flam3-palettes.xml */ = {isa = PBXFileReference; fileEncoding = 30; lastKnownFileType = text.xml; name = "flam3-palettes.xml"; path = "flam3/flam3-palettes.xml"; sourceTree = SOURCE_ROOT; };
		A4F3EF1D0AB5DE3100A282F2 /* image-x-generic.png */ = {isa = PBXFileReference; lastKnownFileType = image.png; name = "image-x-generic.png"; path = "icons/Tango/image-x-generic.png"; sourceTree = "<group>"; };
		A4F3EF1F0AB5DE3B00A282F2 /* video-x-generic.png */ = {isa = PBXFileReference; lastKnownFileType = image.png; name = "video-x-generic.png"; path = "icons/Tango/video-x-generic.png"; sourceTree = "<group>"; };
		A4F49C190AAB05C800FA4BE8 /* OxidizerDelegate.m */ = {isa = PBXFileReference; fileEncoding = 30; lastKnownFileType = sourcecode.c.objc; path = OxidizerDelegate.m; sourceTree = "<group>"; };
		A4F49C1A0AAB05C800FA4BE8 /* OxidizerDelegate.h */ = {isa = PBXFileReference; fileEncoding = 30; lastKnownFileType = sourcecode.c.h; path = OxidizerDelegate.h; sourceTree = "<group>"; };
		A4F49CEB0AAB1D3C00FA4BE8 /* document-open.png */ = {isa = PBXFileReference; lastKnownFileType = image.png; name = "document-open.png"; path = "icons/Tango/document-open.png"; sourceTree = "<group>"; };
		A4F49CED0AAB1D4B00FA4BE8 /* document-save.png */ = {isa = PBXFileReference; lastKnownFileType = image.png; name = "document-save.png"; path = "icons/Tango/document-save.png"; sourceTree = "<group>"; };
		A4F49CEF0AAB1D5400FA4BE8 /* oxidizer_dna.png */ = {isa = PBXFileReference; lastKnownFileType = image.png; name = oxidizer_dna.png; path = icons/oxidizer_dna.png; sourceTree = "<group>"; };
		A4FADCE60A55A131004FC917 /* GreaterThanThreeTransformer.h */ = {isa = PBXFileReference; fileEncoding = 4; lastKnownFileType = sourcecode.c.h; path = GreaterThanThreeTransformer.h; sourceTree = "<group>"; };
		A4FADCE70A55A131004FC917 /* GreaterThanThreeTransformer.m */ = {isa = PBXFileReference; fileEncoding = 4; lastKnownFileType = sourcecode.c.objc; path = GreaterThanThreeTransformer.m; sourceTree = "<group>"; };
		A4FDAB280A4EBA9400910299 /* DnDArrayController.h */ = {isa = PBXFileReference; fileEncoding = 30; lastKnownFileType = sourcecode.c.h; path = DnDArrayController.h; sourceTree = "<group>"; };
		A4FDAB290A4EBA9400910299 /* DnDArrayController.m */ = {isa = PBXFileReference; fileEncoding = 30; lastKnownFileType = sourcecode.c.objc; path = DnDArrayController.m; sourceTree = "<group>"; };
/* End PBXFileReference section */

/* Begin PBXFrameworksBuildPhase section */
		8D11072E0486CEB800E47090 /* Frameworks */ = {
			isa = PBXFrameworksBuildPhase;
			buildActionMask = 2147483647;
			files = (
				8D11072F0486CEB800E47090 /* Cocoa.framework in Frameworks */,
				A41A053409758FA10063196F /* QuickTime.framework in Frameworks */,
				A41A06CB0975BE5E0063196F /* QTKit.framework in Frameworks */,
				A4C47C6D0997BDE100BCE5E8 /* libxml2.dylib in Frameworks */,
				A4327AB20C4E58B600B1D18D /* LuaObjCBridge.framework in Frameworks */,
			);
			runOnlyForDeploymentPostprocessing = 0;
		};
/* End PBXFrameworksBuildPhase section */

/* Begin PBXGroup section */
		080E96DDFE201D6D7F000001 /* Classes */ = {
			isa = PBXGroup;
			children = (
				A4C6CDE30DC3701800E2EEFB /* ProgressWindow */,
				A49E2A520D86F0E7008198BE /* GradientEditor */,
				A404B3340D14357100FE81AC /* RectangleWindow */,
				A41B41A40C43AD99000130DE /* Categories */,
				A422B9D90B16336E00019559 /* GenePool */,
				A40CB51F0AB8864300613AD6 /* DragDropAndSaveImageView.h */,
				A40CB5200AB8864300613AD6 /* DragDropAndSaveImageView.m */,
				A4A3810C0A4F236700E7364C /* DnDImageView.h */,
				A4A3810D0A4F236700E7364C /* DnDImageView.m */,
				A4D604A909658A6C0001CD1D /* PaletteController.h */,
				A4D604AA09658A6C0001CD1D /* PaletteController.m */,
				A4DA85860966DB7D00FFCF4D /* FractalFlameModel.h */,
				A4DA85870966DB7D00FFCF4D /* FractalFlameModel.m */,
				A4DA858C0966DD2A00FFCF4D /* EnvironmentController.h */,
				A4DA858D0966DD2A00FFCF4D /* EnvironmentController.m */,
				A4DA871B096712CA00FFCF4D /* FlameController.h */,
				A4DA871C096712CA00FFCF4D /* FlameController.m */,
				A4233E9209EFF3000047DC34 /* QuickTimeController.h */,
				A4233E9309EFF3010047DC34 /* QuickTimeController.m */,
				A4A3027B0A28995D002828D9 /* BreedingController.h */,
				A4A3027C0A28995D002828D9 /* BreedingController.m */,
				A4FDAB280A4EBA9400910299 /* DnDArrayController.h */,
				A4FDAB290A4EBA9400910299 /* DnDArrayController.m */,
				A4FADCE60A55A131004FC917 /* GreaterThanThreeTransformer.h */,
				A4FADCE70A55A131004FC917 /* GreaterThanThreeTransformer.m */,
				A4F49C190AAB05C800FA4BE8 /* OxidizerDelegate.m */,
				A4F49C1A0AAB05C800FA4BE8 /* OxidizerDelegate.h */,
				A41E6CBE0B0F429900713916 /* DnDButton.h */,
				A41E6CBF0B0F429900713916 /* DnDButton.m */,
				A47AC02B0C429786007F1047 /* Flam3Task.h */,
				A47AC02C0C429786007F1047 /* Flam3Task.m */,
			);
			name = Classes;
			sourceTree = "<group>";
		};
		1058C7A0FEA54F0111CA2CBB /* Linked Frameworks */ = {
			isa = PBXGroup;
			children = (
				A4327AB10C4E58B600B1D18D /* LuaObjCBridge.framework */,
				A41A06CA0975BE5E0063196F /* QTKit.framework */,
				A41A053309758FA10063196F /* QuickTime.framework */,
				1058C7A1FEA54F0111CA2CBB /* Cocoa.framework */,
			);
			name = "Linked Frameworks";
			sourceTree = "<group>";
		};
		1058C7A2FEA54F0111CA2CBB /* Other Frameworks */ = {
			isa = PBXGroup;
			children = (
				29B97324FDCFA39411CA2CEA /* AppKit.framework */,
				13E42FB307B3F0F600E4EEF1 /* CoreData.framework */,
				29B97325FDCFA39411CA2CEA /* Foundation.framework */,
			);
			name = "Other Frameworks";
			sourceTree = "<group>";
		};
		19C28FACFE9D520D11CA2CBB /* Products */ = {
			isa = PBXGroup;
			children = (
				8D1107320486CEB800E47090 /* Oxidizer.app */,
			);
			name = Products;
			sourceTree = "<group>";
		};
		29B97314FDCFA39411CA2CEA /* oxidizer */ = {
			isa = PBXGroup;
			children = (
				A40EF5260DD71DEA003329A6 /* Genome */,
				A4E641F5096DA554002DE446 /* Models */,
				080E96DDFE201D6D7F000001 /* Classes */,
				29B97315FDCFA39411CA2CEA /* Other Sources */,
				29B97317FDCFA39411CA2CEA /* Resources */,
				29B97323FDCFA39411CA2CEA /* Frameworks */,
				19C28FACFE9D520D11CA2CBB /* Products */,
				A4C6CE290DC3728000E2EEFB /* TaskProgress.nib */,
			);
			name = oxidizer;
			sourceTree = "<group>";
		};
		29B97315FDCFA39411CA2CEA /* Other Sources */ = {
			isa = PBXGroup;
			children = (
				089C165CFE840E0CC02AAC07 /* InfoPlist.strings */,
				32CA4F630368D1EE00C91783 /* oxidizer_Prefix.pch */,
				29B97316FDCFA39411CA2CEA /* main.m */,
			);
			name = "Other Sources";
			sourceTree = "<group>";
		};
		29B97317FDCFA39411CA2CEA /* Resources */ = {
			isa = PBXGroup;
			children = (
				A410568C0C5F760A0075334E /* stills.png */,
				A410568D0C5F760A0075334E /* text-x-script.png */,
				A42963130C5685B100D56561 /* Credits.html */,
				A47ABF1D0C425EF9007F1047 /* flam3-genome */,
				A42608820C41109600DDB92E /* flam3-animate */,
				A41CF2D80C340AFE001582CC /* flam3-render */,
				A4C5BDC60DA91D46002BE1C2 /* libflam3.0.dylib */,
				A41CF33D0C343FB1001582CC /* libjpeg.62.dylib */,
				A41CF2DB0C340B44001582CC /* libpng.dylib */,
				A4C47C6C0997BDE100BCE5E8 /* libxml2.dylib */,
				A4E52D560A0141A400382558 /* flam3-palettes.xml */,
				A4421BE409CF3CE900E9D39F /* oxidizer.icns */,
				8D1107310486CEB800E47090 /* Info.plist */,
				A41963660C5E484B002EDD7B /* FileViews.nib */,
				29B97318FDCFA39411CA2CEA /* MainMenu.nib */,
				A422B9A00B162E7800019559 /* GenePool.nib */,
				A404B32E0D14345E00FE81AC /* RectangleWindow.nib */,
				A49E2A670D86FDC9008198BE /* GradientWindow.nib */,
				A4F49CEB0AAB1D3C00FA4BE8 /* document-open.png */,
				A4F49CED0AAB1D4B00FA4BE8 /* document-save.png */,
				A4F49CEF0AAB1D5400FA4BE8 /* oxidizer_dna.png */,
				A4F3EF1D0AB5DE3100A282F2 /* image-x-generic.png */,
				A4F3EF1F0AB5DE3B00A282F2 /* video-x-generic.png */,
				A44201ED0B21E551000B94D9 /* genepool.png */,
			);
			name = Resources;
			sourceTree = "<group>";
		};
		29B97323FDCFA39411CA2CEA /* Frameworks */ = {
			isa = PBXGroup;
			children = (
				1058C7A0FEA54F0111CA2CBB /* Linked Frameworks */,
				1058C7A2FEA54F0111CA2CBB /* Other Frameworks */,
			);
			name = Frameworks;
			sourceTree = "<group>";
		};
		A404B3340D14357100FE81AC /* RectangleWindow */ = {
			isa = PBXGroup;
			children = (
				A404B3300D14355600FE81AC /* RectangleView.h */,
				A404B3310D14355600FE81AC /* RectangleView.m */,
				A404B37C0D143FF600FE81AC /* RectangleController.h */,
				A404B37D0D143FF600FE81AC /* RectangleController.m */,
				A40B00D90D392E7A009F782F /* RectangleNibController.h */,
				A40B00DA0D392E7A009F782F /* RectangleNibController.m */,
			);
			name = RectangleWindow;
			sourceTree = "<group>";
		};
		A40EF5260DD71DEA003329A6 /* Genome */ = {
			isa = PBXGroup;
			children = (
				A40EF5270DD71DEA003329A6 /* Genome.h */,
				A40EF5280DD71DEA003329A6 /* Genome.m */,
				A40EF5290DD71DEA003329A6 /* GenomeManagedObject.h */,
				A40EF52A0DD71DEA003329A6 /* GenomeManagedObject.m */,
				A40EF52D0DD71E0A003329A6 /* GenomeXMLParser.h */,
				A40EF52E0DD71E0A003329A6 /* GenomeXMLParser.m */,
			);
			path = Genome;
			sourceTree = "<group>";
		};
		A41B41A40C43AD99000130DE /* Categories */ = {
			isa = PBXGroup;
			children = (
			);
			name = Categories;
			sourceTree = "<group>";
		};
		A422B9D90B16336E00019559 /* GenePool */ = {
			isa = PBXGroup;
			children = (
				A422B9A30B16308200019559 /* GenePoolNibController.m */,
				A422B9A40B16308200019559 /* GenePoolNibController.h */,
				A422B9A60B16316E00019559 /* GenePoolController.h */,
				A422B9A70B16316E00019559 /* GenePoolController.m */,
				A422B9A90B1631A000019559 /* GenePoolModel.h */,
				A422B9AA0B1631A000019559 /* GenePoolModel.m */,
			);
			name = GenePool;
			sourceTree = "<group>";
		};
		A49E2A520D86F0E7008198BE /* GradientEditor */ = {
			isa = PBXGroup;
			children = (
				A4BE79430DA6DD3700160702 /* GradientController.h */,
				A4BE79440DA6DD3700160702 /* GradientController.m */,
				A4BE79450DA6DD3700160702 /* GradientNibController.h */,
				A4BE79460DA6DD3700160702 /* GradientNibController.m */,
				A49E2A590D86F1D1008198BE /* GradientView.h */,
				A49E2A5A0D86F1D1008198BE /* GradientView.m */,
			);
			name = GradientEditor;
			sourceTree = "<group>";
		};
		A4C6CDE30DC3701800E2EEFB /* ProgressWindow */ = {
			isa = PBXGroup;
			children = (
				A4C6CDE40DC3708600E2EEFB /* ProgressIndicatorWithCancel.h */,
				A4C6CDE50DC3708600E2EEFB /* ProgressIndicatorWithCancel.m */,
			);
			name = ProgressWindow;
			sourceTree = "<group>";
		};
		A4E641F5096DA554002DE446 /* Models */ = {
			isa = PBXGroup;
			children = (
				A4D3633D09AB9CE20078025F /* genome.xcdatamodel */,
			);
			name = Models;
			sourceTree = "<group>";
		};
/* End PBXGroup section */

/* Begin PBXNativeTarget section */
		8D1107260486CEB800E47090 /* Oxidizer */ = {
			isa = PBXNativeTarget;
			buildConfigurationList = C01FCF4A08A954540054247B /* Build configuration list for PBXNativeTarget "Oxidizer" */;
			buildPhases = (
				A41CF2280C33EBDC001582CC /* ShellScript */,
				A4FDD8AC0B56BC980089AE35 /* Copy Private Frameworks */,
				8D1107290486CEB800E47090 /* Resources */,
				8D11072C0486CEB800E47090 /* Sources */,
				8D11072E0486CEB800E47090 /* Frameworks */,
			);
			buildRules = (
			);
			dependencies = (
			);
			name = Oxidizer;
			productInstallPath = "$(HOME)/Applications";
			productName = oxidizer;
			productReference = 8D1107320486CEB800E47090 /* Oxidizer.app */;
			productType = "com.apple.product-type.application";
		};
/* End PBXNativeTarget section */

/* Begin PBXProject section */
		29B97313FDCFA39411CA2CEA /* Project object */ = {
			isa = PBXProject;
			buildConfigurationList = C01FCF4E08A954540054247B /* Build configuration list for PBXProject "oxidizer" */;
			compatibilityVersion = "Xcode 2.4";
			hasScannedForEncodings = 1;
			mainGroup = 29B97314FDCFA39411CA2CEA /* oxidizer */;
			projectDirPath = "";
			projectRoot = "";
			targets = (
				8D1107260486CEB800E47090 /* Oxidizer */,
			);
		};
/* End PBXProject section */

/* Begin PBXResourcesBuildPhase section */
		8D1107290486CEB800E47090 /* Resources */ = {
			isa = PBXResourcesBuildPhase;
			buildActionMask = 2147483647;
			files = (
				A4C5BDCB0DA91D6D002BE1C2 /* libflam3.0.dylib in Resources */,
				A4F21B460CEA112400F0195A /* libpng.dylib in Resources */,
				A4F21B470CEA112C00F0195A /* libjpeg.62.dylib in Resources */,
				A40CA26A0CF0B598000C28FB /* flam3-animate in Resources */,
				A40CA26B0CF0B59D000C28FB /* flam3-genome in Resources */,
				A40CA2690CF0B58D000C28FB /* flam3-render in Resources */,
				A4E52E160A014F9500382558 /* flam3-palettes.xml in Resources */,
				8D11072A0486CEB800E47090 /* MainMenu.nib in Resources */,
				8D11072B0486CEB800E47090 /* InfoPlist.strings in Resources */,
				A4421BE509CF3CE900E9D39F /* oxidizer.icns in Resources */,
				A410568E0C5F760A0075334E /* stills.png in Resources */,
				A410568F0C5F760A0075334E /* text-x-script.png in Resources */,
				A4F49CEC0AAB1D3C00FA4BE8 /* document-open.png in Resources */,
				A4F49CEE0AAB1D4B00FA4BE8 /* document-save.png in Resources */,
				A4F49CF00AAB1D5400FA4BE8 /* oxidizer_dna.png in Resources */,
				A4F3EF1E0AB5DE3100A282F2 /* image-x-generic.png in Resources */,
				A4F3EF200AB5DE3B00A282F2 /* video-x-generic.png in Resources */,
				A422B9A10B162E7800019559 /* GenePool.nib in Resources */,
				A44201EE0B21E551000B94D9 /* genepool.png in Resources */,
				A42963140C5685B100D56561 /* Credits.html in Resources */,
				A41963670C5E484B002EDD7B /* FileViews.nib in Resources */,
				A404B32F0D14345E00FE81AC /* RectangleWindow.nib in Resources */,
				A49E2A680D86FDC9008198BE /* GradientWindow.nib in Resources */,
				A4C6CE2A0DC3728000E2EEFB /* TaskProgress.nib in Resources */,
			);
			runOnlyForDeploymentPostprocessing = 0;
		};
/* End PBXResourcesBuildPhase section */

/* Begin PBXShellScriptBuildPhase section */
		A41CF2280C33EBDC001582CC /* ShellScript */ = {
			isa = PBXShellScriptBuildPhase;
			buildActionMask = 2147483647;
			files = (
			);
			inputPaths = (
			);
			outputPaths = (
			);
			runOnlyForDeploymentPostprocessing = 0;
			shellPath = /bin/sh;
			shellScript = "mkdir `pwd`/build_folder_for_flam3\n\nexport FLAM3_BUILD_PATH=`pwd`/build_folder_for_flam3 \n\necho $FLAM3_BUILD_PATH\n\ncd LuaObjCBridge\n\n#xcodebuild -configuration Release\n\n\ncd ../libpng\necho \"Building libpng\"\nexport CFLAGS=\"-O -isysroot /Developer/SDKs/MacOSX10.5.sdk -arch i386 -arch ppc\" \nexport LDFLAGS=\"-arch i386 -arch ppc\"  \n#./configure --disable-dependency-tracking --prefix=$FLAM3_BUILD_PATH\n#make install\n\necho \"Building jpeg\"\ncd ../jpeg-6b\nmkdir `pwd`/../build_folder_for_flam3/lib\nmkdir `pwd`/../build_folder_for_flam3/bin\nmkdir `pwd`/../build_folder_for_flam3/include\nmkdir `pwd`/../build_folder_for_flam3/man\nmkdir `pwd`/../build_folder_for_flam3/man/man1\n\n#env CC=\"gcc -isysroot /Developer/SDKs/MacOSX10.5.sdk -arch ppc -arch i386\" CFLAGS=\"-O3\" LDFLAGS=\"-arch i386 -arch ppc\"  ./configure --disable-dependency-tracking --prefix=$FLAM3_BUILD_PATH --enable-shared\n#ln -s /usr/bin/glibtool ./libtool\n#make install\n\necho \"Building flam3\"\ncd ../flam3\n#ln -s /usr/bin/glibtool ./libtool\n#export CFLAGS=\"-isysroot /Developer/SDKs/MacOSX10.5.sdk -arch ppc -arch i386 -I$FLAM3_BUILD_PATH/include\" \n#export LDFLAGS=\"-arch i386 -arch ppc -L${FLAM3_BUILD_PATH}/lib\" \n#./configure --disable-dependency-tracking --prefix=$FLAM3_BUILD_PATH --enable-shared\n#make install\n\n\ninstall_name_tool -change `otool -L $FLAM3_BUILD_PATH/bin/flam3-render | awk '/libpng/ {print $1}'`  @executable_path/libpng.dylib  $FLAM3_BUILD_PATH/bin/flam3-render\ninstall_name_tool -change `otool -L $FLAM3_BUILD_PATH/bin/flam3-render | awk '/libjpeg/ {print $1}'`  @executable_path/libjpeg.62.dylib  $FLAM3_BUILD_PATH/bin/flam3-render\ninstall_name_tool -change `otool -L $FLAM3_BUILD_PATH/bin/flam3-render | awk '/libflam3.0.dylib/ {print $1}'`  @executable_path/libflam3.0.dylib  $FLAM3_BUILD_PATH/bin/flam3-render\n\ninstall_name_tool -change `otool -L $FLAM3_BUILD_PATH/lib/libflam3.0.dylib | awk '/libpng/ {print $1}'`  @executable_path/libpng.dylib  $FLAM3_BUILD_PATH/lib/libflam3.0.dylib\ninstall_name_tool -change `otool -L $FLAM3_BUILD_PATH/lib/libflam3.0.dylib | awk '/libjpeg/ {print $1}'`  @executable_path/libjpeg.62.dylib  $FLAM3_BUILD_PATH/lib/libflam3.0.dylib\n\ninstall_name_tool -change `otool -L $FLAM3_BUILD_PATH/bin/flam3-animate | awk '/libpng/ {print $1}'`  @executable_path/libpng.dylib $FLAM3_BUILD_PATH/bin/flam3-animate\ninstall_name_tool -change `otool -L $FLAM3_BUILD_PATH/bin/flam3-animate | awk '/libjpeg/ {print $1}'`  @executable_path/libjpeg.62.dylib $FLAM3_BUILD_PATH/bin/flam3-animate\ninstall_name_tool -change `otool -L $FLAM3_BUILD_PATH/bin/flam3-animate | awk '/libflam3.0.dylib/ {print $1}'`  @executable_path/libflam3.0.dylib  $FLAM3_BUILD_PATH/bin/flam3-animate\n\ninstall_name_tool -change `otool -L $FLAM3_BUILD_PATH/bin/flam3-genome | awk '/libpng/ {print $1}'`  @executable_path/libpng.dylib $FLAM3_BUILD_PATH/bin/flam3-genome\ninstall_name_tool -change `otool -L $FLAM3_BUILD_PATH/bin/flam3-genome | awk '/libjpeg/ {print $1}'`  @executable_path/libjpeg.62.dylib $FLAM3_BUILD_PATH/bin/flam3-genome\ninstall_name_tool -change `otool -L $FLAM3_BUILD_PATH/bin/flam3-genome | awk '/libflam3.0.dylib/ {print $1}'`  @executable_path/libflam3.0.dylib  $FLAM3_BUILD_PATH/bin/flam3-genome\n";
		};
/* End PBXShellScriptBuildPhase section */

/* Begin PBXSourcesBuildPhase section */
		8D11072C0486CEB800E47090 /* Sources */ = {
			isa = PBXSourcesBuildPhase;
			buildActionMask = 2147483647;
			files = (
				8D11072D0486CEB800E47090 /* main.m in Sources */,
				A4D604AB09658A6C0001CD1D /* PaletteController.m in Sources */,
				A4DA85880966DB7D00FFCF4D /* FractalFlameModel.m in Sources */,
				A4DA858E0966DD2A00FFCF4D /* EnvironmentController.m in Sources */,
				A4DA871D096712CA00FFCF4D /* FlameController.m in Sources */,
				A4D3633E09AB9CE20078025F /* genome.xcdatamodel in Sources */,
				A4233E9409EFF3010047DC34 /* QuickTimeController.m in Sources */,
				A4A3027D0A28995D002828D9 /* BreedingController.m in Sources */,
				A4FDAB2A0A4EBA9400910299 /* DnDArrayController.m in Sources */,
				A4A3810E0A4F236700E7364C /* DnDImageView.m in Sources */,
				A4FADCE80A55A131004FC917 /* GreaterThanThreeTransformer.m in Sources */,
				A4F49C1B0AAB05C800FA4BE8 /* OxidizerDelegate.m in Sources */,
				A40CB5210AB8864300613AD6 /* DragDropAndSaveImageView.m in Sources */,
				A41E6CC00B0F429900713916 /* DnDButton.m in Sources */,
				A422B9A50B16308200019559 /* GenePoolNibController.m in Sources */,
				A422B9A80B16316E00019559 /* GenePoolController.m in Sources */,
				A422B9AB0B1631A000019559 /* GenePoolModel.m in Sources */,
				A409CB850C42B58700452FD7 /* Flam3Task.m in Sources */,
				A404B3330D14355600FE81AC /* RectangleView.m in Sources */,
				A404B37F0D143FF600FE81AC /* RectangleController.m in Sources */,
				A40B00DB0D392E7A009F782F /* RectangleNibController.m in Sources */,
				A49E2A5B0D86F1D1008198BE /* GradientView.m in Sources */,
				A4BE79470DA6DD3700160702 /* GradientController.m in Sources */,
				A4BE79480DA6DD3700160702 /* GradientNibController.m in Sources */,
				A4C6CDE60DC3708600E2EEFB /* ProgressIndicatorWithCancel.m in Sources */,
				A40EF52B0DD71DEA003329A6 /* Genome.m in Sources */,
				A40EF52C0DD71DEA003329A6 /* GenomeManagedObject.m in Sources */,
				A40EF52F0DD71E0A003329A6 /* GenomeXMLParser.m in Sources */,
			);
			runOnlyForDeploymentPostprocessing = 0;
		};
/* End PBXSourcesBuildPhase section */

/* Begin PBXVariantGroup section */
		089C165CFE840E0CC02AAC07 /* InfoPlist.strings */ = {
			isa = PBXVariantGroup;
			children = (
				089C165DFE840E0CC02AAC07 /* English */,
			);
			name = InfoPlist.strings;
			sourceTree = "<group>";
		};
		29B97318FDCFA39411CA2CEA /* MainMenu.nib */ = {
			isa = PBXVariantGroup;
			children = (
				29B97319FDCFA39411CA2CEA /* English */,
			);
			name = MainMenu.nib;
			sourceTree = "<group>";
		};
/* End PBXVariantGroup section */

/* Begin XCBuildConfiguration section */
		C01FCF4B08A954540054247B /* Debug */ = {
			isa = XCBuildConfiguration;
			buildSettings = {
				ARCHS = (
					ppc,
					i386,
				);
				COPY_PHASE_STRIP = NO;
				FRAMEWORK_SEARCH_PATHS = "$(inherited)";
				FRAMEWORK_SEARCH_PATHS_QUOTED_1 = "";
				GCC_DYNAMIC_NO_PIC = NO;
				GCC_ENABLE_FIX_AND_CONTINUE = YES;
				GCC_MODEL_TUNING = G5;
				GCC_OPTIMIZATION_LEVEL = 0;
				HEADER_SEARCH_PATHS = /usr/include/libxml2;
				INFOPLIST_FILE = Info.plist;
				INSTALL_PATH = "$(HOME)/Applications";
				LIBRARY_SEARCH_PATHS = (
					"$(LIBRARY_SEARCH_PATHS)",
					"$(LIBRARY_SEARCH_PATHS_QUOTED_FOR_TARGET_1)",
					"$(LIBRARY_SEARCH_PATHS_QUOTED_FOR_TARGET_2)",
				);
				LIBRARY_SEARCH_PATHS_QUOTED_FOR_TARGET_1 = "\"$(SRCROOT)/../Releases/oxidizer/build_folder_for_flam3/lib\"";
				LIBRARY_SEARCH_PATHS_QUOTED_FOR_TARGET_2 = "\"$(SRCROOT)/build_folder_for_flam3/lib\"";
				PRODUCT_NAME = Oxidizer;
				WRAPPER_EXTENSION = app;
				ZERO_LINK = YES;
			};
			name = Debug;
		};
		C01FCF4C08A954540054247B /* Release */ = {
			isa = XCBuildConfiguration;
			buildSettings = {
				ARCHS = (
					ppc,
					i386,
				);
				FRAMEWORK_SEARCH_PATHS = "$(inherited)";
				FRAMEWORK_SEARCH_PATHS_QUOTED_1 = "";
				GCC_GENERATE_DEBUGGING_SYMBOLS = NO;
				GCC_MODEL_TUNING = G5;
				HEADER_SEARCH_PATHS = /usr/include/libxml2;
				INFOPLIST_FILE = Info.plist;
				INSTALL_PATH = "$(HOME)/Applications";
				LIBRARY_SEARCH_PATHS = (
					"$(LIBRARY_SEARCH_PATHS)",
					"$(LIBRARY_SEARCH_PATHS_QUOTED_1)",
					"$(LIBRARY_SEARCH_PATHS_QUOTED_2)",
				);
				LIBRARY_SEARCH_PATHS_QUOTED_1 = "\"$(SRCROOT)/../Releases/oxidizer/build_folder_for_flam3/lib\"";
				LIBRARY_SEARCH_PATHS_QUOTED_2 = "\"$(SRCROOT)/build_folder_for_flam3/lib\"";
				PRODUCT_NAME = Oxidizer;
				WRAPPER_EXTENSION = app;
			};
			name = Release;
		};
		C01FCF4F08A954540054247B /* Debug */ = {
			isa = XCBuildConfiguration;
			buildSettings = {
				ARCHS = (
					ppc,
					i386,
				);
				FRAMEWORK_SEARCH_PATHS = LuaObjCBridge/build/Release;
				GCC_DYNAMIC_NO_PIC = NO;
				GCC_ENABLE_SSE3_EXTENSIONS = YES;
				GCC_OPTIMIZATION_LEVEL = 3;
				GCC_WARN_ABOUT_RETURN_TYPE = YES;
				GCC_WARN_UNUSED_VARIABLE = YES;
				HEADER_SEARCH_PATHS = "";
				LIBRARY_SEARCH_PATHS = "";
				MACOSX_DEPLOYMENT_TARGET = 10.4;
				PREBINDING = NO;
				PRODUCT_NAME = Oxidizer;
				SDKROOT = /Developer/SDKs/MacOSX10.5.sdk;
			};
			name = Debug;
		};
		C01FCF5008A954540054247B /* Release */ = {
			isa = XCBuildConfiguration;
			buildSettings = {
				ARCHS = (
					ppc,
					i686,
				);
				FRAMEWORK_SEARCH_PATHS = LuaObjCBridge/build/Release;
				GCC_AUTO_VECTORIZATION = YES;
				GCC_DEBUGGING_SYMBOLS = default;
				GCC_DYNAMIC_NO_PIC = YES;
				GCC_ENABLE_SSE3_EXTENSIONS = YES;
				GCC_FAST_MATH = YES;
				GCC_FAST_OBJC_DISPATCH = YES;
				GCC_GENERATE_DEBUGGING_SYMBOLS = YES;
				GCC_OPTIMIZATION_LEVEL = 3;
				GCC_UNROLL_LOOPS = YES;
				GCC_WARN_ABOUT_RETURN_TYPE = YES;
				GCC_WARN_UNUSED_VARIABLE = YES;
				HEADER_SEARCH_PATHS = "";
				LIBRARY_SEARCH_PATHS = "";
				MACOSX_DEPLOYMENT_TARGET = 10.4;
				OTHER_CFLAGS = "";
				PREBINDING = NO;
				PRODUCT_NAME = Oxidizer;
				SDKROOT = /Developer/SDKs/MacOSX10.5.sdk;
			};
			name = Release;
		};
/* End XCBuildConfiguration section */

/* Begin XCConfigurationList section */
		C01FCF4A08A954540054247B /* Build configuration list for PBXNativeTarget "Oxidizer" */ = {
			isa = XCConfigurationList;
			buildConfigurations = (
				C01FCF4B08A954540054247B /* Debug */,
				C01FCF4C08A954540054247B /* Release */,
			);
			defaultConfigurationIsVisible = 0;
			defaultConfigurationName = Debug;
		};
		C01FCF4E08A954540054247B /* Build configuration list for PBXProject "oxidizer" */ = {
			isa = XCConfigurationList;
			buildConfigurations = (
				C01FCF4F08A954540054247B /* Debug */,
				C01FCF5008A954540054247B /* Release */,
			);
			defaultConfigurationIsVisible = 0;
			defaultConfigurationName = Debug;
		};
/* End XCConfigurationList section */
	};
	rootObject = 29B97313FDCFA39411CA2CEA /* Project object */;
}
