// !$*UTF8*$!
{
	archiveVersion = 1;
	classes = {
	};
	objectVersion = 42;
	objects = {

/* Begin PBXBuildFile section */
		8D11072A0486CEB800E47090 /* MainMenu.nib in Resources */ = {isa = PBXBuildFile; fileRef = 29B97318FDCFA39411CA2CEA /* MainMenu.nib */; };
		8D11072B0486CEB800E47090 /* InfoPlist.strings in Resources */ = {isa = PBXBuildFile; fileRef = 089C165CFE840E0CC02AAC07 /* InfoPlist.strings */; };
		8D11072D0486CEB800E47090 /* main.m in Sources */ = {isa = PBXBuildFile; fileRef = 29B97316FDCFA39411CA2CEA /* main.m */; settings = {ATTRIBUTES = (); }; };
		8D11072F0486CEB800E47090 /* Cocoa.framework in Frameworks */ = {isa = PBXBuildFile; fileRef = 1058C7A1FEA54F0111CA2CBB /* Cocoa.framework */; };
		A40965710A30B5760076ACA3 /* flam3_tools.m in Sources */ = {isa = PBXBuildFile; fileRef = A40965700A30B5760076ACA3 /* flam3_tools.m */; };
		A41A053409758FA10063196F /* QuickTime.framework in Frameworks */ = {isa = PBXBuildFile; fileRef = A41A053309758FA10063196F /* QuickTime.framework */; };
		A41A06CB0975BE5E0063196F /* QTKit.framework in Frameworks */ = {isa = PBXBuildFile; fileRef = A41A06CA0975BE5E0063196F /* QTKit.framework */; };
		A4233E9409EFF3010047DC34 /* QuickTimeController.m in Sources */ = {isa = PBXBuildFile; fileRef = A4233E9309EFF3010047DC34 /* QuickTimeController.m */; };
		A42D470709996C5A00A7296E /* flam3-palettes.c in Sources */ = {isa = PBXBuildFile; fileRef = A42D470409996C5A00A7296E /* flam3-palettes.c */; };
		A42D470809996C5A00A7296E /* flam3.c in Sources */ = {isa = PBXBuildFile; fileRef = A42D470509996C5A00A7296E /* flam3.c */; };
		A4421BE509CF3CE900E9D39F /* oxidizer.icns in Resources */ = {isa = PBXBuildFile; fileRef = A4421BE409CF3CE900E9D39F /* oxidizer.icns */; };
		A4A3027D0A28995D002828D9 /* BreedingController.m in Sources */ = {isa = PBXBuildFile; fileRef = A4A3027C0A28995D002828D9 /* BreedingController.m */; };
		A4A3810E0A4F236700E7364C /* DnDImageView.m in Sources */ = {isa = PBXBuildFile; fileRef = A4A3810D0A4F236700E7364C /* DnDImageView.m */; };
		A4C47C6D0997BDE100BCE5E8 /* libxml2.dylib in Frameworks */ = {isa = PBXBuildFile; fileRef = A4C47C6C0997BDE100BCE5E8 /* libxml2.dylib */; };
		A4D3633E09AB9CE20078025F /* genome.xcdatamodel in Sources */ = {isa = PBXBuildFile; fileRef = A4D3633D09AB9CE20078025F /* genome.xcdatamodel */; };
		A4D604AB09658A6C0001CD1D /* PaletteController.m in Sources */ = {isa = PBXBuildFile; fileRef = A4D604AA09658A6C0001CD1D /* PaletteController.m */; };
		A4D6FA2D09B1E25200096036 /* GenomeManagedObject.m in Sources */ = {isa = PBXBuildFile; fileRef = A4D6FA2C09B1E25200096036 /* GenomeManagedObject.m */; };
		A4DA85880966DB7D00FFCF4D /* FractalFlameModel.m in Sources */ = {isa = PBXBuildFile; fileRef = A4DA85870966DB7D00FFCF4D /* FractalFlameModel.m */; };
		A4DA858E0966DD2A00FFCF4D /* EnvironmentController.m in Sources */ = {isa = PBXBuildFile; fileRef = A4DA858D0966DD2A00FFCF4D /* EnvironmentController.m */; };
		A4DA871D096712CA00FFCF4D /* FlameController.m in Sources */ = {isa = PBXBuildFile; fileRef = A4DA871C096712CA00FFCF4D /* FlameController.m */; };
		A4DAB5A80A02A9F7003BA626 /* ThreadParameters.m in Sources */ = {isa = PBXBuildFile; fileRef = A4DAB5A70A02A9F7003BA626 /* ThreadParameters.m */; };
		A4E52E160A014F9500382558 /* flam3-palettes.xml in Resources */ = {isa = PBXBuildFile; fileRef = A4E52D560A0141A400382558 /* flam3-palettes.xml */; };
		A4F333A2096C813B00230854 /* Genome.m in Sources */ = {isa = PBXBuildFile; fileRef = A4F333A1096C813B00230854 /* Genome.m */; };
		A4FADCE80A55A131004FC917 /* GreaterThanThreeTransformer.m in Sources */ = {isa = PBXBuildFile; fileRef = A4FADCE70A55A131004FC917 /* GreaterThanThreeTransformer.m */; };
		A4FDAB2A0A4EBA9400910299 /* DnDArrayController.m in Sources */ = {isa = PBXBuildFile; fileRef = A4FDAB290A4EBA9400910299 /* DnDArrayController.m */; };
/* End PBXBuildFile section */

/* Begin PBXFileReference section */
		089C165DFE840E0CC02AAC07 /* English */ = {isa = PBXFileReference; fileEncoding = 10; lastKnownFileType = text.plist.strings; name = English; path = English.lproj/InfoPlist.strings; sourceTree = "<group>"; };
		1058C7A1FEA54F0111CA2CBB /* Cocoa.framework */ = {isa = PBXFileReference; lastKnownFileType = wrapper.framework; name = Cocoa.framework; path = /System/Library/Frameworks/Cocoa.framework; sourceTree = "<absolute>"; };
		13E42FB307B3F0F600E4EEF1 /* CoreData.framework */ = {isa = PBXFileReference; lastKnownFileType = wrapper.framework; name = CoreData.framework; path = /System/Library/Frameworks/CoreData.framework; sourceTree = "<absolute>"; };
		29B97316FDCFA39411CA2CEA /* main.m */ = {isa = PBXFileReference; fileEncoding = 4; lastKnownFileType = sourcecode.c.objc; path = main.m; sourceTree = "<group>"; };
		29B97319FDCFA39411CA2CEA /* English */ = {isa = PBXFileReference; lastKnownFileType = wrapper.nib; name = English; path = English.lproj/MainMenu.nib; sourceTree = "<group>"; };
		29B97324FDCFA39411CA2CEA /* AppKit.framework */ = {isa = PBXFileReference; lastKnownFileType = wrapper.framework; name = AppKit.framework; path = /System/Library/Frameworks/AppKit.framework; sourceTree = "<absolute>"; };
		29B97325FDCFA39411CA2CEA /* Foundation.framework */ = {isa = PBXFileReference; lastKnownFileType = wrapper.framework; name = Foundation.framework; path = /System/Library/Frameworks/Foundation.framework; sourceTree = "<absolute>"; };
		32CA4F630368D1EE00C91783 /* oxidizer_Prefix.pch */ = {isa = PBXFileReference; fileEncoding = 4; lastKnownFileType = sourcecode.c.h; path = oxidizer_Prefix.pch; sourceTree = "<group>"; };
		8D1107310486CEB800E47090 /* Info.plist */ = {isa = PBXFileReference; fileEncoding = 4; lastKnownFileType = text.plist; path = Info.plist; sourceTree = "<group>"; };
		8D1107320486CEB800E47090 /* Oxidizer.app */ = {isa = PBXFileReference; includeInIndex = 0; lastKnownFileType = wrapper.application; path = Oxidizer.app; sourceTree = BUILT_PRODUCTS_DIR; };
		A409656F0A30B5760076ACA3 /* flam3_tools.h */ = {isa = PBXFileReference; fileEncoding = 4; lastKnownFileType = sourcecode.c.h; path = flam3_tools.h; sourceTree = "<group>"; };
		A40965700A30B5760076ACA3 /* flam3_tools.m */ = {isa = PBXFileReference; fileEncoding = 4; lastKnownFileType = sourcecode.c.objc; path = flam3_tools.m; sourceTree = "<group>"; };
		A41A053309758FA10063196F /* QuickTime.framework */ = {isa = PBXFileReference; lastKnownFileType = wrapper.framework; name = QuickTime.framework; path = /System/Library/Frameworks/QuickTime.framework; sourceTree = "<absolute>"; };
		A41A06CA0975BE5E0063196F /* QTKit.framework */ = {isa = PBXFileReference; lastKnownFileType = wrapper.framework; name = QTKit.framework; path = /System/Library/Frameworks/QTKit.framework; sourceTree = "<absolute>"; };
		A4233E9209EFF3000047DC34 /* QuickTimeController.h */ = {isa = PBXFileReference; fileEncoding = 4; lastKnownFileType = sourcecode.c.h; path = QuickTimeController.h; sourceTree = "<group>"; };
		A4233E9309EFF3010047DC34 /* QuickTimeController.m */ = {isa = PBXFileReference; fileEncoding = 4; lastKnownFileType = sourcecode.c.objc; path = QuickTimeController.m; sourceTree = "<group>"; };
		A42D470409996C5A00A7296E /* flam3-palettes.c */ = {isa = PBXFileReference; fileEncoding = 30; lastKnownFileType = sourcecode.c.c; path = "flam3-palettes.c"; sourceTree = "<group>"; };
		A42D470509996C5A00A7296E /* flam3.c */ = {isa = PBXFileReference; fileEncoding = 30; lastKnownFileType = sourcecode.c.c; path = flam3.c; sourceTree = "<group>"; };
		A42D470609996C5A00A7296E /* flam3.h */ = {isa = PBXFileReference; fileEncoding = 30; lastKnownFileType = sourcecode.c.h; path = flam3.h; sourceTree = "<group>"; };
		A4421BE409CF3CE900E9D39F /* oxidizer.icns */ = {isa = PBXFileReference; lastKnownFileType = image.icns; path = oxidizer.icns; sourceTree = "<group>"; };
		A4A3027B0A28995D002828D9 /* BreedingController.h */ = {isa = PBXFileReference; fileEncoding = 30; lastKnownFileType = sourcecode.c.h; path = BreedingController.h; sourceTree = "<group>"; };
		A4A3027C0A28995D002828D9 /* BreedingController.m */ = {isa = PBXFileReference; fileEncoding = 30; lastKnownFileType = sourcecode.c.objc; path = BreedingController.m; sourceTree = "<group>"; };
		A4A3810C0A4F236700E7364C /* DnDImageView.h */ = {isa = PBXFileReference; fileEncoding = 30; lastKnownFileType = sourcecode.c.h; path = DnDImageView.h; sourceTree = "<group>"; };
		A4A3810D0A4F236700E7364C /* DnDImageView.m */ = {isa = PBXFileReference; fileEncoding = 30; lastKnownFileType = sourcecode.c.objc; path = DnDImageView.m; sourceTree = "<group>"; };
		A4C47C6C0997BDE100BCE5E8 /* libxml2.dylib */ = {isa = PBXFileReference; lastKnownFileType = "compiled.mach-o.dylib"; name = libxml2.dylib; path = /usr/lib/libxml2.dylib; sourceTree = "<absolute>"; };
		A4D3633D09AB9CE20078025F /* genome.xcdatamodel */ = {isa = PBXFileReference; fileEncoding = 4; lastKnownFileType = wrapper.xcdatamodel; path = genome.xcdatamodel; sourceTree = "<group>"; };
		A4D604A909658A6C0001CD1D /* PaletteController.h */ = {isa = PBXFileReference; fileEncoding = 30; lastKnownFileType = sourcecode.c.h; path = PaletteController.h; sourceTree = "<group>"; };
		A4D604AA09658A6C0001CD1D /* PaletteController.m */ = {isa = PBXFileReference; fileEncoding = 30; lastKnownFileType = sourcecode.c.objc; path = PaletteController.m; sourceTree = "<group>"; };
		A4D6FA2B09B1E25200096036 /* GenomeManagedObject.h */ = {isa = PBXFileReference; fileEncoding = 4; lastKnownFileType = sourcecode.c.h; path = GenomeManagedObject.h; sourceTree = "<group>"; };
		A4D6FA2C09B1E25200096036 /* GenomeManagedObject.m */ = {isa = PBXFileReference; fileEncoding = 4; lastKnownFileType = sourcecode.c.objc; path = GenomeManagedObject.m; sourceTree = "<group>"; };
		A4DA85860966DB7D00FFCF4D /* FractalFlameModel.h */ = {isa = PBXFileReference; fileEncoding = 30; lastKnownFileType = sourcecode.c.h; path = FractalFlameModel.h; sourceTree = "<group>"; };
		A4DA85870966DB7D00FFCF4D /* FractalFlameModel.m */ = {isa = PBXFileReference; fileEncoding = 30; lastKnownFileType = sourcecode.c.objc; path = FractalFlameModel.m; sourceTree = "<group>"; };
		A4DA858C0966DD2A00FFCF4D /* EnvironmentController.h */ = {isa = PBXFileReference; fileEncoding = 30; lastKnownFileType = sourcecode.c.h; path = EnvironmentController.h; sourceTree = "<group>"; };
		A4DA858D0966DD2A00FFCF4D /* EnvironmentController.m */ = {isa = PBXFileReference; fileEncoding = 30; lastKnownFileType = sourcecode.c.objc; path = EnvironmentController.m; sourceTree = "<group>"; };
		A4DA871B096712CA00FFCF4D /* FlameController.h */ = {isa = PBXFileReference; fileEncoding = 30; lastKnownFileType = sourcecode.c.h; path = FlameController.h; sourceTree = "<group>"; };
		A4DA871C096712CA00FFCF4D /* FlameController.m */ = {isa = PBXFileReference; fileEncoding = 30; lastKnownFileType = sourcecode.c.objc; path = FlameController.m; sourceTree = "<group>"; };
		A4DAB5A60A02A9F7003BA626 /* ThreadParameters.h */ = {isa = PBXFileReference; fileEncoding = 30; lastKnownFileType = sourcecode.c.h; path = ThreadParameters.h; sourceTree = "<group>"; };
		A4DAB5A70A02A9F7003BA626 /* ThreadParameters.m */ = {isa = PBXFileReference; fileEncoding = 30; lastKnownFileType = sourcecode.c.objc; path = ThreadParameters.m; sourceTree = "<group>"; };
		A4E52D560A0141A400382558 /* flam3-palettes.xml */ = {isa = PBXFileReference; fileEncoding = 30; lastKnownFileType = text.xml; name = "flam3-palettes.xml"; path = "../../flam3-palettes.xml"; sourceTree = BUILT_PRODUCTS_DIR; };
		A4F333A0096C813B00230854 /* Genome.h */ = {isa = PBXFileReference; fileEncoding = 30; lastKnownFileType = sourcecode.c.h; path = Genome.h; sourceTree = "<group>"; };
		A4F333A1096C813B00230854 /* Genome.m */ = {isa = PBXFileReference; fileEncoding = 30; lastKnownFileType = sourcecode.c.objc; path = Genome.m; sourceTree = "<group>"; };
		A4FADCE60A55A131004FC917 /* GreaterThanThreeTransformer.h */ = {isa = PBXFileReference; fileEncoding = 4; lastKnownFileType = sourcecode.c.h; path = GreaterThanThreeTransformer.h; sourceTree = "<group>"; };
		A4FADCE70A55A131004FC917 /* GreaterThanThreeTransformer.m */ = {isa = PBXFileReference; fileEncoding = 4; lastKnownFileType = sourcecode.c.objc; path = GreaterThanThreeTransformer.m; sourceTree = "<group>"; };
		A4FDAB280A4EBA9400910299 /* DnDArrayController.h */ = {isa = PBXFileReference; fileEncoding = 30; lastKnownFileType = sourcecode.c.h; path = DnDArrayController.h; sourceTree = "<group>"; };
		A4FDAB290A4EBA9400910299 /* DnDArrayController.m */ = {isa = PBXFileReference; fileEncoding = 30; lastKnownFileType = sourcecode.c.objc; path = DnDArrayController.m; sourceTree = "<group>"; };
/* End PBXFileReference section */

/* Begin PBXFrameworksBuildPhase section */
		8D11072E0486CEB800E47090 /* Frameworks */ = {
			isa = PBXFrameworksBuildPhase;
			buildActionMask = 2147483647;
			files = (
				8D11072F0486CEB800E47090 /* Cocoa.framework in Frameworks */,
				A41A053409758FA10063196F /* QuickTime.framework in Frameworks */,
				A41A06CB0975BE5E0063196F /* QTKit.framework in Frameworks */,
				A4C47C6D0997BDE100BCE5E8 /* libxml2.dylib in Frameworks */,
			);
			runOnlyForDeploymentPostprocessing = 0;
		};
/* End PBXFrameworksBuildPhase section */

/* Begin PBXGroup section */
		080E96DDFE201D6D7F000001 /* Classes */ = {
			isa = PBXGroup;
			children = (
				A4A3810C0A4F236700E7364C /* DnDImageView.h */,
				A4A3810D0A4F236700E7364C /* DnDImageView.m */,
				A4DAB5A60A02A9F7003BA626 /* ThreadParameters.h */,
				A4DAB5A70A02A9F7003BA626 /* ThreadParameters.m */,
				A4D604A909658A6C0001CD1D /* PaletteController.h */,
				A4D604AA09658A6C0001CD1D /* PaletteController.m */,
				A4DA85860966DB7D00FFCF4D /* FractalFlameModel.h */,
				A4DA85870966DB7D00FFCF4D /* FractalFlameModel.m */,
				A409656F0A30B5760076ACA3 /* flam3_tools.h */,
				A40965700A30B5760076ACA3 /* flam3_tools.m */,
				A4DA858C0966DD2A00FFCF4D /* EnvironmentController.h */,
				A4DA858D0966DD2A00FFCF4D /* EnvironmentController.m */,
				A4DA871B096712CA00FFCF4D /* FlameController.h */,
				A4DA871C096712CA00FFCF4D /* FlameController.m */,
				A4F333A0096C813B00230854 /* Genome.h */,
				A4F333A1096C813B00230854 /* Genome.m */,
				A4D6FA2B09B1E25200096036 /* GenomeManagedObject.h */,
				A4D6FA2C09B1E25200096036 /* GenomeManagedObject.m */,
				A4233E9209EFF3000047DC34 /* QuickTimeController.h */,
				A4233E9309EFF3010047DC34 /* QuickTimeController.m */,
				A4A3027B0A28995D002828D9 /* BreedingController.h */,
				A4A3027C0A28995D002828D9 /* BreedingController.m */,
				A4FDAB280A4EBA9400910299 /* DnDArrayController.h */,
				A4FDAB290A4EBA9400910299 /* DnDArrayController.m */,
				A4FADCE60A55A131004FC917 /* GreaterThanThreeTransformer.h */,
				A4FADCE70A55A131004FC917 /* GreaterThanThreeTransformer.m */,
			);
			name = Classes;
			sourceTree = "<group>";
		};
		1058C7A0FEA54F0111CA2CBB /* Linked Frameworks */ = {
			isa = PBXGroup;
			children = (
				A41A06CA0975BE5E0063196F /* QTKit.framework */,
				A41A053309758FA10063196F /* QuickTime.framework */,
				1058C7A1FEA54F0111CA2CBB /* Cocoa.framework */,
			);
			name = "Linked Frameworks";
			sourceTree = "<group>";
		};
		1058C7A2FEA54F0111CA2CBB /* Other Frameworks */ = {
			isa = PBXGroup;
			children = (
				29B97324FDCFA39411CA2CEA /* AppKit.framework */,
				13E42FB307B3F0F600E4EEF1 /* CoreData.framework */,
				29B97325FDCFA39411CA2CEA /* Foundation.framework */,
			);
			name = "Other Frameworks";
			sourceTree = "<group>";
		};
		19C28FACFE9D520D11CA2CBB /* Products */ = {
			isa = PBXGroup;
			children = (
				8D1107320486CEB800E47090 /* Oxidizer.app */,
			);
			name = Products;
			sourceTree = "<group>";
		};
		29B97314FDCFA39411CA2CEA /* oxidizer */ = {
			isa = PBXGroup;
			children = (
				A4C47C6C0997BDE100BCE5E8 /* libxml2.dylib */,
				A4E641F5096DA554002DE446 /* Models */,
				080E96DDFE201D6D7F000001 /* Classes */,
				29B97315FDCFA39411CA2CEA /* Other Sources */,
				29B97317FDCFA39411CA2CEA /* Resources */,
				29B97323FDCFA39411CA2CEA /* Frameworks */,
				19C28FACFE9D520D11CA2CBB /* Products */,
			);
			name = oxidizer;
			sourceTree = "<group>";
		};
		29B97315FDCFA39411CA2CEA /* Other Sources */ = {
			isa = PBXGroup;
			children = (
				A42D470409996C5A00A7296E /* flam3-palettes.c */,
				A42D470509996C5A00A7296E /* flam3.c */,
				A42D470609996C5A00A7296E /* flam3.h */,
				32CA4F630368D1EE00C91783 /* oxidizer_Prefix.pch */,
				29B97316FDCFA39411CA2CEA /* main.m */,
			);
			name = "Other Sources";
			sourceTree = "<group>";
		};
		29B97317FDCFA39411CA2CEA /* Resources */ = {
			isa = PBXGroup;
			children = (
				A4E52D560A0141A400382558 /* flam3-palettes.xml */,
				A4421BE409CF3CE900E9D39F /* oxidizer.icns */,
				8D1107310486CEB800E47090 /* Info.plist */,
				089C165CFE840E0CC02AAC07 /* InfoPlist.strings */,
				29B97318FDCFA39411CA2CEA /* MainMenu.nib */,
			);
			name = Resources;
			sourceTree = "<group>";
		};
		29B97323FDCFA39411CA2CEA /* Frameworks */ = {
			isa = PBXGroup;
			children = (
				1058C7A0FEA54F0111CA2CBB /* Linked Frameworks */,
				1058C7A2FEA54F0111CA2CBB /* Other Frameworks */,
			);
			name = Frameworks;
			sourceTree = "<group>";
		};
		A4E641F5096DA554002DE446 /* Models */ = {
			isa = PBXGroup;
			children = (
				A4D3633D09AB9CE20078025F /* genome.xcdatamodel */,
			);
			name = Models;
			sourceTree = "<group>";
		};
/* End PBXGroup section */

/* Begin PBXNativeTarget section */
		8D1107260486CEB800E47090 /* Oxidizer */ = {
			isa = PBXNativeTarget;
			buildConfigurationList = C01FCF4A08A954540054247B /* Build configuration list for PBXNativeTarget "Oxidizer" */;
			buildPhases = (
				8D1107290486CEB800E47090 /* Resources */,
				8D11072C0486CEB800E47090 /* Sources */,
				8D11072E0486CEB800E47090 /* Frameworks */,
			);
			buildRules = (
			);
			dependencies = (
			);
			name = Oxidizer;
			productInstallPath = "$(HOME)/Applications";
			productName = oxidizer;
			productReference = 8D1107320486CEB800E47090 /* Oxidizer.app */;
			productType = "com.apple.product-type.application";
		};
/* End PBXNativeTarget section */

/* Begin PBXProject section */
		29B97313FDCFA39411CA2CEA /* Project object */ = {
			isa = PBXProject;
			buildConfigurationList = C01FCF4E08A954540054247B /* Build configuration list for PBXProject "oxidizer" */;
			hasScannedForEncodings = 1;
			mainGroup = 29B97314FDCFA39411CA2CEA /* oxidizer */;
			projectDirPath = "";
			targets = (
				8D1107260486CEB800E47090 /* Oxidizer */,
			);
		};
/* End PBXProject section */

/* Begin PBXResourcesBuildPhase section */
		8D1107290486CEB800E47090 /* Resources */ = {
			isa = PBXResourcesBuildPhase;
			buildActionMask = 2147483647;
			files = (
				A4E52E160A014F9500382558 /* flam3-palettes.xml in Resources */,
				8D11072A0486CEB800E47090 /* MainMenu.nib in Resources */,
				8D11072B0486CEB800E47090 /* InfoPlist.strings in Resources */,
				A4421BE509CF3CE900E9D39F /* oxidizer.icns in Resources */,
			);
			runOnlyForDeploymentPostprocessing = 0;
		};
/* End PBXResourcesBuildPhase section */

/* Begin PBXSourcesBuildPhase section */
		8D11072C0486CEB800E47090 /* Sources */ = {
			isa = PBXSourcesBuildPhase;
			buildActionMask = 2147483647;
			files = (
				8D11072D0486CEB800E47090 /* main.m in Sources */,
				A4D604AB09658A6C0001CD1D /* PaletteController.m in Sources */,
				A4DA85880966DB7D00FFCF4D /* FractalFlameModel.m in Sources */,
				A4DA858E0966DD2A00FFCF4D /* EnvironmentController.m in Sources */,
				A4DA871D096712CA00FFCF4D /* FlameController.m in Sources */,
				A4F333A2096C813B00230854 /* Genome.m in Sources */,
				A42D470709996C5A00A7296E /* flam3-palettes.c in Sources */,
				A42D470809996C5A00A7296E /* flam3.c in Sources */,
				A4D3633E09AB9CE20078025F /* genome.xcdatamodel in Sources */,
				A4D6FA2D09B1E25200096036 /* GenomeManagedObject.m in Sources */,
				A4233E9409EFF3010047DC34 /* QuickTimeController.m in Sources */,
				A4DAB5A80A02A9F7003BA626 /* ThreadParameters.m in Sources */,
				A4A3027D0A28995D002828D9 /* BreedingController.m in Sources */,
				A40965710A30B5760076ACA3 /* flam3_tools.m in Sources */,
				A4FDAB2A0A4EBA9400910299 /* DnDArrayController.m in Sources */,
				A4A3810E0A4F236700E7364C /* DnDImageView.m in Sources */,
				A4FADCE80A55A131004FC917 /* GreaterThanThreeTransformer.m in Sources */,
			);
			runOnlyForDeploymentPostprocessing = 0;
		};
/* End PBXSourcesBuildPhase section */

/* Begin PBXVariantGroup section */
		089C165CFE840E0CC02AAC07 /* InfoPlist.strings */ = {
			isa = PBXVariantGroup;
			children = (
				089C165DFE840E0CC02AAC07 /* English */,
			);
			name = InfoPlist.strings;
			sourceTree = "<group>";
		};
		29B97318FDCFA39411CA2CEA /* MainMenu.nib */ = {
			isa = PBXVariantGroup;
			children = (
				29B97319FDCFA39411CA2CEA /* English */,
			);
			name = MainMenu.nib;
			sourceTree = "<group>";
		};
/* End PBXVariantGroup section */

/* Begin XCBuildConfiguration section */
		C01FCF4B08A954540054247B /* Debug */ = {
			isa = XCBuildConfiguration;
			buildSettings = {
				ARCHS = (
					ppc,
					i386,
				);
				COPY_PHASE_STRIP = NO;
				FRAMEWORK_SEARCH_PATHS = "";
				GCC_DYNAMIC_NO_PIC = NO;
				GCC_ENABLE_FIX_AND_CONTINUE = YES;
				GCC_MODEL_TUNING = G5;
				GCC_OPTIMIZATION_LEVEL = 0;
				HEADER_SEARCH_PATHS = /usr/include/libxml2;
				INFOPLIST_FILE = Info.plist;
				INSTALL_PATH = "$(HOME)/Applications";
				LIBRARY_SEARCH_PATHS = "$(LIBRARY_SEARCH_PATHS)";
				PRODUCT_NAME = Oxidizer;
				WRAPPER_EXTENSION = app;
				ZERO_LINK = YES;
			};
			name = Debug;
		};
		C01FCF4C08A954540054247B /* Release */ = {
			isa = XCBuildConfiguration;
			buildSettings = {
				ARCHS = (
					ppc,
					i386,
				);
				FRAMEWORK_SEARCH_PATHS = "";
				GCC_GENERATE_DEBUGGING_SYMBOLS = NO;
				GCC_MODEL_TUNING = G5;
				HEADER_SEARCH_PATHS = /usr/include/libxml2;
				INFOPLIST_FILE = Info.plist;
				INSTALL_PATH = "$(HOME)/Applications";
				LIBRARY_SEARCH_PATHS = "$(LIBRARY_SEARCH_PATHS)";
				PRODUCT_NAME = Oxidizer;
				WRAPPER_EXTENSION = app;
			};
			name = Release;
		};
		C01FCF4F08A954540054247B /* Debug */ = {
			isa = XCBuildConfiguration;
			buildSettings = {
				ARCHS = (
					ppc,
					i386,
				);
				GCC_DYNAMIC_NO_PIC = NO;
				GCC_ENABLE_SSE3_EXTENSIONS = YES;
				GCC_OPTIMIZATION_LEVEL = 1;
				GCC_WARN_ABOUT_RETURN_TYPE = YES;
				GCC_WARN_UNUSED_VARIABLE = YES;
				HEADER_SEARCH_PATHS = "";
				LIBRARY_SEARCH_PATHS = "";
				MACOSX_DEPLOYMENT_TARGET = 10.4;
				PREBINDING = NO;
				PRODUCT_NAME = Oxidizer;
				SDKROOT = /Developer/SDKs/MacOSX10.4u.sdk;
			};
			name = Debug;
		};
		C01FCF5008A954540054247B /* Release */ = {
			isa = XCBuildConfiguration;
			buildSettings = {
				ARCHS = (
					ppc,
					i386,
				);
				GCC_AUTO_VECTORIZATION = YES;
				GCC_DEBUGGING_SYMBOLS = default;
				GCC_DYNAMIC_NO_PIC = YES;
				GCC_ENABLE_SSE3_EXTENSIONS = YES;
				GCC_FAST_MATH = YES;
				GCC_FAST_OBJC_DISPATCH = YES;
				GCC_GENERATE_DEBUGGING_SYMBOLS = YES;
				GCC_OPTIMIZATION_LEVEL = 3;
				GCC_UNROLL_LOOPS = YES;
				GCC_WARN_ABOUT_RETURN_TYPE = YES;
				GCC_WARN_UNUSED_VARIABLE = YES;
				HEADER_SEARCH_PATHS = "";
				LIBRARY_SEARCH_PATHS = "";
				MACOSX_DEPLOYMENT_TARGET = 10.4;
				PREBINDING = NO;
				PRODUCT_NAME = Oxidizer;
				SDKROOT = /Developer/SDKs/MacOSX10.4u.sdk;
			};
			name = Release;
		};
/* End XCBuildConfiguration section */

/* Begin XCConfigurationList section */
		C01FCF4A08A954540054247B /* Build configuration list for PBXNativeTarget "Oxidizer" */ = {
			isa = XCConfigurationList;
			buildConfigurations = (
				C01FCF4B08A954540054247B /* Debug */,
				C01FCF4C08A954540054247B /* Release */,
			);
			defaultConfigurationIsVisible = 0;
			defaultConfigurationName = Debug;
		};
		C01FCF4E08A954540054247B /* Build configuration list for PBXProject "oxidizer" */ = {
			isa = XCConfigurationList;
			buildConfigurations = (
				C01FCF4F08A954540054247B /* Debug */,
				C01FCF5008A954540054247B /* Release */,
			);
			defaultConfigurationIsVisible = 0;
			defaultConfigurationName = Debug;
		};
/* End XCConfigurationList section */
	};
	rootObject = 29B97313FDCFA39411CA2CEA /* Project object */;
}
