// !$*UTF8*$!
{
	archiveVersion = 1;
	classes = {
	};
	objectVersion = 42;
	objects = {

/* Begin PBXBuildFile section */
		8D11072A0486CEB800E47090 /* MainMenu.nib in Resources */ = {isa = PBXBuildFile; fileRef = 29B97318FDCFA39411CA2CEA /* MainMenu.nib */; };
		8D11072B0486CEB800E47090 /* InfoPlist.strings in Resources */ = {isa = PBXBuildFile; fileRef = 089C165CFE840E0CC02AAC07 /* InfoPlist.strings */; };
		8D11072D0486CEB800E47090 /* main.m in Sources */ = {isa = PBXBuildFile; fileRef = 29B97316FDCFA39411CA2CEA /* main.m */; settings = {ATTRIBUTES = (); }; };
		8D11072F0486CEB800E47090 /* Cocoa.framework in Frameworks */ = {isa = PBXBuildFile; fileRef = 1058C7A1FEA54F0111CA2CBB /* Cocoa.framework */; };
		A40238E20B5811800086458F /* lualib.h in Headers */ = {isa = PBXBuildFile; fileRef = A40238E10B5811800086458F /* lualib.h */; };
		A40CB5210AB8864300613AD6 /* DragDropAndSaveImageView.m in Sources */ = {isa = PBXBuildFile; fileRef = A40CB5200AB8864300613AD6 /* DragDropAndSaveImageView.m */; };
		A41A053409758FA10063196F /* QuickTime.framework in Frameworks */ = {isa = PBXBuildFile; fileRef = A41A053309758FA10063196F /* QuickTime.framework */; };
		A41A06CB0975BE5E0063196F /* QTKit.framework in Frameworks */ = {isa = PBXBuildFile; fileRef = A41A06CA0975BE5E0063196F /* QTKit.framework */; };
		A41E6CC00B0F429900713916 /* DnDButton.m in Sources */ = {isa = PBXBuildFile; fileRef = A41E6CBF0B0F429900713916 /* DnDButton.m */; };
		A422B9A10B162E7800019559 /* GenePool.nib in Resources */ = {isa = PBXBuildFile; fileRef = A422B9A00B162E7800019559 /* GenePool.nib */; };
		A422B9A50B16308200019559 /* GenePoolNibController.m in Sources */ = {isa = PBXBuildFile; fileRef = A422B9A30B16308200019559 /* GenePoolNibController.m */; };
		A422B9A80B16316E00019559 /* GenePoolController.m in Sources */ = {isa = PBXBuildFile; fileRef = A422B9A70B16316E00019559 /* GenePoolController.m */; };
		A422B9AB0B1631A000019559 /* GenePoolModel.m in Sources */ = {isa = PBXBuildFile; fileRef = A422B9AA0B1631A000019559 /* GenePoolModel.m */; };
		A4233E9409EFF3010047DC34 /* QuickTimeController.m in Sources */ = {isa = PBXBuildFile; fileRef = A4233E9309EFF3010047DC34 /* QuickTimeController.m */; };
		A44201EE0B21E551000B94D9 /* genepool.png in Resources */ = {isa = PBXBuildFile; fileRef = A44201ED0B21E551000B94D9 /* genepool.png */; };
		A4421BE509CF3CE900E9D39F /* oxidizer.icns in Resources */ = {isa = PBXBuildFile; fileRef = A4421BE409CF3CE900E9D39F /* oxidizer.icns */; };
		A46A71580A72B44E0026DFD6 /* ProgressDetails.m in Sources */ = {isa = PBXBuildFile; fileRef = A46A71570A72B44E0026DFD6 /* ProgressDetails.m */; };
		A4A3027D0A28995D002828D9 /* BreedingController.m in Sources */ = {isa = PBXBuildFile; fileRef = A4A3027C0A28995D002828D9 /* BreedingController.m */; };
		A4A3810E0A4F236700E7364C /* DnDImageView.m in Sources */ = {isa = PBXBuildFile; fileRef = A4A3810D0A4F236700E7364C /* DnDImageView.m */; };
		A4C47C6D0997BDE100BCE5E8 /* libxml2.dylib in Frameworks */ = {isa = PBXBuildFile; fileRef = A4C47C6C0997BDE100BCE5E8 /* libxml2.dylib */; };
		A4D3633E09AB9CE20078025F /* genome.xcdatamodel in Sources */ = {isa = PBXBuildFile; fileRef = A4D3633D09AB9CE20078025F /* genome.xcdatamodel */; };
		A4D604AB09658A6C0001CD1D /* PaletteController.m in Sources */ = {isa = PBXBuildFile; fileRef = A4D604AA09658A6C0001CD1D /* PaletteController.m */; };
		A4D6FA2D09B1E25200096036 /* GenomeManagedObject.m in Sources */ = {isa = PBXBuildFile; fileRef = A4D6FA2C09B1E25200096036 /* GenomeManagedObject.m */; };
		A4DA85880966DB7D00FFCF4D /* FractalFlameModel.m in Sources */ = {isa = PBXBuildFile; fileRef = A4DA85870966DB7D00FFCF4D /* FractalFlameModel.m */; };
		A4DA858E0966DD2A00FFCF4D /* EnvironmentController.m in Sources */ = {isa = PBXBuildFile; fileRef = A4DA858D0966DD2A00FFCF4D /* EnvironmentController.m */; };
		A4DA871D096712CA00FFCF4D /* FlameController.m in Sources */ = {isa = PBXBuildFile; fileRef = A4DA871C096712CA00FFCF4D /* FlameController.m */; };
		A4DAB5A80A02A9F7003BA626 /* ThreadParameters.m in Sources */ = {isa = PBXBuildFile; fileRef = A4DAB5A70A02A9F7003BA626 /* ThreadParameters.m */; };
		A4E52E160A014F9500382558 /* flam3-palettes.xml in Resources */ = {isa = PBXBuildFile; fileRef = A4E52D560A0141A400382558 /* flam3-palettes.xml */; };
		A4EC3FA10A755B3A008E0023 /* QuicktimeThreadParameters.m in Sources */ = {isa = PBXBuildFile; fileRef = A4EC3FA00A755B3A008E0023 /* QuicktimeThreadParameters.m */; };
		A4F333A2096C813B00230854 /* Genome.m in Sources */ = {isa = PBXBuildFile; fileRef = A4F333A1096C813B00230854 /* Genome.m */; };
		A4F3EF1E0AB5DE3100A282F2 /* image-x-generic.png in Resources */ = {isa = PBXBuildFile; fileRef = A4F3EF1D0AB5DE3100A282F2 /* image-x-generic.png */; };
		A4F3EF200AB5DE3B00A282F2 /* video-x-generic.png in Resources */ = {isa = PBXBuildFile; fileRef = A4F3EF1F0AB5DE3B00A282F2 /* video-x-generic.png */; };
		A4F49C1B0AAB05C800FA4BE8 /* OxidizerDelegate.m in Sources */ = {isa = PBXBuildFile; fileRef = A4F49C190AAB05C800FA4BE8 /* OxidizerDelegate.m */; };
		A4F49CEC0AAB1D3C00FA4BE8 /* document-open.png in Resources */ = {isa = PBXBuildFile; fileRef = A4F49CEB0AAB1D3C00FA4BE8 /* document-open.png */; };
		A4F49CEE0AAB1D4B00FA4BE8 /* document-save.png in Resources */ = {isa = PBXBuildFile; fileRef = A4F49CED0AAB1D4B00FA4BE8 /* document-save.png */; };
		A4F49CF00AAB1D5400FA4BE8 /* oxidizer_dna.png in Resources */ = {isa = PBXBuildFile; fileRef = A4F49CEF0AAB1D5400FA4BE8 /* oxidizer_dna.png */; };
		A4FADCE80A55A131004FC917 /* GreaterThanThreeTransformer.m in Sources */ = {isa = PBXBuildFile; fileRef = A4FADCE70A55A131004FC917 /* GreaterThanThreeTransformer.m */; };
		A4FDAB2A0A4EBA9400910299 /* DnDArrayController.m in Sources */ = {isa = PBXBuildFile; fileRef = A4FDAB290A4EBA9400910299 /* DnDArrayController.m */; };
		A4FDD8890B56BA160089AE35 /* flam3-palettes.c in Sources */ = {isa = PBXBuildFile; fileRef = A42D470409996C5A00A7296E /* flam3-palettes.c */; };
		A4FDD88A0B56BA160089AE35 /* flam3.c in Sources */ = {isa = PBXBuildFile; fileRef = A42D470509996C5A00A7296E /* flam3.c */; };
		A4FDD88B0B56BA510089AE35 /* flam3.h in Headers */ = {isa = PBXBuildFile; fileRef = A42D470609996C5A00A7296E /* flam3.h */; };
		A4FDD8A80B56BBAD0089AE35 /* libxml2.dylib in Frameworks */ = {isa = PBXBuildFile; fileRef = A4C47C6C0997BDE100BCE5E8 /* libxml2.dylib */; };
		A4FDD8B60B56BCB70089AE35 /* flam3.framework in Frameworks */ = {isa = PBXBuildFile; fileRef = A4FDD8700B56B95C0089AE35 /* flam3.framework */; };
		A4FDD8BD0B56BD2A0089AE35 /* flam3.framework in Copy Private Frameworks */ = {isa = PBXBuildFile; fileRef = A4FDD8700B56B95C0089AE35 /* flam3.framework */; };
		A4FDD8E90B56BFAE0089AE35 /* flam3_tools.m in Sources */ = {isa = PBXBuildFile; fileRef = A40965700A30B5760076ACA3 /* flam3_tools.m */; };
		A4FDD8EF0B56C0090089AE35 /* Cocoa.framework in Frameworks */ = {isa = PBXBuildFile; fileRef = 1058C7A1FEA54F0111CA2CBB /* Cocoa.framework */; };
		A4FDD91B0B56C0850089AE35 /* flam3_tools.h in Headers */ = {isa = PBXBuildFile; fileRef = A409656F0A30B5760076ACA3 /* flam3_tools.h */; };
		A4FDD9390B56C1960089AE35 /* swig_interface.i in Resources */ = {isa = PBXBuildFile; fileRef = A4FDD9380B56C1960089AE35 /* swig_interface.i */; };
		A4FDD9580B56C7F60089AE35 /* lua_interface.c in Sources */ = {isa = PBXBuildFile; fileRef = A4FDD9530B56C7C10089AE35 /* lua_interface.c */; };
		A4FDDA1A0B56D6800089AE35 /* lapi.c in Sources */ = {isa = PBXBuildFile; fileRef = A4FDD9FA0B56D6800089AE35 /* lapi.c */; };
		A4FDDA1B0B56D6800089AE35 /* lauxlib.c in Sources */ = {isa = PBXBuildFile; fileRef = A4FDD9FB0B56D6800089AE35 /* lauxlib.c */; };
		A4FDDA1C0B56D6800089AE35 /* lbaselib.c in Sources */ = {isa = PBXBuildFile; fileRef = A4FDD9FC0B56D6800089AE35 /* lbaselib.c */; };
		A4FDDA1D0B56D6800089AE35 /* lcode.c in Sources */ = {isa = PBXBuildFile; fileRef = A4FDD9FD0B56D6800089AE35 /* lcode.c */; };
		A4FDDA1E0B56D6800089AE35 /* ldblib.c in Sources */ = {isa = PBXBuildFile; fileRef = A4FDD9FE0B56D6800089AE35 /* ldblib.c */; };
		A4FDDA1F0B56D6800089AE35 /* ldebug.c in Sources */ = {isa = PBXBuildFile; fileRef = A4FDD9FF0B56D6800089AE35 /* ldebug.c */; };
		A4FDDA200B56D6800089AE35 /* ldo.c in Sources */ = {isa = PBXBuildFile; fileRef = A4FDDA000B56D6800089AE35 /* ldo.c */; };
		A4FDDA210B56D6800089AE35 /* ldump.c in Sources */ = {isa = PBXBuildFile; fileRef = A4FDDA010B56D6800089AE35 /* ldump.c */; };
		A4FDDA220B56D6800089AE35 /* lfunc.c in Sources */ = {isa = PBXBuildFile; fileRef = A4FDDA020B56D6800089AE35 /* lfunc.c */; };
		A4FDDA230B56D6800089AE35 /* lgc.c in Sources */ = {isa = PBXBuildFile; fileRef = A4FDDA030B56D6800089AE35 /* lgc.c */; };
		A4FDDA250B56D6800089AE35 /* liolib.c in Sources */ = {isa = PBXBuildFile; fileRef = A4FDDA050B56D6800089AE35 /* liolib.c */; };
		A4FDDA260B56D6800089AE35 /* llex.c in Sources */ = {isa = PBXBuildFile; fileRef = A4FDDA060B56D6800089AE35 /* llex.c */; };
		A4FDDA270B56D6800089AE35 /* lmathlib.c in Sources */ = {isa = PBXBuildFile; fileRef = A4FDDA070B56D6800089AE35 /* lmathlib.c */; };
		A4FDDA280B56D6800089AE35 /* lmem.c in Sources */ = {isa = PBXBuildFile; fileRef = A4FDDA080B56D6800089AE35 /* lmem.c */; };
		A4FDDA290B56D6800089AE35 /* loadlib.c in Sources */ = {isa = PBXBuildFile; fileRef = A4FDDA090B56D6800089AE35 /* loadlib.c */; };
		A4FDDA2A0B56D6800089AE35 /* lobject.c in Sources */ = {isa = PBXBuildFile; fileRef = A4FDDA0A0B56D6800089AE35 /* lobject.c */; };
		A4FDDA2B0B56D6800089AE35 /* lopcodes.c in Sources */ = {isa = PBXBuildFile; fileRef = A4FDDA0B0B56D6800089AE35 /* lopcodes.c */; };
		A4FDDA2C0B56D6800089AE35 /* loslib.c in Sources */ = {isa = PBXBuildFile; fileRef = A4FDDA0C0B56D6800089AE35 /* loslib.c */; };
		A4FDDA2D0B56D6800089AE35 /* lparser.c in Sources */ = {isa = PBXBuildFile; fileRef = A4FDDA0D0B56D6800089AE35 /* lparser.c */; };
		A4FDDA2E0B56D6800089AE35 /* lstate.c in Sources */ = {isa = PBXBuildFile; fileRef = A4FDDA0E0B56D6800089AE35 /* lstate.c */; };
		A4FDDA2F0B56D6800089AE35 /* lstring.c in Sources */ = {isa = PBXBuildFile; fileRef = A4FDDA0F0B56D6800089AE35 /* lstring.c */; };
		A4FDDA300B56D6800089AE35 /* lstrlib.c in Sources */ = {isa = PBXBuildFile; fileRef = A4FDDA100B56D6800089AE35 /* lstrlib.c */; };
		A4FDDA310B56D6800089AE35 /* ltable.c in Sources */ = {isa = PBXBuildFile; fileRef = A4FDDA110B56D6800089AE35 /* ltable.c */; };
		A4FDDA320B56D6800089AE35 /* ltablib.c in Sources */ = {isa = PBXBuildFile; fileRef = A4FDDA120B56D6800089AE35 /* ltablib.c */; };
		A4FDDA330B56D6800089AE35 /* ltm.c in Sources */ = {isa = PBXBuildFile; fileRef = A4FDDA130B56D6800089AE35 /* ltm.c */; };
		A4FDDA360B56D6800089AE35 /* lundump.c in Sources */ = {isa = PBXBuildFile; fileRef = A4FDDA160B56D6800089AE35 /* lundump.c */; };
		A4FDDA370B56D6800089AE35 /* lvm.c in Sources */ = {isa = PBXBuildFile; fileRef = A4FDDA170B56D6800089AE35 /* lvm.c */; };
		A4FDDA380B56D6800089AE35 /* lzio.c in Sources */ = {isa = PBXBuildFile; fileRef = A4FDDA180B56D6800089AE35 /* lzio.c */; };
		A4FDDA450B56D86B0089AE35 /* libreadline.dylib in Frameworks */ = {isa = PBXBuildFile; fileRef = A4FDDA440B56D86B0089AE35 /* libreadline.dylib */; };
		A4FDDA4D0B56D8D30089AE35 /* lua.framework in Frameworks */ = {isa = PBXBuildFile; fileRef = A4FDD9790B56D4A70089AE35 /* lua.framework */; };
		A4FDDA580B56DAB10089AE35 /* lapi.h in Headers */ = {isa = PBXBuildFile; fileRef = A4FDDA560B56DAB10089AE35 /* lapi.h */; };
		A4FDDA590B56DAB10089AE35 /* lauxlib.h in Headers */ = {isa = PBXBuildFile; fileRef = A4FDDA570B56DAB10089AE35 /* lauxlib.h */; };
		A4FDDA5C0B56DAD20089AE35 /* lua.h in Headers */ = {isa = PBXBuildFile; fileRef = A4FDDA5B0B56DAD20089AE35 /* lua.h */; };
		A4FDDA690B56DC8A0089AE35 /* lua.framework in Copy Private Frameworks */ = {isa = PBXBuildFile; fileRef = A4FDD9790B56D4A70089AE35 /* lua.framework */; };
		A4FDDA6B0B56DD500089AE35 /* lua.framework in Frameworks */ = {isa = PBXBuildFile; fileRef = A4FDD9790B56D4A70089AE35 /* lua.framework */; };
/* End PBXBuildFile section */

/* Begin PBXContainerItemProxy section */
		A4FDD8C10B56BD530089AE35 /* PBXContainerItemProxy */ = {
			isa = PBXContainerItemProxy;
			containerPortal = 29B97313FDCFA39411CA2CEA /* Project object */;
			proxyType = 1;
			remoteGlobalIDString = A4FDD86F0B56B95C0089AE35;
			remoteInfo = flam3;
		};
		A4FDDA4A0B56D8BE0089AE35 /* PBXContainerItemProxy */ = {
			isa = PBXContainerItemProxy;
			containerPortal = 29B97313FDCFA39411CA2CEA /* Project object */;
			proxyType = 1;
			remoteGlobalIDString = A4FDD9780B56D4A70089AE35;
			remoteInfo = lua;
		};
/* End PBXContainerItemProxy section */

/* Begin PBXCopyFilesBuildPhase section */
		A4FDD8AC0B56BC980089AE35 /* Copy Private Frameworks */ = {
			isa = PBXCopyFilesBuildPhase;
			buildActionMask = 2147483647;
			dstPath = "";
			dstSubfolderSpec = 10;
			files = (
				A4FDD8BD0B56BD2A0089AE35 /* flam3.framework in Copy Private Frameworks */,
				A4FDDA690B56DC8A0089AE35 /* lua.framework in Copy Private Frameworks */,
			);
			name = "Copy Private Frameworks";
			runOnlyForDeploymentPostprocessing = 0;
		};
/* End PBXCopyFilesBuildPhase section */

/* Begin PBXFileReference section */
		089C165DFE840E0CC02AAC07 /* English */ = {isa = PBXFileReference; fileEncoding = 10; lastKnownFileType = text.plist.strings; name = English; path = English.lproj/InfoPlist.strings; sourceTree = "<group>"; };
		1058C7A1FEA54F0111CA2CBB /* Cocoa.framework */ = {isa = PBXFileReference; lastKnownFileType = wrapper.framework; name = Cocoa.framework; path = /System/Library/Frameworks/Cocoa.framework; sourceTree = "<absolute>"; };
		13E42FB307B3F0F600E4EEF1 /* CoreData.framework */ = {isa = PBXFileReference; lastKnownFileType = wrapper.framework; name = CoreData.framework; path = /System/Library/Frameworks/CoreData.framework; sourceTree = "<absolute>"; };
		29B97316FDCFA39411CA2CEA /* main.m */ = {isa = PBXFileReference; fileEncoding = 4; lastKnownFileType = sourcecode.c.objc; path = main.m; sourceTree = "<group>"; };
		29B97319FDCFA39411CA2CEA /* English */ = {isa = PBXFileReference; lastKnownFileType = wrapper.nib; name = English; path = English.lproj/MainMenu.nib; sourceTree = "<group>"; };
		29B97324FDCFA39411CA2CEA /* AppKit.framework */ = {isa = PBXFileReference; lastKnownFileType = wrapper.framework; name = AppKit.framework; path = /System/Library/Frameworks/AppKit.framework; sourceTree = "<absolute>"; };
		29B97325FDCFA39411CA2CEA /* Foundation.framework */ = {isa = PBXFileReference; lastKnownFileType = wrapper.framework; name = Foundation.framework; path = /System/Library/Frameworks/Foundation.framework; sourceTree = "<absolute>"; };
		32CA4F630368D1EE00C91783 /* oxidizer_Prefix.pch */ = {isa = PBXFileReference; fileEncoding = 4; lastKnownFileType = sourcecode.c.h; path = oxidizer_Prefix.pch; sourceTree = "<group>"; };
		8D1107310486CEB800E47090 /* Info.plist */ = {isa = PBXFileReference; fileEncoding = 4; lastKnownFileType = text.plist; path = Info.plist; sourceTree = "<group>"; };
		8D1107320486CEB800E47090 /* Oxidizer.app */ = {isa = PBXFileReference; explicitFileType = wrapper.application; includeInIndex = 0; path = Oxidizer.app; sourceTree = BUILT_PRODUCTS_DIR; };
		A40238E10B5811800086458F /* lualib.h */ = {isa = PBXFileReference; fileEncoding = 30; lastKnownFileType = sourcecode.c.h; name = lualib.h; path = "lua-5.1/src/lualib.h"; sourceTree = "<group>"; };
		A409656F0A30B5760076ACA3 /* flam3_tools.h */ = {isa = PBXFileReference; fileEncoding = 4; lastKnownFileType = sourcecode.c.h; path = flam3_tools.h; sourceTree = "<group>"; };
		A40965700A30B5760076ACA3 /* flam3_tools.m */ = {isa = PBXFileReference; fileEncoding = 4; lastKnownFileType = sourcecode.c.objc; path = flam3_tools.m; sourceTree = "<group>"; };
		A40CB51F0AB8864300613AD6 /* DragDropAndSaveImageView.h */ = {isa = PBXFileReference; fileEncoding = 30; lastKnownFileType = sourcecode.c.h; path = DragDropAndSaveImageView.h; sourceTree = "<group>"; };
		A40CB5200AB8864300613AD6 /* DragDropAndSaveImageView.m */ = {isa = PBXFileReference; fileEncoding = 30; lastKnownFileType = sourcecode.c.objc; path = DragDropAndSaveImageView.m; sourceTree = "<group>"; };
		A41A053309758FA10063196F /* QuickTime.framework */ = {isa = PBXFileReference; lastKnownFileType = wrapper.framework; name = QuickTime.framework; path = /System/Library/Frameworks/QuickTime.framework; sourceTree = "<absolute>"; };
		A41A06CA0975BE5E0063196F /* QTKit.framework */ = {isa = PBXFileReference; lastKnownFileType = wrapper.framework; name = QTKit.framework; path = /System/Library/Frameworks/QTKit.framework; sourceTree = "<absolute>"; };
		A41E6CBE0B0F429900713916 /* DnDButton.h */ = {isa = PBXFileReference; fileEncoding = 4; lastKnownFileType = sourcecode.c.h; path = DnDButton.h; sourceTree = "<group>"; };
		A41E6CBF0B0F429900713916 /* DnDButton.m */ = {isa = PBXFileReference; fileEncoding = 4; lastKnownFileType = sourcecode.c.objc; path = DnDButton.m; sourceTree = "<group>"; };
		A422B9A00B162E7800019559 /* GenePool.nib */ = {isa = PBXFileReference; lastKnownFileType = wrapper.nib; name = GenePool.nib; path = GenePool/GenePool.nib; sourceTree = "<group>"; };
		A422B9A30B16308200019559 /* GenePoolNibController.m */ = {isa = PBXFileReference; fileEncoding = 30; lastKnownFileType = sourcecode.c.objc; name = GenePoolNibController.m; path = GenePool/GenePoolNibController.m; sourceTree = "<group>"; };
		A422B9A40B16308200019559 /* GenePoolNibController.h */ = {isa = PBXFileReference; fileEncoding = 30; lastKnownFileType = sourcecode.c.h; name = GenePoolNibController.h; path = GenePool/GenePoolNibController.h; sourceTree = "<group>"; };
		A422B9A60B16316E00019559 /* GenePoolController.h */ = {isa = PBXFileReference; fileEncoding = 30; lastKnownFileType = sourcecode.c.h; name = GenePoolController.h; path = GenePool/GenePoolController.h; sourceTree = "<group>"; };
		A422B9A70B16316E00019559 /* GenePoolController.m */ = {isa = PBXFileReference; fileEncoding = 30; lastKnownFileType = sourcecode.c.objc; name = GenePoolController.m; path = GenePool/GenePoolController.m; sourceTree = "<group>"; };
		A422B9A90B1631A000019559 /* GenePoolModel.h */ = {isa = PBXFileReference; fileEncoding = 30; lastKnownFileType = sourcecode.c.h; name = GenePoolModel.h; path = GenePool/GenePoolModel.h; sourceTree = "<group>"; };
		A422B9AA0B1631A000019559 /* GenePoolModel.m */ = {isa = PBXFileReference; fileEncoding = 30; lastKnownFileType = sourcecode.c.objc; name = GenePoolModel.m; path = GenePool/GenePoolModel.m; sourceTree = "<group>"; };
		A4233E9209EFF3000047DC34 /* QuickTimeController.h */ = {isa = PBXFileReference; fileEncoding = 4; lastKnownFileType = sourcecode.c.h; path = QuickTimeController.h; sourceTree = "<group>"; };
		A4233E9309EFF3010047DC34 /* QuickTimeController.m */ = {isa = PBXFileReference; fileEncoding = 4; lastKnownFileType = sourcecode.c.objc; path = QuickTimeController.m; sourceTree = "<group>"; };
		A42D470409996C5A00A7296E /* flam3-palettes.c */ = {isa = PBXFileReference; fileEncoding = 30; lastKnownFileType = sourcecode.c.c; path = "flam3-palettes.c"; sourceTree = "<group>"; };
		A42D470509996C5A00A7296E /* flam3.c */ = {isa = PBXFileReference; fileEncoding = 30; lastKnownFileType = sourcecode.c.c; path = flam3.c; sourceTree = "<group>"; };
		A42D470609996C5A00A7296E /* flam3.h */ = {isa = PBXFileReference; fileEncoding = 30; lastKnownFileType = sourcecode.c.h; path = flam3.h; sourceTree = "<group>"; };
		A44201ED0B21E551000B94D9 /* genepool.png */ = {isa = PBXFileReference; lastKnownFileType = image.png; name = genepool.png; path = icons/genepool.png; sourceTree = "<group>"; };
		A4421BE409CF3CE900E9D39F /* oxidizer.icns */ = {isa = PBXFileReference; lastKnownFileType = image.icns; path = oxidizer.icns; sourceTree = "<group>"; };
		A46A71560A72B44E0026DFD6 /* ProgressDetails.h */ = {isa = PBXFileReference; fileEncoding = 30; lastKnownFileType = sourcecode.c.h; path = ProgressDetails.h; sourceTree = "<group>"; };
		A46A71570A72B44E0026DFD6 /* ProgressDetails.m */ = {isa = PBXFileReference; fileEncoding = 30; lastKnownFileType = sourcecode.c.objc; path = ProgressDetails.m; sourceTree = "<group>"; };
		A4A3027B0A28995D002828D9 /* BreedingController.h */ = {isa = PBXFileReference; fileEncoding = 30; lastKnownFileType = sourcecode.c.h; path = BreedingController.h; sourceTree = "<group>"; };
		A4A3027C0A28995D002828D9 /* BreedingController.m */ = {isa = PBXFileReference; fileEncoding = 30; lastKnownFileType = sourcecode.c.objc; path = BreedingController.m; sourceTree = "<group>"; };
		A4A3810C0A4F236700E7364C /* DnDImageView.h */ = {isa = PBXFileReference; fileEncoding = 30; lastKnownFileType = sourcecode.c.h; path = DnDImageView.h; sourceTree = "<group>"; };
		A4A3810D0A4F236700E7364C /* DnDImageView.m */ = {isa = PBXFileReference; fileEncoding = 30; lastKnownFileType = sourcecode.c.objc; path = DnDImageView.m; sourceTree = "<group>"; };
		A4C47C6C0997BDE100BCE5E8 /* libxml2.dylib */ = {isa = PBXFileReference; lastKnownFileType = "compiled.mach-o.dylib"; name = libxml2.dylib; path = /usr/lib/libxml2.dylib; sourceTree = "<absolute>"; };
		A4D3633D09AB9CE20078025F /* genome.xcdatamodel */ = {isa = PBXFileReference; fileEncoding = 4; lastKnownFileType = wrapper.xcdatamodel; path = genome.xcdatamodel; sourceTree = "<group>"; };
		A4D604A909658A6C0001CD1D /* PaletteController.h */ = {isa = PBXFileReference; fileEncoding = 30; lastKnownFileType = sourcecode.c.h; path = PaletteController.h; sourceTree = "<group>"; };
		A4D604AA09658A6C0001CD1D /* PaletteController.m */ = {isa = PBXFileReference; fileEncoding = 30; lastKnownFileType = sourcecode.c.objc; path = PaletteController.m; sourceTree = "<group>"; };
		A4D6FA2B09B1E25200096036 /* GenomeManagedObject.h */ = {isa = PBXFileReference; fileEncoding = 4; lastKnownFileType = sourcecode.c.h; path = GenomeManagedObject.h; sourceTree = "<group>"; };
		A4D6FA2C09B1E25200096036 /* GenomeManagedObject.m */ = {isa = PBXFileReference; fileEncoding = 4; lastKnownFileType = sourcecode.c.objc; path = GenomeManagedObject.m; sourceTree = "<group>"; };
		A4DA85860966DB7D00FFCF4D /* FractalFlameModel.h */ = {isa = PBXFileReference; fileEncoding = 30; lastKnownFileType = sourcecode.c.h; path = FractalFlameModel.h; sourceTree = "<group>"; };
		A4DA85870966DB7D00FFCF4D /* FractalFlameModel.m */ = {isa = PBXFileReference; fileEncoding = 30; lastKnownFileType = sourcecode.c.objc; path = FractalFlameModel.m; sourceTree = "<group>"; };
		A4DA858C0966DD2A00FFCF4D /* EnvironmentController.h */ = {isa = PBXFileReference; fileEncoding = 30; lastKnownFileType = sourcecode.c.h; path = EnvironmentController.h; sourceTree = "<group>"; };
		A4DA858D0966DD2A00FFCF4D /* EnvironmentController.m */ = {isa = PBXFileReference; fileEncoding = 30; lastKnownFileType = sourcecode.c.objc; path = EnvironmentController.m; sourceTree = "<group>"; };
		A4DA871B096712CA00FFCF4D /* FlameController.h */ = {isa = PBXFileReference; fileEncoding = 30; lastKnownFileType = sourcecode.c.h; path = FlameController.h; sourceTree = "<group>"; };
		A4DA871C096712CA00FFCF4D /* FlameController.m */ = {isa = PBXFileReference; fileEncoding = 30; lastKnownFileType = sourcecode.c.objc; path = FlameController.m; sourceTree = "<group>"; };
		A4DAB5A60A02A9F7003BA626 /* ThreadParameters.h */ = {isa = PBXFileReference; fileEncoding = 30; lastKnownFileType = sourcecode.c.h; path = ThreadParameters.h; sourceTree = "<group>"; };
		A4DAB5A70A02A9F7003BA626 /* ThreadParameters.m */ = {isa = PBXFileReference; fileEncoding = 30; lastKnownFileType = sourcecode.c.objc; path = ThreadParameters.m; sourceTree = "<group>"; };
		A4E52D560A0141A400382558 /* flam3-palettes.xml */ = {isa = PBXFileReference; fileEncoding = 30; lastKnownFileType = text.xml; name = "flam3-palettes.xml"; path = "../../flam3-palettes.xml"; sourceTree = BUILT_PRODUCTS_DIR; };
		A4EC3F9F0A755B3A008E0023 /* QuicktimeThreadParameters.h */ = {isa = PBXFileReference; fileEncoding = 30; lastKnownFileType = sourcecode.c.h; path = QuicktimeThreadParameters.h; sourceTree = "<group>"; };
		A4EC3FA00A755B3A008E0023 /* QuicktimeThreadParameters.m */ = {isa = PBXFileReference; fileEncoding = 30; lastKnownFileType = sourcecode.c.objc; path = QuicktimeThreadParameters.m; sourceTree = "<group>"; };
		A4F333A0096C813B00230854 /* Genome.h */ = {isa = PBXFileReference; fileEncoding = 30; lastKnownFileType = sourcecode.c.h; path = Genome.h; sourceTree = "<group>"; };
		A4F333A1096C813B00230854 /* Genome.m */ = {isa = PBXFileReference; fileEncoding = 30; lastKnownFileType = sourcecode.c.objc; path = Genome.m; sourceTree = "<group>"; };
		A4F3EF1D0AB5DE3100A282F2 /* image-x-generic.png */ = {isa = PBXFileReference; lastKnownFileType = image.png; name = "image-x-generic.png"; path = "icons/Tango/image-x-generic.png"; sourceTree = "<group>"; };
		A4F3EF1F0AB5DE3B00A282F2 /* video-x-generic.png */ = {isa = PBXFileReference; lastKnownFileType = image.png; name = "video-x-generic.png"; path = "icons/Tango/video-x-generic.png"; sourceTree = "<group>"; };
		A4F49C190AAB05C800FA4BE8 /* OxidizerDelegate.m */ = {isa = PBXFileReference; fileEncoding = 30; lastKnownFileType = sourcecode.c.objc; path = OxidizerDelegate.m; sourceTree = "<group>"; };
		A4F49C1A0AAB05C800FA4BE8 /* OxidizerDelegate.h */ = {isa = PBXFileReference; fileEncoding = 30; lastKnownFileType = sourcecode.c.h; path = OxidizerDelegate.h; sourceTree = "<group>"; };
		A4F49CEB0AAB1D3C00FA4BE8 /* document-open.png */ = {isa = PBXFileReference; lastKnownFileType = image.png; name = "document-open.png"; path = "icons/Tango/document-open.png"; sourceTree = "<group>"; };
		A4F49CED0AAB1D4B00FA4BE8 /* document-save.png */ = {isa = PBXFileReference; lastKnownFileType = image.png; name = "document-save.png"; path = "icons/Tango/document-save.png"; sourceTree = "<group>"; };
		A4F49CEF0AAB1D5400FA4BE8 /* oxidizer_dna.png */ = {isa = PBXFileReference; lastKnownFileType = image.png; name = oxidizer_dna.png; path = icons/oxidizer_dna.png; sourceTree = "<group>"; };
		A4FADCE60A55A131004FC917 /* GreaterThanThreeTransformer.h */ = {isa = PBXFileReference; fileEncoding = 4; lastKnownFileType = sourcecode.c.h; path = GreaterThanThreeTransformer.h; sourceTree = "<group>"; };
		A4FADCE70A55A131004FC917 /* GreaterThanThreeTransformer.m */ = {isa = PBXFileReference; fileEncoding = 4; lastKnownFileType = sourcecode.c.objc; path = GreaterThanThreeTransformer.m; sourceTree = "<group>"; };
		A4FDAB280A4EBA9400910299 /* DnDArrayController.h */ = {isa = PBXFileReference; fileEncoding = 30; lastKnownFileType = sourcecode.c.h; path = DnDArrayController.h; sourceTree = "<group>"; };
		A4FDAB290A4EBA9400910299 /* DnDArrayController.m */ = {isa = PBXFileReference; fileEncoding = 30; lastKnownFileType = sourcecode.c.objc; path = DnDArrayController.m; sourceTree = "<group>"; };
		A4FDD8700B56B95C0089AE35 /* flam3.framework */ = {isa = PBXFileReference; explicitFileType = wrapper.framework; includeInIndex = 0; path = flam3.framework; sourceTree = BUILT_PRODUCTS_DIR; };
		A4FDD8710B56B95C0089AE35 /* flam3-Info.plist */ = {isa = PBXFileReference; lastKnownFileType = text.xml; path = "flam3-Info.plist"; sourceTree = "<group>"; };
		A4FDD9380B56C1960089AE35 /* swig_interface.i */ = {isa = PBXFileReference; fileEncoding = 4; lastKnownFileType = sourcecode.interfacer; path = swig_interface.i; sourceTree = "<group>"; };
		A4FDD9530B56C7C10089AE35 /* lua_interface.c */ = {isa = PBXFileReference; fileEncoding = 30; lastKnownFileType = sourcecode.c.c; path = lua_interface.c; sourceTree = "<group>"; };
		A4FDD9790B56D4A70089AE35 /* lua.framework */ = {isa = PBXFileReference; explicitFileType = wrapper.framework; includeInIndex = 0; path = lua.framework; sourceTree = BUILT_PRODUCTS_DIR; };
		A4FDD97A0B56D4A70089AE35 /* lua-Info.plist */ = {isa = PBXFileReference; lastKnownFileType = text.xml; path = "lua-Info.plist"; sourceTree = "<group>"; };
		A4FDD9FA0B56D6800089AE35 /* lapi.c */ = {isa = PBXFileReference; fileEncoding = 30; lastKnownFileType = sourcecode.c.c; name = lapi.c; path = "lua-5.1/src/lapi.c"; sourceTree = "<group>"; };
		A4FDD9FB0B56D6800089AE35 /* lauxlib.c */ = {isa = PBXFileReference; fileEncoding = 30; lastKnownFileType = sourcecode.c.c; name = lauxlib.c; path = "lua-5.1/src/lauxlib.c"; sourceTree = "<group>"; };
		A4FDD9FC0B56D6800089AE35 /* lbaselib.c */ = {isa = PBXFileReference; fileEncoding = 30; lastKnownFileType = sourcecode.c.c; name = lbaselib.c; path = "lua-5.1/src/lbaselib.c"; sourceTree = "<group>"; };
		A4FDD9FD0B56D6800089AE35 /* lcode.c */ = {isa = PBXFileReference; fileEncoding = 30; lastKnownFileType = sourcecode.c.c; name = lcode.c; path = "lua-5.1/src/lcode.c"; sourceTree = "<group>"; };
		A4FDD9FE0B56D6800089AE35 /* ldblib.c */ = {isa = PBXFileReference; fileEncoding = 30; lastKnownFileType = sourcecode.c.c; name = ldblib.c; path = "lua-5.1/src/ldblib.c"; sourceTree = "<group>"; };
		A4FDD9FF0B56D6800089AE35 /* ldebug.c */ = {isa = PBXFileReference; fileEncoding = 30; lastKnownFileType = sourcecode.c.c; name = ldebug.c; path = "lua-5.1/src/ldebug.c"; sourceTree = "<group>"; };
		A4FDDA000B56D6800089AE35 /* ldo.c */ = {isa = PBXFileReference; fileEncoding = 30; lastKnownFileType = sourcecode.c.c; name = ldo.c; path = "lua-5.1/src/ldo.c"; sourceTree = "<group>"; };
		A4FDDA010B56D6800089AE35 /* ldump.c */ = {isa = PBXFileReference; fileEncoding = 30; lastKnownFileType = sourcecode.c.c; name = ldump.c; path = "lua-5.1/src/ldump.c"; sourceTree = "<group>"; };
		A4FDDA020B56D6800089AE35 /* lfunc.c */ = {isa = PBXFileReference; fileEncoding = 30; lastKnownFileType = sourcecode.c.c; name = lfunc.c; path = "lua-5.1/src/lfunc.c"; sourceTree = "<group>"; };
		A4FDDA030B56D6800089AE35 /* lgc.c */ = {isa = PBXFileReference; fileEncoding = 30; lastKnownFileType = sourcecode.c.c; name = lgc.c; path = "lua-5.1/src/lgc.c"; sourceTree = "<group>"; };
		A4FDDA040B56D6800089AE35 /* linit.c */ = {isa = PBXFileReference; fileEncoding = 30; lastKnownFileType = sourcecode.c.c; name = linit.c; path = "lua-5.1/src/linit.c"; sourceTree = "<group>"; };
		A4FDDA050B56D6800089AE35 /* liolib.c */ = {isa = PBXFileReference; fileEncoding = 30; lastKnownFileType = sourcecode.c.c; name = liolib.c; path = "lua-5.1/src/liolib.c"; sourceTree = "<group>"; };
		A4FDDA060B56D6800089AE35 /* llex.c */ = {isa = PBXFileReference; fileEncoding = 30; lastKnownFileType = sourcecode.c.c; name = llex.c; path = "lua-5.1/src/llex.c"; sourceTree = "<group>"; };
		A4FDDA070B56D6800089AE35 /* lmathlib.c */ = {isa = PBXFileReference; fileEncoding = 30; lastKnownFileType = sourcecode.c.c; name = lmathlib.c; path = "lua-5.1/src/lmathlib.c"; sourceTree = "<group>"; };
		A4FDDA080B56D6800089AE35 /* lmem.c */ = {isa = PBXFileReference; fileEncoding = 30; lastKnownFileType = sourcecode.c.c; name = lmem.c; path = "lua-5.1/src/lmem.c"; sourceTree = "<group>"; };
		A4FDDA090B56D6800089AE35 /* loadlib.c */ = {isa = PBXFileReference; fileEncoding = 30; lastKnownFileType = sourcecode.c.c; name = loadlib.c; path = "lua-5.1/src/loadlib.c"; sourceTree = "<group>"; };
		A4FDDA0A0B56D6800089AE35 /* lobject.c */ = {isa = PBXFileReference; fileEncoding = 30; lastKnownFileType = sourcecode.c.c; name = lobject.c; path = "lua-5.1/src/lobject.c"; sourceTree = "<group>"; };
		A4FDDA0B0B56D6800089AE35 /* lopcodes.c */ = {isa = PBXFileReference; fileEncoding = 30; lastKnownFileType = sourcecode.c.c; name = lopcodes.c; path = "lua-5.1/src/lopcodes.c"; sourceTree = "<group>"; };
		A4FDDA0C0B56D6800089AE35 /* loslib.c */ = {isa = PBXFileReference; fileEncoding = 30; lastKnownFileType = sourcecode.c.c; name = loslib.c; path = "lua-5.1/src/loslib.c"; sourceTree = "<group>"; };
		A4FDDA0D0B56D6800089AE35 /* lparser.c */ = {isa = PBXFileReference; fileEncoding = 30; lastKnownFileType = sourcecode.c.c; name = lparser.c; path = "lua-5.1/src/lparser.c"; sourceTree = "<group>"; };
		A4FDDA0E0B56D6800089AE35 /* lstate.c */ = {isa = PBXFileReference; fileEncoding = 30; lastKnownFileType = sourcecode.c.c; name = lstate.c; path = "lua-5.1/src/lstate.c"; sourceTree = "<group>"; };
		A4FDDA0F0B56D6800089AE35 /* lstring.c */ = {isa = PBXFileReference; fileEncoding = 30; lastKnownFileType = sourcecode.c.c; name = lstring.c; path = "lua-5.1/src/lstring.c"; sourceTree = "<group>"; };
		A4FDDA100B56D6800089AE35 /* lstrlib.c */ = {isa = PBXFileReference; fileEncoding = 30; lastKnownFileType = sourcecode.c.c; name = lstrlib.c; path = "lua-5.1/src/lstrlib.c"; sourceTree = "<group>"; };
		A4FDDA110B56D6800089AE35 /* ltable.c */ = {isa = PBXFileReference; fileEncoding = 30; lastKnownFileType = sourcecode.c.c; name = ltable.c; path = "lua-5.1/src/ltable.c"; sourceTree = "<group>"; };
		A4FDDA120B56D6800089AE35 /* ltablib.c */ = {isa = PBXFileReference; fileEncoding = 30; lastKnownFileType = sourcecode.c.c; name = ltablib.c; path = "lua-5.1/src/ltablib.c"; sourceTree = "<group>"; };
		A4FDDA130B56D6800089AE35 /* ltm.c */ = {isa = PBXFileReference; fileEncoding = 30; lastKnownFileType = sourcecode.c.c; name = ltm.c; path = "lua-5.1/src/ltm.c"; sourceTree = "<group>"; };
		A4FDDA140B56D6800089AE35 /* lua.c */ = {isa = PBXFileReference; fileEncoding = 30; lastKnownFileType = sourcecode.c.c; name = lua.c; path = "lua-5.1/src/lua.c"; sourceTree = "<group>"; };
		A4FDDA150B56D6800089AE35 /* luac.c */ = {isa = PBXFileReference; fileEncoding = 30; lastKnownFileType = sourcecode.c.c; name = luac.c; path = "lua-5.1/src/luac.c"; sourceTree = "<group>"; };
		A4FDDA160B56D6800089AE35 /* lundump.c */ = {isa = PBXFileReference; fileEncoding = 30; lastKnownFileType = sourcecode.c.c; name = lundump.c; path = "lua-5.1/src/lundump.c"; sourceTree = "<group>"; };
		A4FDDA170B56D6800089AE35 /* lvm.c */ = {isa = PBXFileReference; fileEncoding = 30; lastKnownFileType = sourcecode.c.c; name = lvm.c; path = "lua-5.1/src/lvm.c"; sourceTree = "<group>"; };
		A4FDDA180B56D6800089AE35 /* lzio.c */ = {isa = PBXFileReference; fileEncoding = 30; lastKnownFileType = sourcecode.c.c; name = lzio.c; path = "lua-5.1/src/lzio.c"; sourceTree = "<group>"; };
		A4FDDA190B56D6800089AE35 /* print.c */ = {isa = PBXFileReference; fileEncoding = 30; lastKnownFileType = sourcecode.c.c; name = print.c; path = "lua-5.1/src/print.c"; sourceTree = "<group>"; };
		A4FDDA440B56D86B0089AE35 /* libreadline.dylib */ = {isa = PBXFileReference; lastKnownFileType = "compiled.mach-o"; name = libreadline.dylib; path = /Developer/SDKs/MacOSX10.4u.sdk/usr/lib/libreadline.dylib; sourceTree = "<absolute>"; };
		A4FDDA560B56DAB10089AE35 /* lapi.h */ = {isa = PBXFileReference; fileEncoding = 30; lastKnownFileType = sourcecode.c.h; name = lapi.h; path = "lua-5.1/src/lapi.h"; sourceTree = "<group>"; };
		A4FDDA570B56DAB10089AE35 /* lauxlib.h */ = {isa = PBXFileReference; fileEncoding = 30; lastKnownFileType = sourcecode.c.h; name = lauxlib.h; path = "lua-5.1/src/lauxlib.h"; sourceTree = "<group>"; };
		A4FDDA5B0B56DAD20089AE35 /* lua.h */ = {isa = PBXFileReference; fileEncoding = 30; lastKnownFileType = sourcecode.c.h; name = lua.h; path = "lua-5.1/src/lua.h"; sourceTree = "<group>"; };
/* End PBXFileReference section */

/* Begin PBXFrameworksBuildPhase section */
		8D11072E0486CEB800E47090 /* Frameworks */ = {
			isa = PBXFrameworksBuildPhase;
			buildActionMask = 2147483647;
			files = (
				8D11072F0486CEB800E47090 /* Cocoa.framework in Frameworks */,
				A41A053409758FA10063196F /* QuickTime.framework in Frameworks */,
				A41A06CB0975BE5E0063196F /* QTKit.framework in Frameworks */,
				A4C47C6D0997BDE100BCE5E8 /* libxml2.dylib in Frameworks */,
				A4FDD8B60B56BCB70089AE35 /* flam3.framework in Frameworks */,
				A4FDDA6B0B56DD500089AE35 /* lua.framework in Frameworks */,
			);
			runOnlyForDeploymentPostprocessing = 0;
		};
		A4FDD86E0B56B95C0089AE35 /* Frameworks */ = {
			isa = PBXFrameworksBuildPhase;
			buildActionMask = 2147483647;
			files = (
				A4FDD8A80B56BBAD0089AE35 /* libxml2.dylib in Frameworks */,
				A4FDD8EF0B56C0090089AE35 /* Cocoa.framework in Frameworks */,
				A4FDDA4D0B56D8D30089AE35 /* lua.framework in Frameworks */,
			);
			runOnlyForDeploymentPostprocessing = 0;
		};
		A4FDD9770B56D4A70089AE35 /* Frameworks */ = {
			isa = PBXFrameworksBuildPhase;
			buildActionMask = 2147483647;
			files = (
				A4FDDA450B56D86B0089AE35 /* libreadline.dylib in Frameworks */,
			);
			runOnlyForDeploymentPostprocessing = 0;
		};
/* End PBXFrameworksBuildPhase section */

/* Begin PBXGroup section */
		080E96DDFE201D6D7F000001 /* Classes */ = {
			isa = PBXGroup;
			children = (
				A422B9D90B16336E00019559 /* GenePool */,
				A40CB51F0AB8864300613AD6 /* DragDropAndSaveImageView.h */,
				A40CB5200AB8864300613AD6 /* DragDropAndSaveImageView.m */,
				A4A3810C0A4F236700E7364C /* DnDImageView.h */,
				A4A3810D0A4F236700E7364C /* DnDImageView.m */,
				A4DAB5A60A02A9F7003BA626 /* ThreadParameters.h */,
				A4DAB5A70A02A9F7003BA626 /* ThreadParameters.m */,
				A4D604A909658A6C0001CD1D /* PaletteController.h */,
				A4D604AA09658A6C0001CD1D /* PaletteController.m */,
				A4DA85860966DB7D00FFCF4D /* FractalFlameModel.h */,
				A4DA85870966DB7D00FFCF4D /* FractalFlameModel.m */,
				A4DA858C0966DD2A00FFCF4D /* EnvironmentController.h */,
				A4DA858D0966DD2A00FFCF4D /* EnvironmentController.m */,
				A409656F0A30B5760076ACA3 /* flam3_tools.h */,
				A40965700A30B5760076ACA3 /* flam3_tools.m */,
				A4DA871B096712CA00FFCF4D /* FlameController.h */,
				A4DA871C096712CA00FFCF4D /* FlameController.m */,
				A4F333A0096C813B00230854 /* Genome.h */,
				A4F333A1096C813B00230854 /* Genome.m */,
				A4D6FA2B09B1E25200096036 /* GenomeManagedObject.h */,
				A4D6FA2C09B1E25200096036 /* GenomeManagedObject.m */,
				A4233E9209EFF3000047DC34 /* QuickTimeController.h */,
				A4233E9309EFF3010047DC34 /* QuickTimeController.m */,
				A4A3027B0A28995D002828D9 /* BreedingController.h */,
				A4A3027C0A28995D002828D9 /* BreedingController.m */,
				A4FDAB280A4EBA9400910299 /* DnDArrayController.h */,
				A4FDAB290A4EBA9400910299 /* DnDArrayController.m */,
				A4FADCE60A55A131004FC917 /* GreaterThanThreeTransformer.h */,
				A4FADCE70A55A131004FC917 /* GreaterThanThreeTransformer.m */,
				A46A71560A72B44E0026DFD6 /* ProgressDetails.h */,
				A46A71570A72B44E0026DFD6 /* ProgressDetails.m */,
				A4EC3F9F0A755B3A008E0023 /* QuicktimeThreadParameters.h */,
				A4EC3FA00A755B3A008E0023 /* QuicktimeThreadParameters.m */,
				A4F49C190AAB05C800FA4BE8 /* OxidizerDelegate.m */,
				A4F49C1A0AAB05C800FA4BE8 /* OxidizerDelegate.h */,
				A41E6CBE0B0F429900713916 /* DnDButton.h */,
				A41E6CBF0B0F429900713916 /* DnDButton.m */,
			);
			name = Classes;
			sourceTree = "<group>";
		};
		1058C7A0FEA54F0111CA2CBB /* Linked Frameworks */ = {
			isa = PBXGroup;
			children = (
				A41A06CA0975BE5E0063196F /* QTKit.framework */,
				A41A053309758FA10063196F /* QuickTime.framework */,
				1058C7A1FEA54F0111CA2CBB /* Cocoa.framework */,
			);
			name = "Linked Frameworks";
			sourceTree = "<group>";
		};
		1058C7A2FEA54F0111CA2CBB /* Other Frameworks */ = {
			isa = PBXGroup;
			children = (
				29B97324FDCFA39411CA2CEA /* AppKit.framework */,
				13E42FB307B3F0F600E4EEF1 /* CoreData.framework */,
				29B97325FDCFA39411CA2CEA /* Foundation.framework */,
			);
			name = "Other Frameworks";
			sourceTree = "<group>";
		};
		19C28FACFE9D520D11CA2CBB /* Products */ = {
			isa = PBXGroup;
			children = (
				8D1107320486CEB800E47090 /* Oxidizer.app */,
				A4FDD8700B56B95C0089AE35 /* flam3.framework */,
				A4FDD9790B56D4A70089AE35 /* lua.framework */,
			);
			name = Products;
			sourceTree = "<group>";
		};
		29B97314FDCFA39411CA2CEA /* oxidizer */ = {
			isa = PBXGroup;
			children = (
				A4FDDA440B56D86B0089AE35 /* libreadline.dylib */,
				A4C47C6C0997BDE100BCE5E8 /* libxml2.dylib */,
				A4FDDA670B56DBF60089AE35 /* lua */,
				A4E641F5096DA554002DE446 /* Models */,
				080E96DDFE201D6D7F000001 /* Classes */,
				29B97315FDCFA39411CA2CEA /* Other Sources */,
				29B97317FDCFA39411CA2CEA /* Resources */,
				29B97323FDCFA39411CA2CEA /* Frameworks */,
				19C28FACFE9D520D11CA2CBB /* Products */,
				A422B9A00B162E7800019559 /* GenePool.nib */,
				A4FDD8710B56B95C0089AE35 /* flam3-Info.plist */,
				A4FDD97A0B56D4A70089AE35 /* lua-Info.plist */,
			);
			name = oxidizer;
			sourceTree = "<group>";
		};
		29B97315FDCFA39411CA2CEA /* Other Sources */ = {
			isa = PBXGroup;
			children = (
				A4FDD9530B56C7C10089AE35 /* lua_interface.c */,
				A42D470409996C5A00A7296E /* flam3-palettes.c */,
				A42D470509996C5A00A7296E /* flam3.c */,
				A42D470609996C5A00A7296E /* flam3.h */,
				089C165CFE840E0CC02AAC07 /* InfoPlist.strings */,
				32CA4F630368D1EE00C91783 /* oxidizer_Prefix.pch */,
				29B97316FDCFA39411CA2CEA /* main.m */,
			);
			name = "Other Sources";
			sourceTree = "<group>";
		};
		29B97317FDCFA39411CA2CEA /* Resources */ = {
			isa = PBXGroup;
			children = (
				A4FDD9380B56C1960089AE35 /* swig_interface.i */,
				A4E52D560A0141A400382558 /* flam3-palettes.xml */,
				A4421BE409CF3CE900E9D39F /* oxidizer.icns */,
				8D1107310486CEB800E47090 /* Info.plist */,
				29B97318FDCFA39411CA2CEA /* MainMenu.nib */,
				A4F49CEB0AAB1D3C00FA4BE8 /* document-open.png */,
				A4F49CED0AAB1D4B00FA4BE8 /* document-save.png */,
				A4F49CEF0AAB1D5400FA4BE8 /* oxidizer_dna.png */,
				A4F3EF1D0AB5DE3100A282F2 /* image-x-generic.png */,
				A4F3EF1F0AB5DE3B00A282F2 /* video-x-generic.png */,
				A44201ED0B21E551000B94D9 /* genepool.png */,
			);
			name = Resources;
			sourceTree = "<group>";
		};
		29B97323FDCFA39411CA2CEA /* Frameworks */ = {
			isa = PBXGroup;
			children = (
				1058C7A0FEA54F0111CA2CBB /* Linked Frameworks */,
				1058C7A2FEA54F0111CA2CBB /* Other Frameworks */,
			);
			name = Frameworks;
			sourceTree = "<group>";
		};
		A422B9D90B16336E00019559 /* GenePool */ = {
			isa = PBXGroup;
			children = (
				A422B9A30B16308200019559 /* GenePoolNibController.m */,
				A422B9A40B16308200019559 /* GenePoolNibController.h */,
				A422B9A60B16316E00019559 /* GenePoolController.h */,
				A422B9A70B16316E00019559 /* GenePoolController.m */,
				A422B9A90B1631A000019559 /* GenePoolModel.h */,
				A422B9AA0B1631A000019559 /* GenePoolModel.m */,
			);
			name = GenePool;
			sourceTree = "<group>";
		};
		A4E641F5096DA554002DE446 /* Models */ = {
			isa = PBXGroup;
			children = (
				A4D3633D09AB9CE20078025F /* genome.xcdatamodel */,
			);
			name = Models;
			sourceTree = "<group>";
		};
		A4FDDA670B56DBF60089AE35 /* lua */ = {
			isa = PBXGroup;
			children = (
				A40238E10B5811800086458F /* lualib.h */,
				A4FDDA5B0B56DAD20089AE35 /* lua.h */,
				A4FDDA560B56DAB10089AE35 /* lapi.h */,
				A4FDDA570B56DAB10089AE35 /* lauxlib.h */,
				A4FDD9FA0B56D6800089AE35 /* lapi.c */,
				A4FDD9FB0B56D6800089AE35 /* lauxlib.c */,
				A4FDD9FC0B56D6800089AE35 /* lbaselib.c */,
				A4FDD9FD0B56D6800089AE35 /* lcode.c */,
				A4FDD9FE0B56D6800089AE35 /* ldblib.c */,
				A4FDD9FF0B56D6800089AE35 /* ldebug.c */,
				A4FDDA000B56D6800089AE35 /* ldo.c */,
				A4FDDA010B56D6800089AE35 /* ldump.c */,
				A4FDDA020B56D6800089AE35 /* lfunc.c */,
				A4FDDA030B56D6800089AE35 /* lgc.c */,
				A4FDDA040B56D6800089AE35 /* linit.c */,
				A4FDDA050B56D6800089AE35 /* liolib.c */,
				A4FDDA060B56D6800089AE35 /* llex.c */,
				A4FDDA070B56D6800089AE35 /* lmathlib.c */,
				A4FDDA080B56D6800089AE35 /* lmem.c */,
				A4FDDA090B56D6800089AE35 /* loadlib.c */,
				A4FDDA0A0B56D6800089AE35 /* lobject.c */,
				A4FDDA0B0B56D6800089AE35 /* lopcodes.c */,
				A4FDDA0C0B56D6800089AE35 /* loslib.c */,
				A4FDDA0D0B56D6800089AE35 /* lparser.c */,
				A4FDDA0E0B56D6800089AE35 /* lstate.c */,
				A4FDDA0F0B56D6800089AE35 /* lstring.c */,
				A4FDDA100B56D6800089AE35 /* lstrlib.c */,
				A4FDDA110B56D6800089AE35 /* ltable.c */,
				A4FDDA120B56D6800089AE35 /* ltablib.c */,
				A4FDDA130B56D6800089AE35 /* ltm.c */,
				A4FDDA140B56D6800089AE35 /* lua.c */,
				A4FDDA150B56D6800089AE35 /* luac.c */,
				A4FDDA160B56D6800089AE35 /* lundump.c */,
				A4FDDA170B56D6800089AE35 /* lvm.c */,
				A4FDDA180B56D6800089AE35 /* lzio.c */,
				A4FDDA190B56D6800089AE35 /* print.c */,
			);
			name = lua;
			sourceTree = "<group>";
		};
/* End PBXGroup section */

/* Begin PBXHeadersBuildPhase section */
		A4FDD86B0B56B95C0089AE35 /* Headers */ = {
			isa = PBXHeadersBuildPhase;
			buildActionMask = 2147483647;
			files = (
				A4FDD88B0B56BA510089AE35 /* flam3.h in Headers */,
				A4FDD91B0B56C0850089AE35 /* flam3_tools.h in Headers */,
			);
			runOnlyForDeploymentPostprocessing = 0;
		};
		A4FDD9740B56D4A70089AE35 /* Headers */ = {
			isa = PBXHeadersBuildPhase;
			buildActionMask = 2147483647;
			files = (
				A40238E20B5811800086458F /* lualib.h in Headers */,
				A4FDDA580B56DAB10089AE35 /* lapi.h in Headers */,
				A4FDDA590B56DAB10089AE35 /* lauxlib.h in Headers */,
				A4FDDA5C0B56DAD20089AE35 /* lua.h in Headers */,
			);
			runOnlyForDeploymentPostprocessing = 0;
		};
/* End PBXHeadersBuildPhase section */

/* Begin PBXNativeTarget section */
		8D1107260486CEB800E47090 /* Oxidizer */ = {
			isa = PBXNativeTarget;
			buildConfigurationList = C01FCF4A08A954540054247B /* Build configuration list for PBXNativeTarget "Oxidizer" */;
			buildPhases = (
				A4FDD8AC0B56BC980089AE35 /* Copy Private Frameworks */,
				8D1107290486CEB800E47090 /* Resources */,
				8D11072C0486CEB800E47090 /* Sources */,
				8D11072E0486CEB800E47090 /* Frameworks */,
			);
			buildRules = (
			);
			dependencies = (
				A4FDD8C20B56BD530089AE35 /* PBXTargetDependency */,
				A4FDDA4B0B56D8BE0089AE35 /* PBXTargetDependency */,
			);
			name = Oxidizer;
			productInstallPath = "$(HOME)/Applications";
			productName = oxidizer;
			productReference = 8D1107320486CEB800E47090 /* Oxidizer.app */;
			productType = "com.apple.product-type.application";
		};
		A4FDD86F0B56B95C0089AE35 /* flam3 */ = {
			isa = PBXNativeTarget;
			buildConfigurationList = A4FDD8720B56B95D0089AE35 /* Build configuration list for PBXNativeTarget "flam3" */;
			buildPhases = (
				A4FDD86B0B56B95C0089AE35 /* Headers */,
				A4FDD86C0B56B95C0089AE35 /* Resources */,
				A4FDD86D0B56B95C0089AE35 /* Sources */,
				A4FDD86E0B56B95C0089AE35 /* Frameworks */,
			);
			buildRules = (
			);
			dependencies = (
			);
			name = flam3;
			productName = flam3;
			productReference = A4FDD8700B56B95C0089AE35 /* flam3.framework */;
			productType = "com.apple.product-type.framework";
		};
		A4FDD9780B56D4A70089AE35 /* lua */ = {
			isa = PBXNativeTarget;
			buildConfigurationList = A4FDD97B0B56D4A80089AE35 /* Build configuration list for PBXNativeTarget "lua" */;
			buildPhases = (
				A4FDD9740B56D4A70089AE35 /* Headers */,
				A4FDD9750B56D4A70089AE35 /* Resources */,
				A4FDD9760B56D4A70089AE35 /* Sources */,
				A4FDD9770B56D4A70089AE35 /* Frameworks */,
			);
			buildRules = (
			);
			dependencies = (
			);
			name = lua;
			productName = lua;
			productReference = A4FDD9790B56D4A70089AE35 /* lua.framework */;
			productType = "com.apple.product-type.framework";
		};
/* End PBXNativeTarget section */

/* Begin PBXProject section */
		29B97313FDCFA39411CA2CEA /* Project object */ = {
			isa = PBXProject;
			buildConfigurationList = C01FCF4E08A954540054247B /* Build configuration list for PBXProject "oxidizer" */;
			hasScannedForEncodings = 1;
			mainGroup = 29B97314FDCFA39411CA2CEA /* oxidizer */;
			projectDirPath = "";
			targets = (
				8D1107260486CEB800E47090 /* Oxidizer */,
				A4FDD86F0B56B95C0089AE35 /* flam3 */,
				A4FDD9780B56D4A70089AE35 /* lua */,
			);
		};
/* End PBXProject section */

/* Begin PBXResourcesBuildPhase section */
		8D1107290486CEB800E47090 /* Resources */ = {
			isa = PBXResourcesBuildPhase;
			buildActionMask = 2147483647;
			files = (
				A4E52E160A014F9500382558 /* flam3-palettes.xml in Resources */,
				8D11072A0486CEB800E47090 /* MainMenu.nib in Resources */,
				8D11072B0486CEB800E47090 /* InfoPlist.strings in Resources */,
				A4421BE509CF3CE900E9D39F /* oxidizer.icns in Resources */,
				A4F49CEC0AAB1D3C00FA4BE8 /* document-open.png in Resources */,
				A4F49CEE0AAB1D4B00FA4BE8 /* document-save.png in Resources */,
				A4F49CF00AAB1D5400FA4BE8 /* oxidizer_dna.png in Resources */,
				A4F3EF1E0AB5DE3100A282F2 /* image-x-generic.png in Resources */,
				A4F3EF200AB5DE3B00A282F2 /* video-x-generic.png in Resources */,
				A422B9A10B162E7800019559 /* GenePool.nib in Resources */,
				A44201EE0B21E551000B94D9 /* genepool.png in Resources */,
				A4FDD9390B56C1960089AE35 /* swig_interface.i in Resources */,
			);
			runOnlyForDeploymentPostprocessing = 0;
		};
		A4FDD86C0B56B95C0089AE35 /* Resources */ = {
			isa = PBXResourcesBuildPhase;
			buildActionMask = 2147483647;
			files = (
			);
			runOnlyForDeploymentPostprocessing = 0;
		};
		A4FDD9750B56D4A70089AE35 /* Resources */ = {
			isa = PBXResourcesBuildPhase;
			buildActionMask = 2147483647;
			files = (
			);
			runOnlyForDeploymentPostprocessing = 0;
		};
/* End PBXResourcesBuildPhase section */

/* Begin PBXSourcesBuildPhase section */
		8D11072C0486CEB800E47090 /* Sources */ = {
			isa = PBXSourcesBuildPhase;
			buildActionMask = 2147483647;
			files = (
				8D11072D0486CEB800E47090 /* main.m in Sources */,
				A4D604AB09658A6C0001CD1D /* PaletteController.m in Sources */,
				A4DA85880966DB7D00FFCF4D /* FractalFlameModel.m in Sources */,
				A4DA858E0966DD2A00FFCF4D /* EnvironmentController.m in Sources */,
				A4DA871D096712CA00FFCF4D /* FlameController.m in Sources */,
				A4F333A2096C813B00230854 /* Genome.m in Sources */,
				A4D3633E09AB9CE20078025F /* genome.xcdatamodel in Sources */,
				A4D6FA2D09B1E25200096036 /* GenomeManagedObject.m in Sources */,
				A4233E9409EFF3010047DC34 /* QuickTimeController.m in Sources */,
				A4DAB5A80A02A9F7003BA626 /* ThreadParameters.m in Sources */,
				A4A3027D0A28995D002828D9 /* BreedingController.m in Sources */,
				A4FDAB2A0A4EBA9400910299 /* DnDArrayController.m in Sources */,
				A4A3810E0A4F236700E7364C /* DnDImageView.m in Sources */,
				A4FADCE80A55A131004FC917 /* GreaterThanThreeTransformer.m in Sources */,
				A46A71580A72B44E0026DFD6 /* ProgressDetails.m in Sources */,
				A4EC3FA10A755B3A008E0023 /* QuicktimeThreadParameters.m in Sources */,
				A4F49C1B0AAB05C800FA4BE8 /* OxidizerDelegate.m in Sources */,
				A40CB5210AB8864300613AD6 /* DragDropAndSaveImageView.m in Sources */,
				A41E6CC00B0F429900713916 /* DnDButton.m in Sources */,
				A422B9A50B16308200019559 /* GenePoolNibController.m in Sources */,
				A422B9A80B16316E00019559 /* GenePoolController.m in Sources */,
				A422B9AB0B1631A000019559 /* GenePoolModel.m in Sources */,
			);
			runOnlyForDeploymentPostprocessing = 0;
		};
		A4FDD86D0B56B95C0089AE35 /* Sources */ = {
			isa = PBXSourcesBuildPhase;
			buildActionMask = 2147483647;
			files = (
				A4FDD8890B56BA160089AE35 /* flam3-palettes.c in Sources */,
				A4FDD88A0B56BA160089AE35 /* flam3.c in Sources */,
				A4FDD8E90B56BFAE0089AE35 /* flam3_tools.m in Sources */,
				A4FDD9580B56C7F60089AE35 /* lua_interface.c in Sources */,
			);
			runOnlyForDeploymentPostprocessing = 0;
		};
		A4FDD9760B56D4A70089AE35 /* Sources */ = {
			isa = PBXSourcesBuildPhase;
			buildActionMask = 2147483647;
			files = (
				A4FDDA1A0B56D6800089AE35 /* lapi.c in Sources */,
				A4FDDA1B0B56D6800089AE35 /* lauxlib.c in Sources */,
				A4FDDA1C0B56D6800089AE35 /* lbaselib.c in Sources */,
				A4FDDA1D0B56D6800089AE35 /* lcode.c in Sources */,
				A4FDDA1E0B56D6800089AE35 /* ldblib.c in Sources */,
				A4FDDA1F0B56D6800089AE35 /* ldebug.c in Sources */,
				A4FDDA200B56D6800089AE35 /* ldo.c in Sources */,
				A4FDDA210B56D6800089AE35 /* ldump.c in Sources */,
				A4FDDA220B56D6800089AE35 /* lfunc.c in Sources */,
				A4FDDA230B56D6800089AE35 /* lgc.c in Sources */,
				A4FDDA250B56D6800089AE35 /* liolib.c in Sources */,
				A4FDDA260B56D6800089AE35 /* llex.c in Sources */,
				A4FDDA270B56D6800089AE35 /* lmathlib.c in Sources */,
				A4FDDA280B56D6800089AE35 /* lmem.c in Sources */,
				A4FDDA290B56D6800089AE35 /* loadlib.c in Sources */,
				A4FDDA2A0B56D6800089AE35 /* lobject.c in Sources */,
				A4FDDA2B0B56D6800089AE35 /* lopcodes.c in Sources */,
				A4FDDA2C0B56D6800089AE35 /* loslib.c in Sources */,
				A4FDDA2D0B56D6800089AE35 /* lparser.c in Sources */,
				A4FDDA2E0B56D6800089AE35 /* lstate.c in Sources */,
				A4FDDA2F0B56D6800089AE35 /* lstring.c in Sources */,
				A4FDDA300B56D6800089AE35 /* lstrlib.c in Sources */,
				A4FDDA310B56D6800089AE35 /* ltable.c in Sources */,
				A4FDDA320B56D6800089AE35 /* ltablib.c in Sources */,
				A4FDDA330B56D6800089AE35 /* ltm.c in Sources */,
				A4FDDA360B56D6800089AE35 /* lundump.c in Sources */,
				A4FDDA370B56D6800089AE35 /* lvm.c in Sources */,
				A4FDDA380B56D6800089AE35 /* lzio.c in Sources */,
			);
			runOnlyForDeploymentPostprocessing = 0;
		};
/* End PBXSourcesBuildPhase section */

/* Begin PBXTargetDependency section */
		A4FDD8C20B56BD530089AE35 /* PBXTargetDependency */ = {
			isa = PBXTargetDependency;
			target = A4FDD86F0B56B95C0089AE35 /* flam3 */;
			targetProxy = A4FDD8C10B56BD530089AE35 /* PBXContainerItemProxy */;
		};
		A4FDDA4B0B56D8BE0089AE35 /* PBXTargetDependency */ = {
			isa = PBXTargetDependency;
			target = A4FDD9780B56D4A70089AE35 /* lua */;
			targetProxy = A4FDDA4A0B56D8BE0089AE35 /* PBXContainerItemProxy */;
		};
/* End PBXTargetDependency section */

/* Begin PBXVariantGroup section */
		089C165CFE840E0CC02AAC07 /* InfoPlist.strings */ = {
			isa = PBXVariantGroup;
			children = (
				089C165DFE840E0CC02AAC07 /* English */,
			);
			name = InfoPlist.strings;
			sourceTree = "<group>";
		};
		29B97318FDCFA39411CA2CEA /* MainMenu.nib */ = {
			isa = PBXVariantGroup;
			children = (
				29B97319FDCFA39411CA2CEA /* English */,
			);
			name = MainMenu.nib;
			sourceTree = "<group>";
		};
/* End PBXVariantGroup section */

/* Begin XCBuildConfiguration section */
		A4FDD8730B56B95D0089AE35 /* Debug */ = {
			isa = XCBuildConfiguration;
			buildSettings = {
				COPY_PHASE_STRIP = NO;
				DYLIB_COMPATIBILITY_VERSION = 1;
				DYLIB_CURRENT_VERSION = 1;
				FRAMEWORK_VERSION = A;
				GCC_DYNAMIC_NO_PIC = NO;
				GCC_ENABLE_FIX_AND_CONTINUE = YES;
				GCC_GENERATE_DEBUGGING_SYMBOLS = YES;
				GCC_MODEL_TUNING = G5;
				GCC_OPTIMIZATION_LEVEL = 0;
				GCC_PRECOMPILE_PREFIX_HEADER = NO;
				GCC_PREFIX_HEADER = "";
				HEADER_SEARCH_PATHS = /usr/include/libxml2;
				INFOPLIST_FILE = "flam3-Info.plist";
				INSTALL_PATH = "@executable_path/../Frameworks";
				LIBRARY_SEARCH_PATHS = "$(inherited)";
				OTHER_LDFLAGS = "";
				PREBINDING = NO;
				PRODUCT_NAME = flam3;
				ZERO_LINK = YES;
			};
			name = Debug;
		};
		A4FDD8740B56B95D0089AE35 /* Release */ = {
			isa = XCBuildConfiguration;
			buildSettings = {
				COPY_PHASE_STRIP = YES;
				DYLIB_COMPATIBILITY_VERSION = 1;
				DYLIB_CURRENT_VERSION = 1;
				FRAMEWORK_VERSION = A;
				GCC_ENABLE_FIX_AND_CONTINUE = NO;
				GCC_GENERATE_DEBUGGING_SYMBOLS = NO;
				GCC_MODEL_TUNING = G5;
				GCC_PRECOMPILE_PREFIX_HEADER = YES;
				GCC_PREFIX_HEADER = "$(SYSTEM_LIBRARY_DIR)/Frameworks/AppKit.framework/Headers/AppKit.h";
				INFOPLIST_FILE = "flam3-Info.plist";
				INSTALL_PATH = "$(HOME)/Library/Frameworks";
				LIBRARY_SEARCH_PATHS = (
					"$(inherited)",
					/opt/local/lib,
				);
				OTHER_LDFLAGS = (
					"-framework",
					Foundation,
					"-framework",
					AppKit,
				);
				PREBINDING = NO;
				PRODUCT_NAME = flam3;
				ZERO_LINK = NO;
			};
			name = Release;
		};
		A4FDD97C0B56D4A80089AE35 /* Debug */ = {
			isa = XCBuildConfiguration;
			buildSettings = {
				COPY_PHASE_STRIP = NO;
				DYLIB_COMPATIBILITY_VERSION = 1;
				DYLIB_CURRENT_VERSION = 1;
				FRAMEWORK_VERSION = A;
				GCC_DYNAMIC_NO_PIC = NO;
				GCC_ENABLE_FIX_AND_CONTINUE = YES;
				GCC_GENERATE_DEBUGGING_SYMBOLS = YES;
				GCC_MODEL_TUNING = G5;
				GCC_OPTIMIZATION_LEVEL = 0;
				GCC_PRECOMPILE_PREFIX_HEADER = YES;
				GCC_PREFIX_HEADER = "";
				INFOPLIST_FILE = "lua-Info.plist";
				INSTALL_PATH = "@executable_path/../Frameworks";
				LIBRARY_SEARCH_PATHS = (
					"$(inherited)",
					"$(LIBRARY_SEARCH_PATHS_QUOTED_1)",
				);
				LIBRARY_SEARCH_PATHS_QUOTED_1 = "\"$(SYSTEM_DEVELOPER_DIR)/SDKs/MacOSX10.4u.sdk/usr/lib\"";
				OTHER_CFLAGS = (
					"-DLUA_USE_MACOSX",
					"-DLUA_USE_READLINE",
				);
				OTHER_LDFLAGS = "";
				PREBINDING = NO;
				PRODUCT_NAME = lua;
				ZERO_LINK = YES;
			};
			name = Debug;
		};
		A4FDD97D0B56D4A80089AE35 /* Release */ = {
			isa = XCBuildConfiguration;
			buildSettings = {
				COPY_PHASE_STRIP = YES;
				DYLIB_COMPATIBILITY_VERSION = 1;
				DYLIB_CURRENT_VERSION = 1;
				FRAMEWORK_VERSION = A;
				GCC_ENABLE_FIX_AND_CONTINUE = NO;
				GCC_GENERATE_DEBUGGING_SYMBOLS = NO;
				GCC_MODEL_TUNING = G5;
				GCC_PRECOMPILE_PREFIX_HEADER = YES;
				GCC_PREFIX_HEADER = "$(SYSTEM_LIBRARY_DIR)/Frameworks/AppKit.framework/Headers/AppKit.h";
				INFOPLIST_FILE = "lua-Info.plist";
				INSTALL_PATH = "$(HOME)/Library/Frameworks";
				LIBRARY_SEARCH_PATHS = (
					"$(inherited)",
					"$(LIBRARY_SEARCH_PATHS_QUOTED_1)",
				);
				LIBRARY_SEARCH_PATHS_QUOTED_1 = "\"$(SYSTEM_DEVELOPER_DIR)/SDKs/MacOSX10.4u.sdk/usr/lib\"";
				OTHER_LDFLAGS = (
					"-framework",
					Foundation,
					"-framework",
					AppKit,
				);
				PREBINDING = NO;
				PRODUCT_NAME = lua;
				ZERO_LINK = NO;
			};
			name = Release;
		};
		C01FCF4B08A954540054247B /* Debug */ = {
			isa = XCBuildConfiguration;
			buildSettings = {
				ARCHS = (
					ppc,
					i386,
				);
				COPY_PHASE_STRIP = NO;
				FRAMEWORK_SEARCH_PATHS = "";
				GCC_DYNAMIC_NO_PIC = NO;
				GCC_ENABLE_FIX_AND_CONTINUE = YES;
				GCC_MODEL_TUNING = G5;
				GCC_OPTIMIZATION_LEVEL = 0;
				HEADER_SEARCH_PATHS = /usr/include/libxml2;
				INFOPLIST_FILE = Info.plist;
				INSTALL_PATH = "$(HOME)/Applications";
				LIBRARY_SEARCH_PATHS = "$(LIBRARY_SEARCH_PATHS)";
				PRODUCT_NAME = Oxidizer;
				WRAPPER_EXTENSION = app;
				ZERO_LINK = YES;
			};
			name = Debug;
		};
		C01FCF4C08A954540054247B /* Release */ = {
			isa = XCBuildConfiguration;
			buildSettings = {
				ARCHS = (
					ppc,
					i386,
				);
				FRAMEWORK_SEARCH_PATHS = "";
				GCC_GENERATE_DEBUGGING_SYMBOLS = NO;
				GCC_MODEL_TUNING = G5;
				HEADER_SEARCH_PATHS = /usr/include/libxml2;
				INFOPLIST_FILE = Info.plist;
				INSTALL_PATH = "$(HOME)/Applications";
				LIBRARY_SEARCH_PATHS = (
					"$(LIBRARY_SEARCH_PATHS)",
					/opt/local/lib,
				);
				PRODUCT_NAME = Oxidizer;
				WRAPPER_EXTENSION = app;
			};
			name = Release;
		};
		C01FCF4F08A954540054247B /* Debug */ = {
			isa = XCBuildConfiguration;
			buildSettings = {
				ARCHS = (
					ppc,
					i386,
				);
				GCC_DYNAMIC_NO_PIC = NO;
				GCC_ENABLE_SSE3_EXTENSIONS = YES;
				GCC_OPTIMIZATION_LEVEL = 3;
				GCC_WARN_ABOUT_RETURN_TYPE = YES;
				GCC_WARN_UNUSED_VARIABLE = YES;
				HEADER_SEARCH_PATHS = "";
				LIBRARY_SEARCH_PATHS = "";
				MACOSX_DEPLOYMENT_TARGET = 10.4;
				PREBINDING = NO;
				PRODUCT_NAME = Oxidizer;
				SDKROOT = /Developer/SDKs/MacOSX10.4u.sdk;
			};
			name = Debug;
		};
		C01FCF5008A954540054247B /* Release */ = {
			isa = XCBuildConfiguration;
			buildSettings = {
				ARCHS = (
					ppc,
					i686,
				);
				GCC_AUTO_VECTORIZATION = YES;
				GCC_DEBUGGING_SYMBOLS = default;
				GCC_DYNAMIC_NO_PIC = YES;
				GCC_ENABLE_SSE3_EXTENSIONS = YES;
				GCC_FAST_MATH = YES;
				GCC_FAST_OBJC_DISPATCH = YES;
				GCC_GENERATE_DEBUGGING_SYMBOLS = YES;
				GCC_OPTIMIZATION_LEVEL = 3;
				GCC_UNROLL_LOOPS = YES;
				GCC_WARN_ABOUT_RETURN_TYPE = YES;
				GCC_WARN_UNUSED_VARIABLE = YES;
				HEADER_SEARCH_PATHS = "";
				LIBRARY_SEARCH_PATHS = "";
				MACOSX_DEPLOYMENT_TARGET = 10.4;
				OTHER_CFLAGS = "";
				PREBINDING = NO;
				PRODUCT_NAME = Oxidizer;
				SDKROOT = /Developer/SDKs/MacOSX10.4u.sdk;
			};
			name = Release;
		};
/* End XCBuildConfiguration section */

/* Begin XCConfigurationList section */
		A4FDD8720B56B95D0089AE35 /* Build configuration list for PBXNativeTarget "flam3" */ = {
			isa = XCConfigurationList;
			buildConfigurations = (
				A4FDD8730B56B95D0089AE35 /* Debug */,
				A4FDD8740B56B95D0089AE35 /* Release */,
			);
			defaultConfigurationIsVisible = 0;
			defaultConfigurationName = Debug;
		};
		A4FDD97B0B56D4A80089AE35 /* Build configuration list for PBXNativeTarget "lua" */ = {
			isa = XCConfigurationList;
			buildConfigurations = (
				A4FDD97C0B56D4A80089AE35 /* Debug */,
				A4FDD97D0B56D4A80089AE35 /* Release */,
			);
			defaultConfigurationIsVisible = 0;
			defaultConfigurationName = Debug;
		};
		C01FCF4A08A954540054247B /* Build configuration list for PBXNativeTarget "Oxidizer" */ = {
			isa = XCConfigurationList;
			buildConfigurations = (
				C01FCF4B08A954540054247B /* Debug */,
				C01FCF4C08A954540054247B /* Release */,
			);
			defaultConfigurationIsVisible = 0;
			defaultConfigurationName = Debug;
		};
		C01FCF4E08A954540054247B /* Build configuration list for PBXProject "oxidizer" */ = {
			isa = XCConfigurationList;
			buildConfigurations = (
				C01FCF4F08A954540054247B /* Debug */,
				C01FCF5008A954540054247B /* Release */,
			);
			defaultConfigurationIsVisible = 0;
			defaultConfigurationName = Debug;
		};
/* End XCConfigurationList section */
	};
	rootObject = 29B97313FDCFA39411CA2CEA /* Project object */;
}
