// !$*UTF8*$!
{
	archiveVersion = 1;
	classes = {
	};
	objectVersion = 42;
	objects = {

/* Begin PBXAggregateTarget section */
		4BDB57490854EA0400798A4F /* Everything */ = {
			isa = PBXAggregateTarget;
			buildConfigurationList = 4B4A60A10924CAFC00A2BE53 /* Build configuration list for PBXAggregateTarget "Everything" */;
			buildPhases = (
			);
			dependencies = (
				4BDB574B0854EA0A00798A4F /* PBXTargetDependency */,
				4B89765E090BE709006A3DF7 /* PBXTargetDependency */,
				4BDB574F0854EA0A00798A4F /* PBXTargetDependency */,
				4BDB574D0854EA0A00798A4F /* PBXTargetDependency */,
				4B262A630B4FC12100A43D62 /* PBXTargetDependency */,
			);
			name = Everything;
			productName = Everything;
		};
/* End PBXAggregateTarget section */

/* Begin PBXBuildFile section */
		4B1114C20828E15C007DD523 /* LuaObjCBridge.m in Sources */ = {isa = PBXBuildFile; fileRef = 4B1114C00828E15C007DD523 /* LuaObjCBridge.m */; };
		4B20F5EC0A09FF3000AE8B7C /* lauxlib.h in Headers */ = {isa = PBXBuildFile; fileRef = 4BCA7A3509E39213008E078D /* lauxlib.h */; settings = {ATTRIBUTES = (Public, ); }; };
		4B20F5ED0A09FF3000AE8B7C /* lua.h in Headers */ = {isa = PBXBuildFile; fileRef = 4BCA7A3609E39213008E078D /* lua.h */; settings = {ATTRIBUTES = (Public, ); }; };
		4B20F5EE0A09FF3000AE8B7C /* lualib.h in Headers */ = {isa = PBXBuildFile; fileRef = 4BCA7A3709E39213008E078D /* lualib.h */; settings = {ATTRIBUTES = (Public, ); }; };
		4B20F6360A0A00F700AE8B7C /* lapi.h in Headers */ = {isa = PBXBuildFile; fileRef = 4BCA7A3D09E39213008E078D /* lapi.h */; settings = {ATTRIBUTES = (Public, ); }; };
		4B20F6370A0A00F700AE8B7C /* lcode.h in Headers */ = {isa = PBXBuildFile; fileRef = 4BCA7A3F09E39213008E078D /* lcode.h */; settings = {ATTRIBUTES = (Public, ); }; };
		4B20F6380A0A00F700AE8B7C /* ldebug.h in Headers */ = {isa = PBXBuildFile; fileRef = 4BCA7A4109E39213008E078D /* ldebug.h */; settings = {ATTRIBUTES = (Public, ); }; };
		4B20F6390A0A00F700AE8B7C /* ldo.h in Headers */ = {isa = PBXBuildFile; fileRef = 4BCA7A4309E39213008E078D /* ldo.h */; settings = {ATTRIBUTES = (Public, ); }; };
		4B20F63A0A0A00F700AE8B7C /* lfunc.h in Headers */ = {isa = PBXBuildFile; fileRef = 4BCA7A4609E39213008E078D /* lfunc.h */; settings = {ATTRIBUTES = (Public, ); }; };
		4B20F63B0A0A00F700AE8B7C /* lgc.h in Headers */ = {isa = PBXBuildFile; fileRef = 4BCA7A4809E39213008E078D /* lgc.h */; settings = {ATTRIBUTES = (Public, ); }; };
		4B20F63C0A0A00F700AE8B7C /* llex.h in Headers */ = {isa = PBXBuildFile; fileRef = 4BCA7A4B09E39213008E078D /* llex.h */; settings = {ATTRIBUTES = (Public, ); }; };
		4B20F63D0A0A00F700AE8B7C /* llimits.h in Headers */ = {isa = PBXBuildFile; fileRef = 4BCA7A4C09E39213008E078D /* llimits.h */; settings = {ATTRIBUTES = (Public, ); }; };
		4B20F63E0A0A00F700AE8B7C /* lmem.h in Headers */ = {isa = PBXBuildFile; fileRef = 4BCA7A4E09E39213008E078D /* lmem.h */; settings = {ATTRIBUTES = (Public, ); }; };
		4B20F63F0A0A00F700AE8B7C /* lobject.h in Headers */ = {isa = PBXBuildFile; fileRef = 4BCA7A5009E39213008E078D /* lobject.h */; settings = {ATTRIBUTES = (Public, ); }; };
		4B20F6400A0A00F700AE8B7C /* lopcodes.h in Headers */ = {isa = PBXBuildFile; fileRef = 4BCA7A5209E39213008E078D /* lopcodes.h */; settings = {ATTRIBUTES = (Public, ); }; };
		4B20F6410A0A00F700AE8B7C /* lparser.h in Headers */ = {isa = PBXBuildFile; fileRef = 4BCA7A5409E39213008E078D /* lparser.h */; settings = {ATTRIBUTES = (Public, ); }; };
		4B20F6420A0A00F700AE8B7C /* lstate.h in Headers */ = {isa = PBXBuildFile; fileRef = 4BCA7A5609E39213008E078D /* lstate.h */; settings = {ATTRIBUTES = (Public, ); }; };
		4B20F6430A0A00F700AE8B7C /* lstring.h in Headers */ = {isa = PBXBuildFile; fileRef = 4BCA7A5809E39213008E078D /* lstring.h */; settings = {ATTRIBUTES = (Public, ); }; };
		4B20F6440A0A00F700AE8B7C /* ltable.h in Headers */ = {isa = PBXBuildFile; fileRef = 4BCA7A5A09E39213008E078D /* ltable.h */; settings = {ATTRIBUTES = (Public, ); }; };
		4B20F6450A0A00F700AE8B7C /* ltm.h in Headers */ = {isa = PBXBuildFile; fileRef = 4BCA7A5C09E39213008E078D /* ltm.h */; settings = {ATTRIBUTES = (Public, ); }; };
		4B20F6460A0A00F700AE8B7C /* luaconf.h in Headers */ = {isa = PBXBuildFile; fileRef = 4BCA7A5D09E39213008E078D /* luaconf.h */; settings = {ATTRIBUTES = (Public, ); }; };
		4B20F6470A0A00F700AE8B7C /* lundump.h in Headers */ = {isa = PBXBuildFile; fileRef = 4BCA7A5F09E39213008E078D /* lundump.h */; settings = {ATTRIBUTES = (Public, ); }; };
		4B20F6480A0A00F700AE8B7C /* lvm.h in Headers */ = {isa = PBXBuildFile; fileRef = 4BCA7A6109E39213008E078D /* lvm.h */; settings = {ATTRIBUTES = (Public, ); }; };
		4B20F6490A0A00F700AE8B7C /* lzio.h in Headers */ = {isa = PBXBuildFile; fileRef = 4BCA7A6309E39213008E078D /* lzio.h */; settings = {ATTRIBUTES = (Public, ); }; };
		4B262AA30B4FC30100A43D62 /* LuaObjCBridge.h in Headers */ = {isa = PBXBuildFile; fileRef = 4B96EBEA0A95E4880000BDD9 /* LuaObjCBridge.h */; settings = {ATTRIBUTES = (Public, ); }; };
		4B277B380A7E9F0A0051C47A /* Test.m in Sources */ = {isa = PBXBuildFile; fileRef = 4BEC4EA50A70ADAA0079961A /* Test.m */; };
		4B277B3A0A7E9F130051C47A /* LuaObjCBridge.framework in Frameworks */ = {isa = PBXBuildFile; fileRef = 4B4FE50F08278784007685F3 /* LuaObjCBridge.framework */; };
		4B277B780A7E9FED0051C47A /* Cocoa.framework in Frameworks */ = {isa = PBXBuildFile; fileRef = 4BA926F3085133BE0073884D /* Cocoa.framework */; };
		4B897684090BE784006A3DF7 /* liblua.dylib in Frameworks */ = {isa = PBXBuildFile; fileRef = 4B897658090BE6D1006A3DF7 /* liblua.dylib */; };
		4B8976DB090BEA0B006A3DF7 /* liblua.dylib in Frameworks */ = {isa = PBXBuildFile; fileRef = 4B897658090BE6D1006A3DF7 /* liblua.dylib */; };
		4B96EBEB0A95E4880000BDD9 /* LuaObjCBridge.h in CopyFiles */ = {isa = PBXBuildFile; fileRef = 4B96EBEA0A95E4880000BDD9 /* LuaObjCBridge.h */; };
		4BA92091085120A80073884D /* LuaObjCBridge.m in Sources */ = {isa = PBXBuildFile; fileRef = 4B1114C00828E15C007DD523 /* LuaObjCBridge.m */; };
		4BA923D9085123BE0073884D /* Foundation.framework in Frameworks */ = {isa = PBXBuildFile; fileRef = 4BA920A1085123850073884D /* Foundation.framework */; };
		4BA926F5085133BE0073884D /* Cocoa.framework in Frameworks */ = {isa = PBXBuildFile; fileRef = 4BA926F3085133BE0073884D /* Cocoa.framework */; };
		4BCA7AC509E39213008E078D /* lauxlib.c in Sources */ = {isa = PBXBuildFile; fileRef = 4BCA7A2B09E39213008E078D /* lauxlib.c */; };
		4BCA7AC609E39213008E078D /* lbaselib.c in Sources */ = {isa = PBXBuildFile; fileRef = 4BCA7A2C09E39213008E078D /* lbaselib.c */; };
		4BCA7AC709E39213008E078D /* ldblib.c in Sources */ = {isa = PBXBuildFile; fileRef = 4BCA7A2D09E39213008E078D /* ldblib.c */; };
		4BCA7AC809E39213008E078D /* liolib.c in Sources */ = {isa = PBXBuildFile; fileRef = 4BCA7A2E09E39213008E078D /* liolib.c */; };
		4BCA7AC909E39213008E078D /* lmathlib.c in Sources */ = {isa = PBXBuildFile; fileRef = 4BCA7A2F09E39213008E078D /* lmathlib.c */; };
		4BCA7ACA09E39213008E078D /* loadlib.c in Sources */ = {isa = PBXBuildFile; fileRef = 4BCA7A3009E39213008E078D /* loadlib.c */; };
		4BCA7ACB09E39213008E078D /* loslib.c in Sources */ = {isa = PBXBuildFile; fileRef = 4BCA7A3109E39213008E078D /* loslib.c */; };
		4BCA7ACC09E39213008E078D /* lstrlib.c in Sources */ = {isa = PBXBuildFile; fileRef = 4BCA7A3209E39213008E078D /* lstrlib.c */; };
		4BCA7ACD09E39213008E078D /* ltablib.c in Sources */ = {isa = PBXBuildFile; fileRef = 4BCA7A3309E39213008E078D /* ltablib.c */; };
		4BCA7ACE09E39213008E078D /* lauxlib.h in CopyFiles */ = {isa = PBXBuildFile; fileRef = 4BCA7A3509E39213008E078D /* lauxlib.h */; };
		4BCA7ACF09E39213008E078D /* lua.h in CopyFiles */ = {isa = PBXBuildFile; fileRef = 4BCA7A3609E39213008E078D /* lua.h */; };
		4BCA7AD009E39213008E078D /* lualib.h in CopyFiles */ = {isa = PBXBuildFile; fileRef = 4BCA7A3709E39213008E078D /* lualib.h */; };
		4BCA7AD309E39213008E078D /* lapi.c in Sources */ = {isa = PBXBuildFile; fileRef = 4BCA7A3C09E39213008E078D /* lapi.c */; };
		4BCA7AD409E39213008E078D /* lapi.h in CopyFiles */ = {isa = PBXBuildFile; fileRef = 4BCA7A3D09E39213008E078D /* lapi.h */; };
		4BCA7AD509E39213008E078D /* lcode.c in Sources */ = {isa = PBXBuildFile; fileRef = 4BCA7A3E09E39213008E078D /* lcode.c */; };
		4BCA7AD609E39213008E078D /* lcode.h in CopyFiles */ = {isa = PBXBuildFile; fileRef = 4BCA7A3F09E39213008E078D /* lcode.h */; };
		4BCA7AD709E39213008E078D /* ldebug.c in Sources */ = {isa = PBXBuildFile; fileRef = 4BCA7A4009E39213008E078D /* ldebug.c */; };
		4BCA7AD809E39213008E078D /* ldebug.h in CopyFiles */ = {isa = PBXBuildFile; fileRef = 4BCA7A4109E39213008E078D /* ldebug.h */; };
		4BCA7AD909E39213008E078D /* ldo.c in Sources */ = {isa = PBXBuildFile; fileRef = 4BCA7A4209E39213008E078D /* ldo.c */; };
		4BCA7ADA09E39213008E078D /* ldo.h in CopyFiles */ = {isa = PBXBuildFile; fileRef = 4BCA7A4309E39213008E078D /* ldo.h */; };
		4BCA7ADB09E39213008E078D /* ldump.c in Sources */ = {isa = PBXBuildFile; fileRef = 4BCA7A4409E39213008E078D /* ldump.c */; };
		4BCA7ADC09E39213008E078D /* lfunc.c in Sources */ = {isa = PBXBuildFile; fileRef = 4BCA7A4509E39213008E078D /* lfunc.c */; };
		4BCA7ADD09E39213008E078D /* lfunc.h in CopyFiles */ = {isa = PBXBuildFile; fileRef = 4BCA7A4609E39213008E078D /* lfunc.h */; };
		4BCA7ADE09E39213008E078D /* lgc.c in Sources */ = {isa = PBXBuildFile; fileRef = 4BCA7A4709E39213008E078D /* lgc.c */; };
		4BCA7ADF09E39213008E078D /* lgc.h in CopyFiles */ = {isa = PBXBuildFile; fileRef = 4BCA7A4809E39213008E078D /* lgc.h */; };
		4BCA7AE009E39213008E078D /* linit.c in Sources */ = {isa = PBXBuildFile; fileRef = 4BCA7A4909E39213008E078D /* linit.c */; };
		4BCA7AE109E39213008E078D /* llex.c in Sources */ = {isa = PBXBuildFile; fileRef = 4BCA7A4A09E39213008E078D /* llex.c */; };
		4BCA7AE209E39213008E078D /* llex.h in CopyFiles */ = {isa = PBXBuildFile; fileRef = 4BCA7A4B09E39213008E078D /* llex.h */; };
		4BCA7AE309E39213008E078D /* llimits.h in CopyFiles */ = {isa = PBXBuildFile; fileRef = 4BCA7A4C09E39213008E078D /* llimits.h */; };
		4BCA7AE409E39213008E078D /* lmem.c in Sources */ = {isa = PBXBuildFile; fileRef = 4BCA7A4D09E39213008E078D /* lmem.c */; };
		4BCA7AE509E39213008E078D /* lmem.h in CopyFiles */ = {isa = PBXBuildFile; fileRef = 4BCA7A4E09E39213008E078D /* lmem.h */; };
		4BCA7AE609E39213008E078D /* lobject.c in Sources */ = {isa = PBXBuildFile; fileRef = 4BCA7A4F09E39213008E078D /* lobject.c */; };
		4BCA7AE709E39213008E078D /* lobject.h in CopyFiles */ = {isa = PBXBuildFile; fileRef = 4BCA7A5009E39213008E078D /* lobject.h */; };
		4BCA7AE809E39213008E078D /* lopcodes.c in Sources */ = {isa = PBXBuildFile; fileRef = 4BCA7A5109E39213008E078D /* lopcodes.c */; };
		4BCA7AE909E39213008E078D /* lopcodes.h in CopyFiles */ = {isa = PBXBuildFile; fileRef = 4BCA7A5209E39213008E078D /* lopcodes.h */; };
		4BCA7AEA09E39213008E078D /* lparser.c in Sources */ = {isa = PBXBuildFile; fileRef = 4BCA7A5309E39213008E078D /* lparser.c */; };
		4BCA7AEB09E39213008E078D /* lparser.h in CopyFiles */ = {isa = PBXBuildFile; fileRef = 4BCA7A5409E39213008E078D /* lparser.h */; };
		4BCA7AEC09E39213008E078D /* lstate.c in Sources */ = {isa = PBXBuildFile; fileRef = 4BCA7A5509E39213008E078D /* lstate.c */; };
		4BCA7AED09E39213008E078D /* lstate.h in CopyFiles */ = {isa = PBXBuildFile; fileRef = 4BCA7A5609E39213008E078D /* lstate.h */; };
		4BCA7AEE09E39213008E078D /* lstring.c in Sources */ = {isa = PBXBuildFile; fileRef = 4BCA7A5709E39213008E078D /* lstring.c */; };
		4BCA7AEF09E39213008E078D /* lstring.h in CopyFiles */ = {isa = PBXBuildFile; fileRef = 4BCA7A5809E39213008E078D /* lstring.h */; };
		4BCA7AF009E39213008E078D /* ltable.c in Sources */ = {isa = PBXBuildFile; fileRef = 4BCA7A5909E39213008E078D /* ltable.c */; };
		4BCA7AF109E39213008E078D /* ltable.h in CopyFiles */ = {isa = PBXBuildFile; fileRef = 4BCA7A5A09E39213008E078D /* ltable.h */; };
		4BCA7AF209E39213008E078D /* ltm.c in Sources */ = {isa = PBXBuildFile; fileRef = 4BCA7A5B09E39213008E078D /* ltm.c */; };
		4BCA7AF309E39213008E078D /* ltm.h in CopyFiles */ = {isa = PBXBuildFile; fileRef = 4BCA7A5C09E39213008E078D /* ltm.h */; };
		4BCA7AF409E39213008E078D /* luaconf.h in CopyFiles */ = {isa = PBXBuildFile; fileRef = 4BCA7A5D09E39213008E078D /* luaconf.h */; };
		4BCA7AF509E39213008E078D /* lundump.c in Sources */ = {isa = PBXBuildFile; fileRef = 4BCA7A5E09E39213008E078D /* lundump.c */; };
		4BCA7AF609E39213008E078D /* lundump.h in CopyFiles */ = {isa = PBXBuildFile; fileRef = 4BCA7A5F09E39213008E078D /* lundump.h */; };
		4BCA7AF709E39213008E078D /* lvm.c in Sources */ = {isa = PBXBuildFile; fileRef = 4BCA7A6009E39213008E078D /* lvm.c */; };
		4BCA7AF809E39213008E078D /* lvm.h in CopyFiles */ = {isa = PBXBuildFile; fileRef = 4BCA7A6109E39213008E078D /* lvm.h */; };
		4BCA7AF909E39213008E078D /* lzio.c in Sources */ = {isa = PBXBuildFile; fileRef = 4BCA7A6209E39213008E078D /* lzio.c */; };
		4BCA7AFA09E39213008E078D /* lzio.h in CopyFiles */ = {isa = PBXBuildFile; fileRef = 4BCA7A6309E39213008E078D /* lzio.h */; };
		4BCA7B0009E39213008E078D /* lauxlib.c in Sources */ = {isa = PBXBuildFile; fileRef = 4BCA7A2B09E39213008E078D /* lauxlib.c */; };
		4BCA7B0109E39213008E078D /* lbaselib.c in Sources */ = {isa = PBXBuildFile; fileRef = 4BCA7A2C09E39213008E078D /* lbaselib.c */; };
		4BCA7B0209E39213008E078D /* ldblib.c in Sources */ = {isa = PBXBuildFile; fileRef = 4BCA7A2D09E39213008E078D /* ldblib.c */; };
		4BCA7B0309E39213008E078D /* liolib.c in Sources */ = {isa = PBXBuildFile; fileRef = 4BCA7A2E09E39213008E078D /* liolib.c */; };
		4BCA7B0409E39213008E078D /* lmathlib.c in Sources */ = {isa = PBXBuildFile; fileRef = 4BCA7A2F09E39213008E078D /* lmathlib.c */; };
		4BCA7B0509E39213008E078D /* loadlib.c in Sources */ = {isa = PBXBuildFile; fileRef = 4BCA7A3009E39213008E078D /* loadlib.c */; };
		4BCA7B0609E39213008E078D /* loslib.c in Sources */ = {isa = PBXBuildFile; fileRef = 4BCA7A3109E39213008E078D /* loslib.c */; };
		4BCA7B0709E39213008E078D /* lstrlib.c in Sources */ = {isa = PBXBuildFile; fileRef = 4BCA7A3209E39213008E078D /* lstrlib.c */; };
		4BCA7B0809E39213008E078D /* ltablib.c in Sources */ = {isa = PBXBuildFile; fileRef = 4BCA7A3309E39213008E078D /* ltablib.c */; };
		4BCA7B0E09E39213008E078D /* lapi.c in Sources */ = {isa = PBXBuildFile; fileRef = 4BCA7A3C09E39213008E078D /* lapi.c */; };
		4BCA7B1009E39213008E078D /* lcode.c in Sources */ = {isa = PBXBuildFile; fileRef = 4BCA7A3E09E39213008E078D /* lcode.c */; };
		4BCA7B1209E39213008E078D /* ldebug.c in Sources */ = {isa = PBXBuildFile; fileRef = 4BCA7A4009E39213008E078D /* ldebug.c */; };
		4BCA7B1409E39213008E078D /* ldo.c in Sources */ = {isa = PBXBuildFile; fileRef = 4BCA7A4209E39213008E078D /* ldo.c */; };
		4BCA7B1609E39213008E078D /* ldump.c in Sources */ = {isa = PBXBuildFile; fileRef = 4BCA7A4409E39213008E078D /* ldump.c */; };
		4BCA7B1709E39213008E078D /* lfunc.c in Sources */ = {isa = PBXBuildFile; fileRef = 4BCA7A4509E39213008E078D /* lfunc.c */; };
		4BCA7B1909E39213008E078D /* lgc.c in Sources */ = {isa = PBXBuildFile; fileRef = 4BCA7A4709E39213008E078D /* lgc.c */; };
		4BCA7B1B09E39213008E078D /* linit.c in Sources */ = {isa = PBXBuildFile; fileRef = 4BCA7A4909E39213008E078D /* linit.c */; };
		4BCA7B1C09E39213008E078D /* llex.c in Sources */ = {isa = PBXBuildFile; fileRef = 4BCA7A4A09E39213008E078D /* llex.c */; };
		4BCA7B1F09E39213008E078D /* lmem.c in Sources */ = {isa = PBXBuildFile; fileRef = 4BCA7A4D09E39213008E078D /* lmem.c */; };
		4BCA7B2109E39213008E078D /* lobject.c in Sources */ = {isa = PBXBuildFile; fileRef = 4BCA7A4F09E39213008E078D /* lobject.c */; };
		4BCA7B2309E39213008E078D /* lopcodes.c in Sources */ = {isa = PBXBuildFile; fileRef = 4BCA7A5109E39213008E078D /* lopcodes.c */; };
		4BCA7B2509E39213008E078D /* lparser.c in Sources */ = {isa = PBXBuildFile; fileRef = 4BCA7A5309E39213008E078D /* lparser.c */; };
		4BCA7B2709E39213008E078D /* lstate.c in Sources */ = {isa = PBXBuildFile; fileRef = 4BCA7A5509E39213008E078D /* lstate.c */; };
		4BCA7B2909E39213008E078D /* lstring.c in Sources */ = {isa = PBXBuildFile; fileRef = 4BCA7A5709E39213008E078D /* lstring.c */; };
		4BCA7B2B09E39213008E078D /* ltable.c in Sources */ = {isa = PBXBuildFile; fileRef = 4BCA7A5909E39213008E078D /* ltable.c */; };
		4BCA7B2D09E39213008E078D /* ltm.c in Sources */ = {isa = PBXBuildFile; fileRef = 4BCA7A5B09E39213008E078D /* ltm.c */; };
		4BCA7B3009E39213008E078D /* lundump.c in Sources */ = {isa = PBXBuildFile; fileRef = 4BCA7A5E09E39213008E078D /* lundump.c */; };
		4BCA7B3209E39213008E078D /* lvm.c in Sources */ = {isa = PBXBuildFile; fileRef = 4BCA7A6009E39213008E078D /* lvm.c */; };
		4BCA7B3409E39213008E078D /* lzio.c in Sources */ = {isa = PBXBuildFile; fileRef = 4BCA7A6209E39213008E078D /* lzio.c */; };
		4BD0951B0A1C5256004D38A5 /* lua.c in Sources */ = {isa = PBXBuildFile; fileRef = 4BCA7A3909E39213008E078D /* lua.c */; };
		4BD0951C0A1C5256004D38A5 /* print.c in Sources */ = {isa = PBXBuildFile; fileRef = 4BCA7A3A09E39213008E078D /* print.c */; };
/* End PBXBuildFile section */

/* Begin PBXContainerItemProxy section */
		4B262A620B4FC12100A43D62 /* PBXContainerItemProxy */ = {
			isa = PBXContainerItemProxy;
			containerPortal = 4B4FE4BE0827873F007685F3 /* Project object */;
			proxyType = 1;
			remoteGlobalIDString = 4B277B330A7E9EF00051C47A;
			remoteInfo = Test;
		};
		4B277B3B0A7E9F1B0051C47A /* PBXContainerItemProxy */ = {
			isa = PBXContainerItemProxy;
			containerPortal = 4B4FE4BE0827873F007685F3 /* Project object */;
			proxyType = 1;
			remoteGlobalIDString = 4B4FE50E08278784007685F3;
			remoteInfo = LuaObjCBridge.framework;
		};
		4B89765D090BE709006A3DF7 /* PBXContainerItemProxy */ = {
			isa = PBXContainerItemProxy;
			containerPortal = 4B4FE4BE0827873F007685F3 /* Project object */;
			proxyType = 1;
			remoteGlobalIDString = 4B897657090BE6D1006A3DF7;
			remoteInfo = Lua.dylib;
		};
		4BDB574A0854EA0A00798A4F /* PBXContainerItemProxy */ = {
			isa = PBXContainerItemProxy;
			containerPortal = 4B4FE4BE0827873F007685F3 /* Project object */;
			proxyType = 1;
			remoteGlobalIDString = 4B4FE50E08278784007685F3;
			remoteInfo = LuaObjCBridge;
		};
		4BDB574C0854EA0A00798A4F /* PBXContainerItemProxy */ = {
			isa = PBXContainerItemProxy;
			containerPortal = 4B4FE4BE0827873F007685F3 /* Project object */;
			proxyType = 1;
			remoteGlobalIDString = 4B4FE516082787AB007685F3;
			remoteInfo = lua;
		};
		4BDB574E0854EA0A00798A4F /* PBXContainerItemProxy */ = {
			isa = PBXContainerItemProxy;
			containerPortal = 4B4FE4BE0827873F007685F3 /* Project object */;
			proxyType = 1;
			remoteGlobalIDString = 4BAA6C4A0851051E00FA8A60;
			remoteInfo = objc;
		};
/* End PBXContainerItemProxy section */

/* Begin PBXCopyFilesBuildPhase section */
		4B262AB30B4FC37700A43D62 /* CopyFiles */ = {
			isa = PBXCopyFilesBuildPhase;
			buildActionMask = 8;
			dstPath = /usr/local/include/lua;
			dstSubfolderSpec = 0;
			files = (
				4B96EBEB0A95E4880000BDD9 /* LuaObjCBridge.h in CopyFiles */,
			);
			runOnlyForDeploymentPostprocessing = 1;
		};
		4B262BA40B4FD77700A43D62 /* CopyFiles */ = {
			isa = PBXCopyFilesBuildPhase;
			buildActionMask = 2147483647;
			dstPath = "";
			dstSubfolderSpec = 7;
			files = (
			);
			runOnlyForDeploymentPostprocessing = 0;
		};
		4B89765F090BE726006A3DF7 /* CopyFiles */ = {
			isa = PBXCopyFilesBuildPhase;
			buildActionMask = 8;
			dstPath = /usr/local/include/lua;
			dstSubfolderSpec = 0;
			files = (
				4BCA7ACE09E39213008E078D /* lauxlib.h in CopyFiles */,
				4BCA7ACF09E39213008E078D /* lua.h in CopyFiles */,
				4BCA7AD009E39213008E078D /* lualib.h in CopyFiles */,
				4BCA7AD409E39213008E078D /* lapi.h in CopyFiles */,
				4BCA7AD609E39213008E078D /* lcode.h in CopyFiles */,
				4BCA7AD809E39213008E078D /* ldebug.h in CopyFiles */,
				4BCA7ADA09E39213008E078D /* ldo.h in CopyFiles */,
				4BCA7ADD09E39213008E078D /* lfunc.h in CopyFiles */,
				4BCA7ADF09E39213008E078D /* lgc.h in CopyFiles */,
				4BCA7AE209E39213008E078D /* llex.h in CopyFiles */,
				4BCA7AE309E39213008E078D /* llimits.h in CopyFiles */,
				4BCA7AE509E39213008E078D /* lmem.h in CopyFiles */,
				4BCA7AE709E39213008E078D /* lobject.h in CopyFiles */,
				4BCA7AE909E39213008E078D /* lopcodes.h in CopyFiles */,
				4BCA7AEB09E39213008E078D /* lparser.h in CopyFiles */,
				4BCA7AED09E39213008E078D /* lstate.h in CopyFiles */,
				4BCA7AEF09E39213008E078D /* lstring.h in CopyFiles */,
				4BCA7AF109E39213008E078D /* ltable.h in CopyFiles */,
				4BCA7AF309E39213008E078D /* ltm.h in CopyFiles */,
				4BCA7AF409E39213008E078D /* luaconf.h in CopyFiles */,
				4BCA7AF609E39213008E078D /* lundump.h in CopyFiles */,
				4BCA7AF809E39213008E078D /* lvm.h in CopyFiles */,
				4BCA7AFA09E39213008E078D /* lzio.h in CopyFiles */,
			);
			runOnlyForDeploymentPostprocessing = 1;
		};
/* End PBXCopyFilesBuildPhase section */

/* Begin PBXFileReference section */
		4B1114C00828E15C007DD523 /* LuaObjCBridge.m */ = {isa = PBXFileReference; fileEncoding = 30; lastKnownFileType = sourcecode.c.objc; path = LuaObjCBridge.m; sourceTree = "<group>"; };
		4B277B340A7E9EF00051C47A /* Test */ = {isa = PBXFileReference; explicitFileType = "compiled.mach-o.executable"; includeInIndex = 0; path = Test; sourceTree = BUILT_PRODUCTS_DIR; };
		4B4FE4C408278751007685F3 /* LuaObjCBridge-Prefix.h */ = {isa = PBXFileReference; fileEncoding = 30; lastKnownFileType = sourcecode.c.h; path = "LuaObjCBridge-Prefix.h"; sourceTree = "<group>"; };
		4B4FE50408278751007685F3 /* English */ = {isa = PBXFileReference; fileEncoding = 30; lastKnownFileType = text.plist.strings; name = English; path = English.lproj/InfoPlist.strings; sourceTree = "<group>"; };
		4B4FE50508278751007685F3 /* LuaObjcBridge-Info.plist */ = {isa = PBXFileReference; fileEncoding = 30; lastKnownFileType = text.xml; path = "LuaObjcBridge-Info.plist"; sourceTree = "<group>"; };
		4B4FE50608278751007685F3 /* Release Notes.rtf */ = {isa = PBXFileReference; lastKnownFileType = text.rtf; name = "Release Notes.rtf"; path = "Resources/Release Notes.rtf"; sourceTree = "<group>"; };
		4B4FE50708278751007685F3 /* version.plist */ = {isa = PBXFileReference; fileEncoding = 30; lastKnownFileType = text.xml; path = version.plist; sourceTree = "<group>"; };
		4B4FE50F08278784007685F3 /* LuaObjCBridge.framework */ = {isa = PBXFileReference; explicitFileType = wrapper.framework; includeInIndex = 0; path = LuaObjCBridge.framework; sourceTree = BUILT_PRODUCTS_DIR; };
		4B4FE517082787AB007685F3 /* lua */ = {isa = PBXFileReference; explicitFileType = "compiled.mach-o.executable"; includeInIndex = 0; path = lua; sourceTree = BUILT_PRODUCTS_DIR; };
		4B897658090BE6D1006A3DF7 /* liblua.dylib */ = {isa = PBXFileReference; explicitFileType = "compiled.mach-o.dylib"; includeInIndex = 0; path = liblua.dylib; sourceTree = BUILT_PRODUCTS_DIR; };
		4B96EBEA0A95E4880000BDD9 /* LuaObjCBridge.h */ = {isa = PBXFileReference; fileEncoding = 4; lastKnownFileType = sourcecode.c.h; path = LuaObjCBridge.h; sourceTree = "<group>"; };
		4BA920A1085123850073884D /* Foundation.framework */ = {isa = PBXFileReference; lastKnownFileType = wrapper.framework; name = Foundation.framework; path = /System/Library/Frameworks/Foundation.framework; sourceTree = "<absolute>"; };
		4BA926F2085133BE0073884D /* AppKit.framework */ = {isa = PBXFileReference; lastKnownFileType = wrapper.framework; name = AppKit.framework; path = /System/Library/Frameworks/AppKit.framework; sourceTree = "<absolute>"; };
		4BA926F3085133BE0073884D /* Cocoa.framework */ = {isa = PBXFileReference; lastKnownFileType = wrapper.framework; name = Cocoa.framework; path = /System/Library/Frameworks/Cocoa.framework; sourceTree = "<absolute>"; };
		4BAA6C4B0851051E00FA8A60 /* objc.dylib */ = {isa = PBXFileReference; explicitFileType = "compiled.mach-o.dylib"; includeInIndex = 0; path = objc.dylib; sourceTree = BUILT_PRODUCTS_DIR; };
		4BCA7A2909E39213008E078D /* luac.c */ = {isa = PBXFileReference; fileEncoding = 4; lastKnownFileType = sourcecode.c.c; path = luac.c; sourceTree = "<group>"; };
		4BCA7A2B09E39213008E078D /* lauxlib.c */ = {isa = PBXFileReference; fileEncoding = 4; lastKnownFileType = sourcecode.c.c; path = lauxlib.c; sourceTree = "<group>"; };
		4BCA7A2C09E39213008E078D /* lbaselib.c */ = {isa = PBXFileReference; fileEncoding = 4; lastKnownFileType = sourcecode.c.c; path = lbaselib.c; sourceTree = "<group>"; };
		4BCA7A2D09E39213008E078D /* ldblib.c */ = {isa = PBXFileReference; fileEncoding = 4; lastKnownFileType = sourcecode.c.c; path = ldblib.c; sourceTree = "<group>"; };
		4BCA7A2E09E39213008E078D /* liolib.c */ = {isa = PBXFileReference; fileEncoding = 4; lastKnownFileType = sourcecode.c.c; path = liolib.c; sourceTree = "<group>"; };
		4BCA7A2F09E39213008E078D /* lmathlib.c */ = {isa = PBXFileReference; fileEncoding = 4; lastKnownFileType = sourcecode.c.c; path = lmathlib.c; sourceTree = "<group>"; };
		4BCA7A3009E39213008E078D /* loadlib.c */ = {isa = PBXFileReference; fileEncoding = 4; lastKnownFileType = sourcecode.c.c; path = loadlib.c; sourceTree = "<group>"; };
		4BCA7A3109E39213008E078D /* loslib.c */ = {isa = PBXFileReference; fileEncoding = 4; lastKnownFileType = sourcecode.c.c; path = loslib.c; sourceTree = "<group>"; };
		4BCA7A3209E39213008E078D /* lstrlib.c */ = {isa = PBXFileReference; fileEncoding = 4; lastKnownFileType = sourcecode.c.c; path = lstrlib.c; sourceTree = "<group>"; };
		4BCA7A3309E39213008E078D /* ltablib.c */ = {isa = PBXFileReference; fileEncoding = 4; lastKnownFileType = sourcecode.c.c; path = ltablib.c; sourceTree = "<group>"; };
		4BCA7A3509E39213008E078D /* lauxlib.h */ = {isa = PBXFileReference; fileEncoding = 4; lastKnownFileType = sourcecode.c.h; path = lauxlib.h; sourceTree = "<group>"; };
		4BCA7A3609E39213008E078D /* lua.h */ = {isa = PBXFileReference; fileEncoding = 4; lastKnownFileType = sourcecode.c.h; path = lua.h; sourceTree = "<group>"; };
		4BCA7A3709E39213008E078D /* lualib.h */ = {isa = PBXFileReference; fileEncoding = 4; lastKnownFileType = sourcecode.c.h; path = lualib.h; sourceTree = "<group>"; };
		4BCA7A3909E39213008E078D /* lua.c */ = {isa = PBXFileReference; fileEncoding = 4; lastKnownFileType = sourcecode.c.c; path = lua.c; sourceTree = "<group>"; };
		4BCA7A3A09E39213008E078D /* print.c */ = {isa = PBXFileReference; fileEncoding = 4; lastKnownFileType = sourcecode.c.c; path = print.c; sourceTree = "<group>"; };
		4BCA7A3C09E39213008E078D /* lapi.c */ = {isa = PBXFileReference; fileEncoding = 4; lastKnownFileType = sourcecode.c.c; path = lapi.c; sourceTree = "<group>"; };
		4BCA7A3D09E39213008E078D /* lapi.h */ = {isa = PBXFileReference; fileEncoding = 4; lastKnownFileType = sourcecode.c.h; path = lapi.h; sourceTree = "<group>"; };
		4BCA7A3E09E39213008E078D /* lcode.c */ = {isa = PBXFileReference; fileEncoding = 4; lastKnownFileType = sourcecode.c.c; path = lcode.c; sourceTree = "<group>"; };
		4BCA7A3F09E39213008E078D /* lcode.h */ = {isa = PBXFileReference; fileEncoding = 4; lastKnownFileType = sourcecode.c.h; path = lcode.h; sourceTree = "<group>"; };
		4BCA7A4009E39213008E078D /* ldebug.c */ = {isa = PBXFileReference; fileEncoding = 4; lastKnownFileType = sourcecode.c.c; path = ldebug.c; sourceTree = "<group>"; };
		4BCA7A4109E39213008E078D /* ldebug.h */ = {isa = PBXFileReference; fileEncoding = 4; lastKnownFileType = sourcecode.c.h; path = ldebug.h; sourceTree = "<group>"; };
		4BCA7A4209E39213008E078D /* ldo.c */ = {isa = PBXFileReference; fileEncoding = 4; lastKnownFileType = sourcecode.c.c; path = ldo.c; sourceTree = "<group>"; };
		4BCA7A4309E39213008E078D /* ldo.h */ = {isa = PBXFileReference; fileEncoding = 4; lastKnownFileType = sourcecode.c.h; path = ldo.h; sourceTree = "<group>"; };
		4BCA7A4409E39213008E078D /* ldump.c */ = {isa = PBXFileReference; fileEncoding = 4; lastKnownFileType = sourcecode.c.c; path = ldump.c; sourceTree = "<group>"; };
		4BCA7A4509E39213008E078D /* lfunc.c */ = {isa = PBXFileReference; fileEncoding = 4; lastKnownFileType = sourcecode.c.c; path = lfunc.c; sourceTree = "<group>"; };
		4BCA7A4609E39213008E078D /* lfunc.h */ = {isa = PBXFileReference; fileEncoding = 4; lastKnownFileType = sourcecode.c.h; path = lfunc.h; sourceTree = "<group>"; };
		4BCA7A4709E39213008E078D /* lgc.c */ = {isa = PBXFileReference; fileEncoding = 4; lastKnownFileType = sourcecode.c.c; path = lgc.c; sourceTree = "<group>"; };
		4BCA7A4809E39213008E078D /* lgc.h */ = {isa = PBXFileReference; fileEncoding = 4; lastKnownFileType = sourcecode.c.h; path = lgc.h; sourceTree = "<group>"; };
		4BCA7A4909E39213008E078D /* linit.c */ = {isa = PBXFileReference; fileEncoding = 4; lastKnownFileType = sourcecode.c.c; path = linit.c; sourceTree = "<group>"; };
		4BCA7A4A09E39213008E078D /* llex.c */ = {isa = PBXFileReference; fileEncoding = 4; lastKnownFileType = sourcecode.c.c; path = llex.c; sourceTree = "<group>"; };
		4BCA7A4B09E39213008E078D /* llex.h */ = {isa = PBXFileReference; fileEncoding = 4; lastKnownFileType = sourcecode.c.h; path = llex.h; sourceTree = "<group>"; };
		4BCA7A4C09E39213008E078D /* llimits.h */ = {isa = PBXFileReference; fileEncoding = 4; lastKnownFileType = sourcecode.c.h; path = llimits.h; sourceTree = "<group>"; };
		4BCA7A4D09E39213008E078D /* lmem.c */ = {isa = PBXFileReference; fileEncoding = 4; lastKnownFileType = sourcecode.c.c; path = lmem.c; sourceTree = "<group>"; };
		4BCA7A4E09E39213008E078D /* lmem.h */ = {isa = PBXFileReference; fileEncoding = 4; lastKnownFileType = sourcecode.c.h; path = lmem.h; sourceTree = "<group>"; };
		4BCA7A4F09E39213008E078D /* lobject.c */ = {isa = PBXFileReference; fileEncoding = 4; lastKnownFileType = sourcecode.c.c; path = lobject.c; sourceTree = "<group>"; };
		4BCA7A5009E39213008E078D /* lobject.h */ = {isa = PBXFileReference; fileEncoding = 4; lastKnownFileType = sourcecode.c.h; path = lobject.h; sourceTree = "<group>"; };
		4BCA7A5109E39213008E078D /* lopcodes.c */ = {isa = PBXFileReference; fileEncoding = 4; lastKnownFileType = sourcecode.c.c; path = lopcodes.c; sourceTree = "<group>"; };
		4BCA7A5209E39213008E078D /* lopcodes.h */ = {isa = PBXFileReference; fileEncoding = 4; lastKnownFileType = sourcecode.c.h; path = lopcodes.h; sourceTree = "<group>"; };
		4BCA7A5309E39213008E078D /* lparser.c */ = {isa = PBXFileReference; fileEncoding = 4; lastKnownFileType = sourcecode.c.c; path = lparser.c; sourceTree = "<group>"; };
		4BCA7A5409E39213008E078D /* lparser.h */ = {isa = PBXFileReference; fileEncoding = 4; lastKnownFileType = sourcecode.c.h; path = lparser.h; sourceTree = "<group>"; };
		4BCA7A5509E39213008E078D /* lstate.c */ = {isa = PBXFileReference; fileEncoding = 4; lastKnownFileType = sourcecode.c.c; path = lstate.c; sourceTree = "<group>"; };
		4BCA7A5609E39213008E078D /* lstate.h */ = {isa = PBXFileReference; fileEncoding = 4; lastKnownFileType = sourcecode.c.h; path = lstate.h; sourceTree = "<group>"; };
		4BCA7A5709E39213008E078D /* lstring.c */ = {isa = PBXFileReference; fileEncoding = 4; lastKnownFileType = sourcecode.c.c; path = lstring.c; sourceTree = "<group>"; };
		4BCA7A5809E39213008E078D /* lstring.h */ = {isa = PBXFileReference; fileEncoding = 4; lastKnownFileType = sourcecode.c.h; path = lstring.h; sourceTree = "<group>"; };
		4BCA7A5909E39213008E078D /* ltable.c */ = {isa = PBXFileReference; fileEncoding = 4; lastKnownFileType = sourcecode.c.c; path = ltable.c; sourceTree = "<group>"; };
		4BCA7A5A09E39213008E078D /* ltable.h */ = {isa = PBXFileReference; fileEncoding = 4; lastKnownFileType = sourcecode.c.h; path = ltable.h; sourceTree = "<group>"; };
		4BCA7A5B09E39213008E078D /* ltm.c */ = {isa = PBXFileReference; fileEncoding = 4; lastKnownFileType = sourcecode.c.c; path = ltm.c; sourceTree = "<group>"; };
		4BCA7A5C09E39213008E078D /* ltm.h */ = {isa = PBXFileReference; fileEncoding = 4; lastKnownFileType = sourcecode.c.h; path = ltm.h; sourceTree = "<group>"; };
		4BCA7A5D09E39213008E078D /* luaconf.h */ = {isa = PBXFileReference; fileEncoding = 4; lastKnownFileType = sourcecode.c.h; path = luaconf.h; sourceTree = "<group>"; };
		4BCA7A5E09E39213008E078D /* lundump.c */ = {isa = PBXFileReference; fileEncoding = 4; lastKnownFileType = sourcecode.c.c; path = lundump.c; sourceTree = "<group>"; };
		4BCA7A5F09E39213008E078D /* lundump.h */ = {isa = PBXFileReference; fileEncoding = 4; lastKnownFileType = sourcecode.c.h; path = lundump.h; sourceTree = "<group>"; };
		4BCA7A6009E39213008E078D /* lvm.c */ = {isa = PBXFileReference; fileEncoding = 4; lastKnownFileType = sourcecode.c.c; path = lvm.c; sourceTree = "<group>"; };
		4BCA7A6109E39213008E078D /* lvm.h */ = {isa = PBXFileReference; fileEncoding = 4; lastKnownFileType = sourcecode.c.h; path = lvm.h; sourceTree = "<group>"; };
		4BCA7A6209E39213008E078D /* lzio.c */ = {isa = PBXFileReference; fileEncoding = 4; lastKnownFileType = sourcecode.c.c; path = lzio.c; sourceTree = "<group>"; };
		4BCA7A6309E39213008E078D /* lzio.h */ = {isa = PBXFileReference; fileEncoding = 4; lastKnownFileType = sourcecode.c.h; path = lzio.h; sourceTree = "<group>"; };
		4BEC4EA40A70ADAA0079961A /* Test.h */ = {isa = PBXFileReference; fileEncoding = 4; lastKnownFileType = sourcecode.c.h; path = Test.h; sourceTree = "<group>"; };
		4BEC4EA50A70ADAA0079961A /* Test.m */ = {isa = PBXFileReference; fileEncoding = 4; lastKnownFileType = sourcecode.c.objc; path = Test.m; sourceTree = "<group>"; };
/* End PBXFileReference section */

/* Begin PBXFrameworksBuildPhase section */
		4B277B320A7E9EF00051C47A /* Frameworks */ = {
			isa = PBXFrameworksBuildPhase;
			buildActionMask = 2147483647;
			files = (
				4B277B780A7E9FED0051C47A /* Cocoa.framework in Frameworks */,
				4B277B3A0A7E9F130051C47A /* LuaObjCBridge.framework in Frameworks */,
			);
			runOnlyForDeploymentPostprocessing = 0;
		};
		4B4FE50D08278784007685F3 /* Frameworks */ = {
			isa = PBXFrameworksBuildPhase;
			buildActionMask = 2147483647;
			files = (
				4BA923D9085123BE0073884D /* Foundation.framework in Frameworks */,
			);
			runOnlyForDeploymentPostprocessing = 0;
		};
		4B897682090BE77E006A3DF7 /* Frameworks */ = {
			isa = PBXFrameworksBuildPhase;
			buildActionMask = 2147483647;
			files = (
				4B897684090BE784006A3DF7 /* liblua.dylib in Frameworks */,
			);
			runOnlyForDeploymentPostprocessing = 0;
		};
		4BA92093085123420073884D /* Frameworks */ = {
			isa = PBXFrameworksBuildPhase;
			buildActionMask = 2147483647;
			files = (
				4B8976DB090BEA0B006A3DF7 /* liblua.dylib in Frameworks */,
				4BA926F5085133BE0073884D /* Cocoa.framework in Frameworks */,
			);
			runOnlyForDeploymentPostprocessing = 0;
		};
/* End PBXFrameworksBuildPhase section */

/* Begin PBXGroup section */
		4B4FE4BA0827873F007685F3 = {
			isa = PBXGroup;
			children = (
				4B4FE50608278751007685F3 /* Release Notes.rtf */,
				4B4FE4C308278751007685F3 /* ObjC */,
				4B4FE4C708278751007685F3 /* Lua */,
				4B4FE50208278751007685F3 /* Resources */,
				4BEC4EA30A70ADAA0079961A /* Test */,
				4BA92096085123570073884D /* External */,
				4B4FE51008278784007685F3 /* Products */,
			);
			sourceTree = "<group>";
		};
		4B4FE4C308278751007685F3 /* ObjC */ = {
			isa = PBXGroup;
			children = (
				4B4FE4C408278751007685F3 /* LuaObjCBridge-Prefix.h */,
				4B96EBEA0A95E4880000BDD9 /* LuaObjCBridge.h */,
				4B1114C00828E15C007DD523 /* LuaObjCBridge.m */,
			);
			path = ObjC;
			sourceTree = "<group>";
		};
		4B4FE4C708278751007685F3 /* Lua */ = {
			isa = PBXGroup;
			children = (
				4BCA7A2809E39213008E078D /* Compiler */,
				4BCA7A3B09E39213008E078D /* Engine */,
				4BCA7A3409E39213008E078D /* Include */,
				4BCA7A3809E39213008E078D /* Interpreter */,
				4BCA7A2A09E39213008E078D /* Libraries */,
			);
			path = Lua;
			sourceTree = "<group>";
		};
		4B4FE50208278751007685F3 /* Resources */ = {
			isa = PBXGroup;
			children = (
				4B4FE50308278751007685F3 /* InfoPlist.strings */,
				4B4FE50508278751007685F3 /* LuaObjcBridge-Info.plist */,
				4B4FE50708278751007685F3 /* version.plist */,
			);
			path = Resources;
			sourceTree = "<group>";
		};
		4B4FE51008278784007685F3 /* Products */ = {
			isa = PBXGroup;
			children = (
				4B4FE50F08278784007685F3 /* LuaObjCBridge.framework */,
				4B897658090BE6D1006A3DF7 /* liblua.dylib */,
				4BAA6C4B0851051E00FA8A60 /* objc.dylib */,
				4B4FE517082787AB007685F3 /* lua */,
				4B277B340A7E9EF00051C47A /* Test */,
			);
			name = Products;
			sourceTree = "<group>";
		};
		4BA92096085123570073884D /* External */ = {
			isa = PBXGroup;
			children = (
				4BA925F8085133890073884D /* Linked */,
				4BA925FB0851338D0073884D /* Other */,
			);
			name = External;
			sourceTree = SOURCE_ROOT;
		};
		4BA925F8085133890073884D /* Linked */ = {
			isa = PBXGroup;
			children = (
				4BA926F3085133BE0073884D /* Cocoa.framework */,
			);
			name = Linked;
			sourceTree = "<group>";
		};
		4BA925FB0851338D0073884D /* Other */ = {
			isa = PBXGroup;
			children = (
				4BA926F2085133BE0073884D /* AppKit.framework */,
				4BA920A1085123850073884D /* Foundation.framework */,
			);
			name = Other;
			sourceTree = "<group>";
		};
		4BCA7A2809E39213008E078D /* Compiler */ = {
			isa = PBXGroup;
			children = (
				4BCA7A2909E39213008E078D /* luac.c */,
			);
			path = Compiler;
			sourceTree = "<group>";
		};
		4BCA7A2A09E39213008E078D /* Libraries */ = {
			isa = PBXGroup;
			children = (
				4BCA7A2B09E39213008E078D /* lauxlib.c */,
				4BCA7A2C09E39213008E078D /* lbaselib.c */,
				4BCA7A2D09E39213008E078D /* ldblib.c */,
				4BCA7A2E09E39213008E078D /* liolib.c */,
				4BCA7A2F09E39213008E078D /* lmathlib.c */,
				4BCA7A3009E39213008E078D /* loadlib.c */,
				4BCA7A3109E39213008E078D /* loslib.c */,
				4BCA7A3209E39213008E078D /* lstrlib.c */,
				4BCA7A3309E39213008E078D /* ltablib.c */,
			);
			path = Libraries;
			sourceTree = "<group>";
		};
		4BCA7A3409E39213008E078D /* Include */ = {
			isa = PBXGroup;
			children = (
				4BCA7A3509E39213008E078D /* lauxlib.h */,
				4BCA7A3609E39213008E078D /* lua.h */,
				4BCA7A3709E39213008E078D /* lualib.h */,
			);
			path = Include;
			sourceTree = "<group>";
		};
		4BCA7A3809E39213008E078D /* Interpreter */ = {
			isa = PBXGroup;
			children = (
				4BCA7A3909E39213008E078D /* lua.c */,
				4BCA7A3A09E39213008E078D /* print.c */,
			);
			path = Interpreter;
			sourceTree = "<group>";
		};
		4BCA7A3B09E39213008E078D /* Engine */ = {
			isa = PBXGroup;
			children = (
				4BCA7A3C09E39213008E078D /* lapi.c */,
				4BCA7A3D09E39213008E078D /* lapi.h */,
				4BCA7A3E09E39213008E078D /* lcode.c */,
				4BCA7A3F09E39213008E078D /* lcode.h */,
				4BCA7A4009E39213008E078D /* ldebug.c */,
				4BCA7A4109E39213008E078D /* ldebug.h */,
				4BCA7A4209E39213008E078D /* ldo.c */,
				4BCA7A4309E39213008E078D /* ldo.h */,
				4BCA7A4409E39213008E078D /* ldump.c */,
				4BCA7A4509E39213008E078D /* lfunc.c */,
				4BCA7A4609E39213008E078D /* lfunc.h */,
				4BCA7A4709E39213008E078D /* lgc.c */,
				4BCA7A4809E39213008E078D /* lgc.h */,
				4BCA7A4909E39213008E078D /* linit.c */,
				4BCA7A4A09E39213008E078D /* llex.c */,
				4BCA7A4B09E39213008E078D /* llex.h */,
				4BCA7A4C09E39213008E078D /* llimits.h */,
				4BCA7A4D09E39213008E078D /* lmem.c */,
				4BCA7A4E09E39213008E078D /* lmem.h */,
				4BCA7A4F09E39213008E078D /* lobject.c */,
				4BCA7A5009E39213008E078D /* lobject.h */,
				4BCA7A5109E39213008E078D /* lopcodes.c */,
				4BCA7A5209E39213008E078D /* lopcodes.h */,
				4BCA7A5309E39213008E078D /* lparser.c */,
				4BCA7A5409E39213008E078D /* lparser.h */,
				4BCA7A5509E39213008E078D /* lstate.c */,
				4BCA7A5609E39213008E078D /* lstate.h */,
				4BCA7A5709E39213008E078D /* lstring.c */,
				4BCA7A5809E39213008E078D /* lstring.h */,
				4BCA7A5909E39213008E078D /* ltable.c */,
				4BCA7A5A09E39213008E078D /* ltable.h */,
				4BCA7A5B09E39213008E078D /* ltm.c */,
				4BCA7A5C09E39213008E078D /* ltm.h */,
				4BCA7A5D09E39213008E078D /* luaconf.h */,
				4BCA7A5E09E39213008E078D /* lundump.c */,
				4BCA7A5F09E39213008E078D /* lundump.h */,
				4BCA7A6009E39213008E078D /* lvm.c */,
				4BCA7A6109E39213008E078D /* lvm.h */,
				4BCA7A6209E39213008E078D /* lzio.c */,
				4BCA7A6309E39213008E078D /* lzio.h */,
			);
			path = Engine;
			sourceTree = "<group>";
		};
		4BEC4EA30A70ADAA0079961A /* Test */ = {
			isa = PBXGroup;
			children = (
				4BEC4EA40A70ADAA0079961A /* Test.h */,
				4BEC4EA50A70ADAA0079961A /* Test.m */,
			);
			path = Test;
			sourceTree = "<group>";
		};
/* End PBXGroup section */

/* Begin PBXHeadersBuildPhase section */
		4B4FE50A08278784007685F3 /* Headers */ = {
			isa = PBXHeadersBuildPhase;
			buildActionMask = 2147483647;
			files = (
				4B20F5ED0A09FF3000AE8B7C /* lua.h in Headers */,
				4B20F5EE0A09FF3000AE8B7C /* lualib.h in Headers */,
				4B20F5EC0A09FF3000AE8B7C /* lauxlib.h in Headers */,
				4B20F6360A0A00F700AE8B7C /* lapi.h in Headers */,
				4B20F6370A0A00F700AE8B7C /* lcode.h in Headers */,
				4B20F6380A0A00F700AE8B7C /* ldebug.h in Headers */,
				4B20F6390A0A00F700AE8B7C /* ldo.h in Headers */,
				4B20F63A0A0A00F700AE8B7C /* lfunc.h in Headers */,
				4B20F63B0A0A00F700AE8B7C /* lgc.h in Headers */,
				4B20F63C0A0A00F700AE8B7C /* llex.h in Headers */,
				4B20F63D0A0A00F700AE8B7C /* llimits.h in Headers */,
				4B20F63E0A0A00F700AE8B7C /* lmem.h in Headers */,
				4B20F63F0A0A00F700AE8B7C /* lobject.h in Headers */,
				4B20F6400A0A00F700AE8B7C /* lopcodes.h in Headers */,
				4B20F6410A0A00F700AE8B7C /* lparser.h in Headers */,
				4B20F6420A0A00F700AE8B7C /* lstate.h in Headers */,
				4B20F6430A0A00F700AE8B7C /* lstring.h in Headers */,
				4B20F6440A0A00F700AE8B7C /* ltable.h in Headers */,
				4B20F6450A0A00F700AE8B7C /* ltm.h in Headers */,
				4B20F6460A0A00F700AE8B7C /* luaconf.h in Headers */,
				4B20F6470A0A00F700AE8B7C /* lundump.h in Headers */,
				4B20F6480A0A00F700AE8B7C /* lvm.h in Headers */,
				4B20F6490A0A00F700AE8B7C /* lzio.h in Headers */,
				4B262AA30B4FC30100A43D62 /* LuaObjCBridge.h in Headers */,
			);
			runOnlyForDeploymentPostprocessing = 0;
		};
/* End PBXHeadersBuildPhase section */

/* Begin PBXNativeTarget section */
		4B277B330A7E9EF00051C47A /* Test */ = {
			isa = PBXNativeTarget;
			buildConfigurationList = 4B277B400A7E9F430051C47A /* Build configuration list for PBXNativeTarget "Test" */;
			buildPhases = (
				4B277B310A7E9EF00051C47A /* Sources */,
				4B277B320A7E9EF00051C47A /* Frameworks */,
			);
			buildRules = (
			);
			dependencies = (
				4B277B3C0A7E9F1B0051C47A /* PBXTargetDependency */,
			);
			name = Test;
			productName = Test;
			productReference = 4B277B340A7E9EF00051C47A /* Test */;
			productType = "com.apple.product-type.tool";
		};
		4B4FE50E08278784007685F3 /* LuaObjCBridge.framework */ = {
			isa = PBXNativeTarget;
			buildConfigurationList = 4B4A608D0924CAFC00A2BE53 /* Build configuration list for PBXNativeTarget "LuaObjCBridge.framework" */;
			buildPhases = (
				4B4FE50A08278784007685F3 /* Headers */,
				4B4FE50C08278784007685F3 /* Sources */,
				4B4FE50D08278784007685F3 /* Frameworks */,
				4B262BA40B4FD77700A43D62 /* CopyFiles */,
			);
			buildRules = (
			);
			dependencies = (
			);
			name = LuaObjCBridge.framework;
			productName = LuaObjcBridge;
			productReference = 4B4FE50F08278784007685F3 /* LuaObjCBridge.framework */;
			productType = "com.apple.product-type.framework";
		};
		4B4FE516082787AB007685F3 /* lua */ = {
			isa = PBXNativeTarget;
			buildConfigurationList = 4B4A609C0924CAFC00A2BE53 /* Build configuration list for PBXNativeTarget "lua" */;
			buildPhases = (
				4BD7DC4E090AF573003F140A /* ShellScript */,
				4B4FE515082787AB007685F3 /* Sources */,
				4B897682090BE77E006A3DF7 /* Frameworks */,
			);
			buildRules = (
			);
			comments = "-exported_symbols_list $(BUILT_PRODUCTS_DIR)/lua_exported_symbols";
			dependencies = (
			);
			name = lua;
			productName = lua;
			productReference = 4B4FE517082787AB007685F3 /* lua */;
			productType = "com.apple.product-type.tool";
		};
		4B897657090BE6D1006A3DF7 /* liblua.dylib */ = {
			isa = PBXNativeTarget;
			buildConfigurationList = 4B4A60920924CAFC00A2BE53 /* Build configuration list for PBXNativeTarget "liblua.dylib" */;
			buildPhases = (
				4B89765F090BE726006A3DF7 /* CopyFiles */,
				4B897655090BE6D1006A3DF7 /* Sources */,
			);
			buildRules = (
			);
			dependencies = (
			);
			name = liblua.dylib;
			productName = Lua.dylib;
			productReference = 4B897658090BE6D1006A3DF7 /* liblua.dylib */;
			productType = "com.apple.product-type.library.dynamic";
		};
		4BAA6C4A0851051E00FA8A60 /* objc.dylib */ = {
			isa = PBXNativeTarget;
			buildConfigurationList = 4B4A60970924CAFC00A2BE53 /* Build configuration list for PBXNativeTarget "objc.dylib" */;
			buildPhases = (
				4B262AB30B4FC37700A43D62 /* CopyFiles */,
				4BAA6C490851051E00FA8A60 /* Sources */,
				4BA92093085123420073884D /* Frameworks */,
			);
			buildRules = (
			);
			dependencies = (
			);
			name = objc.dylib;
			productName = cocoa;
			productReference = 4BAA6C4B0851051E00FA8A60 /* objc.dylib */;
			productType = "com.apple.product-type.library.dynamic";
		};
/* End PBXNativeTarget section */

/* Begin PBXProject section */
		4B4FE4BE0827873F007685F3 /* Project object */ = {
			isa = PBXProject;
			buildConfigurationList = 4B4A60A60924CAFC00A2BE53 /* Build configuration list for PBXProject "LuaObjCBridge" */;
			hasScannedForEncodings = 1;
			mainGroup = 4B4FE4BA0827873F007685F3;
			productRefGroup = 4B4FE51008278784007685F3 /* Products */;
			projectDirPath = "";
			targets = (
				4B4FE50E08278784007685F3 /* LuaObjCBridge.framework */,
				4B897657090BE6D1006A3DF7 /* liblua.dylib */,
				4BAA6C4A0851051E00FA8A60 /* objc.dylib */,
				4B4FE516082787AB007685F3 /* lua */,
				4B277B330A7E9EF00051C47A /* Test */,
				4BDB57490854EA0400798A4F /* Everything */,
			);
		};
/* End PBXProject section */

/* Begin PBXShellScriptBuildPhase section */
		4BD7DC4E090AF573003F140A /* ShellScript */ = {
			isa = PBXShellScriptBuildPhase;
			buildActionMask = 2147483647;
			files = (
			);
			inputPaths = (
			);
			outputPaths = (
			);
			runOnlyForDeploymentPostprocessing = 0;
			shellPath = /bin/sh;
			shellScript = "#cd $SRCROOT/Lua/Include/\n#find . -name \"*.h\" -exec awk \"/LUA(LIB)?_API/ {match(\\$0,\\\"lua[L]?_[a-z]+\\\"); name=substr(\\$0,RSTART,RLENGTH); if (name) printf \\\"_%s\\\\n\\\",name }\" '{}' \\; > $BUILT_PRODUCTS_DIR/lua_exported_symbols";
		};
/* End PBXShellScriptBuildPhase section */

/* Begin PBXSourcesBuildPhase section */
		4B277B310A7E9EF00051C47A /* Sources */ = {
			isa = PBXSourcesBuildPhase;
			buildActionMask = 2147483647;
			files = (
				4B277B380A7E9F0A0051C47A /* Test.m in Sources */,
			);
			runOnlyForDeploymentPostprocessing = 0;
		};
		4B4FE50C08278784007685F3 /* Sources */ = {
			isa = PBXSourcesBuildPhase;
			buildActionMask = 2147483647;
			files = (
				4B1114C20828E15C007DD523 /* LuaObjCBridge.m in Sources */,
				4BCA7B0009E39213008E078D /* lauxlib.c in Sources */,
				4BCA7B0109E39213008E078D /* lbaselib.c in Sources */,
				4BCA7B0209E39213008E078D /* ldblib.c in Sources */,
				4BCA7B0309E39213008E078D /* liolib.c in Sources */,
				4BCA7B0409E39213008E078D /* lmathlib.c in Sources */,
				4BCA7B0509E39213008E078D /* loadlib.c in Sources */,
				4BCA7B0609E39213008E078D /* loslib.c in Sources */,
				4BCA7B0709E39213008E078D /* lstrlib.c in Sources */,
				4BCA7B0809E39213008E078D /* ltablib.c in Sources */,
				4BCA7B0E09E39213008E078D /* lapi.c in Sources */,
				4BCA7B1009E39213008E078D /* lcode.c in Sources */,
				4BCA7B1209E39213008E078D /* ldebug.c in Sources */,
				4BCA7B1409E39213008E078D /* ldo.c in Sources */,
				4BCA7B1609E39213008E078D /* ldump.c in Sources */,
				4BCA7B1709E39213008E078D /* lfunc.c in Sources */,
				4BCA7B1909E39213008E078D /* lgc.c in Sources */,
				4BCA7B1B09E39213008E078D /* linit.c in Sources */,
				4BCA7B1C09E39213008E078D /* llex.c in Sources */,
				4BCA7B1F09E39213008E078D /* lmem.c in Sources */,
				4BCA7B2109E39213008E078D /* lobject.c in Sources */,
				4BCA7B2309E39213008E078D /* lopcodes.c in Sources */,
				4BCA7B2509E39213008E078D /* lparser.c in Sources */,
				4BCA7B2709E39213008E078D /* lstate.c in Sources */,
				4BCA7B2909E39213008E078D /* lstring.c in Sources */,
				4BCA7B2B09E39213008E078D /* ltable.c in Sources */,
				4BCA7B2D09E39213008E078D /* ltm.c in Sources */,
				4BCA7B3009E39213008E078D /* lundump.c in Sources */,
				4BCA7B3209E39213008E078D /* lvm.c in Sources */,
				4BCA7B3409E39213008E078D /* lzio.c in Sources */,
			);
			runOnlyForDeploymentPostprocessing = 0;
		};
		4B4FE515082787AB007685F3 /* Sources */ = {
			isa = PBXSourcesBuildPhase;
			buildActionMask = 2147483647;
			files = (
				4BD0951B0A1C5256004D38A5 /* lua.c in Sources */,
				4BD0951C0A1C5256004D38A5 /* print.c in Sources */,
			);
			runOnlyForDeploymentPostprocessing = 0;
		};
		4B897655090BE6D1006A3DF7 /* Sources */ = {
			isa = PBXSourcesBuildPhase;
			buildActionMask = 2147483647;
			files = (
				4BCA7AC509E39213008E078D /* lauxlib.c in Sources */,
				4BCA7AC609E39213008E078D /* lbaselib.c in Sources */,
				4BCA7AC709E39213008E078D /* ldblib.c in Sources */,
				4BCA7AC809E39213008E078D /* liolib.c in Sources */,
				4BCA7AC909E39213008E078D /* lmathlib.c in Sources */,
				4BCA7ACA09E39213008E078D /* loadlib.c in Sources */,
				4BCA7ACB09E39213008E078D /* loslib.c in Sources */,
				4BCA7ACC09E39213008E078D /* lstrlib.c in Sources */,
				4BCA7ACD09E39213008E078D /* ltablib.c in Sources */,
				4BCA7AD309E39213008E078D /* lapi.c in Sources */,
				4BCA7AD509E39213008E078D /* lcode.c in Sources */,
				4BCA7AD709E39213008E078D /* ldebug.c in Sources */,
				4BCA7AD909E39213008E078D /* ldo.c in Sources */,
				4BCA7ADB09E39213008E078D /* ldump.c in Sources */,
				4BCA7ADC09E39213008E078D /* lfunc.c in Sources */,
				4BCA7ADE09E39213008E078D /* lgc.c in Sources */,
				4BCA7AE009E39213008E078D /* linit.c in Sources */,
				4BCA7AE109E39213008E078D /* llex.c in Sources */,
				4BCA7AE409E39213008E078D /* lmem.c in Sources */,
				4BCA7AE609E39213008E078D /* lobject.c in Sources */,
				4BCA7AE809E39213008E078D /* lopcodes.c in Sources */,
				4BCA7AEA09E39213008E078D /* lparser.c in Sources */,
				4BCA7AEC09E39213008E078D /* lstate.c in Sources */,
				4BCA7AEE09E39213008E078D /* lstring.c in Sources */,
				4BCA7AF009E39213008E078D /* ltable.c in Sources */,
				4BCA7AF209E39213008E078D /* ltm.c in Sources */,
				4BCA7AF509E39213008E078D /* lundump.c in Sources */,
				4BCA7AF709E39213008E078D /* lvm.c in Sources */,
				4BCA7AF909E39213008E078D /* lzio.c in Sources */,
			);
			runOnlyForDeploymentPostprocessing = 0;
		};
		4BAA6C490851051E00FA8A60 /* Sources */ = {
			isa = PBXSourcesBuildPhase;
			buildActionMask = 2147483647;
			files = (
				4BA92091085120A80073884D /* LuaObjCBridge.m in Sources */,
			);
			runOnlyForDeploymentPostprocessing = 0;
		};
/* End PBXSourcesBuildPhase section */

/* Begin PBXTargetDependency section */
		4B262A630B4FC12100A43D62 /* PBXTargetDependency */ = {
			isa = PBXTargetDependency;
			target = 4B277B330A7E9EF00051C47A /* Test */;
			targetProxy = 4B262A620B4FC12100A43D62 /* PBXContainerItemProxy */;
		};
		4B277B3C0A7E9F1B0051C47A /* PBXTargetDependency */ = {
			isa = PBXTargetDependency;
			target = 4B4FE50E08278784007685F3 /* LuaObjCBridge.framework */;
			targetProxy = 4B277B3B0A7E9F1B0051C47A /* PBXContainerItemProxy */;
		};
		4B89765E090BE709006A3DF7 /* PBXTargetDependency */ = {
			isa = PBXTargetDependency;
			target = 4B897657090BE6D1006A3DF7 /* liblua.dylib */;
			targetProxy = 4B89765D090BE709006A3DF7 /* PBXContainerItemProxy */;
		};
		4BDB574B0854EA0A00798A4F /* PBXTargetDependency */ = {
			isa = PBXTargetDependency;
			target = 4B4FE50E08278784007685F3 /* LuaObjCBridge.framework */;
			targetProxy = 4BDB574A0854EA0A00798A4F /* PBXContainerItemProxy */;
		};
		4BDB574D0854EA0A00798A4F /* PBXTargetDependency */ = {
			isa = PBXTargetDependency;
			target = 4B4FE516082787AB007685F3 /* lua */;
			targetProxy = 4BDB574C0854EA0A00798A4F /* PBXContainerItemProxy */;
		};
		4BDB574F0854EA0A00798A4F /* PBXTargetDependency */ = {
			isa = PBXTargetDependency;
			target = 4BAA6C4A0851051E00FA8A60 /* objc.dylib */;
			targetProxy = 4BDB574E0854EA0A00798A4F /* PBXContainerItemProxy */;
		};
/* End PBXTargetDependency section */

/* Begin PBXVariantGroup section */
		4B4FE50308278751007685F3 /* InfoPlist.strings */ = {
			isa = PBXVariantGroup;
			children = (
				4B4FE50408278751007685F3 /* English */,
			);
			name = InfoPlist.strings;
			sourceTree = "<group>";
		};
/* End PBXVariantGroup section */

/* Begin XCBuildConfiguration section */
		4B277B410A7E9F430051C47A /* Debug */ = {
			isa = XCBuildConfiguration;
			buildSettings = {
				COPY_PHASE_STRIP = NO;
				DEPLOYMENT_LOCATION = NO;
				DEPLOYMENT_POSTPROCESSING = NO;
				GCC_DYNAMIC_NO_PIC = NO;
				GCC_ENABLE_FIX_AND_CONTINUE = NO;
				GCC_GENERATE_DEBUGGING_SYMBOLS = YES;
				GCC_MODEL_TUNING = "";
				GCC_OPTIMIZATION_LEVEL = 0;
				INSTALL_PATH = "$(HOME)/bin";
				PREBINDING = NO;
				PRODUCT_NAME = Test;
				SKIP_INSTALL = YES;
				STRIP_INSTALLED_PRODUCT = NO;
				ZERO_LINK = NO;
			};
			name = Debug;
		};
		4B277B430A7E9F430051C47A /* Release */ = {
			isa = XCBuildConfiguration;
			buildSettings = {
				COPY_PHASE_STRIP = NO;
				DEPLOYMENT_LOCATION = NO;
				DEPLOYMENT_POSTPROCESSING = NO;
				GCC_DYNAMIC_NO_PIC = NO;
				GCC_ENABLE_FIX_AND_CONTINUE = NO;
				GCC_GENERATE_DEBUGGING_SYMBOLS = YES;
				GCC_MODEL_TUNING = "";
				GCC_OPTIMIZATION_LEVEL = 0;
				INSTALL_PATH = "$(HOME)/bin";
				PREBINDING = NO;
				PRODUCT_NAME = Test;
				SKIP_INSTALL = YES;
				STRIP_INSTALLED_PRODUCT = NO;
				ZERO_LINK = NO;
			};
			name = Release;
		};
		4B4A608E0924CAFC00A2BE53 /* Debug */ = {
			isa = XCBuildConfiguration;
			buildSettings = {
				DYLIB_COMPATIBILITY_VERSION = 1;
				DYLIB_CURRENT_VERSION = 1;
				FRAMEWORK_VERSION = A;
				GCC_PREFIX_HEADER = "$(SRCROOT)/ObjC/LuaObjCBridge-Prefix.h";
				INFOPLIST_FILE = "$(SRCROOT)/Resources/LuaObjCBridge-Info.plist";
				PRODUCT_NAME = LuaObjCBridge;
			};
			name = Debug;
		};
		4B4A60900924CAFC00A2BE53 /* Release */ = {
			isa = XCBuildConfiguration;
			buildSettings = {
				DYLIB_COMPATIBILITY_VERSION = 1;
				DYLIB_CURRENT_VERSION = 1;
				FRAMEWORK_VERSION = A;
				GCC_PREFIX_HEADER = "$(SRCROOT)/ObjC/LuaObjCBridge-Prefix.h";
				INFOPLIST_FILE = "$(SRCROOT)/Resources/LuaObjCBridge-Info.plist";
				INSTALL_PATH = "@executable_path/../Frameworks";
				PRODUCT_NAME = LuaObjCBridge;
			};
			name = Release;
		};
		4B4A60930924CAFC00A2BE53 /* Debug */ = {
			isa = XCBuildConfiguration;
			buildSettings = {
				DYLIB_COMPATIBILITY_VERSION = 1;
				DYLIB_CURRENT_VERSION = 1;
				EXECUTABLE_PREFIX = lib;
				PRODUCT_NAME = lua;
			};
			name = Debug;
		};
		4B4A60950924CAFC00A2BE53 /* Release */ = {
			isa = XCBuildConfiguration;
			buildSettings = {
				DYLIB_COMPATIBILITY_VERSION = 1;
				DYLIB_CURRENT_VERSION = 1;
				EXECUTABLE_PREFIX = lib;
				PRODUCT_NAME = lua;
			};
			name = Release;
		};
		4B4A60980924CAFC00A2BE53 /* Debug */ = {
			isa = XCBuildConfiguration;
			buildSettings = {
				DYLIB_COMPATIBILITY_VERSION = 1;
				DYLIB_CURRENT_VERSION = 1;
				EXECUTABLE_PREFIX = "";
				GCC_PREFIX_HEADER = "$(SRCROOT)/ObjC/LuaObjCBridge-Prefix.h";
				PRODUCT_NAME = objc;
			};
			name = Debug;
		};
		4B4A609A0924CAFC00A2BE53 /* Release */ = {
			isa = XCBuildConfiguration;
			buildSettings = {
				DYLIB_COMPATIBILITY_VERSION = 1;
				DYLIB_CURRENT_VERSION = 1;
				EXECUTABLE_PREFIX = "";
				GCC_PREFIX_HEADER = "$(SRCROOT)/ObjC/LuaObjCBridge-Prefix.h";
				PRODUCT_NAME = objc;
			};
			name = Release;
		};
		4B4A609D0924CAFC00A2BE53 /* Debug */ = {
			isa = XCBuildConfiguration;
			buildSettings = {
				LIBRARY_SEARCH_PATHS = (
					/usr/local/lib/,
					/usr/local/lib/lua,
				);
				PRODUCT_NAME = lua;
			};
			name = Debug;
		};
		4B4A609F0924CAFC00A2BE53 /* Release */ = {
			isa = XCBuildConfiguration;
			buildSettings = {
				LIBRARY_SEARCH_PATHS = /usr/local/lib/;
				PRODUCT_NAME = lua;
			};
			name = Release;
		};
		4B4A60A20924CAFC00A2BE53 /* Debug */ = {
			isa = XCBuildConfiguration;
			buildSettings = {
				COPY_PHASE_STRIP = NO;
				DEPLOYMENT_LOCATION = NO;
				DEPLOYMENT_POSTPROCESSING = NO;
				GCC_DEBUGGING_SYMBOLS = full;
				GCC_ENABLE_FIX_AND_CONTINUE = NO;
				GCC_GENERATE_DEBUGGING_SYMBOLS = YES;
				GCC_OPTIMIZATION_LEVEL = 0;
				GCC_TREAT_WARNINGS_AS_ERRORS = YES;
				INSTALL_PATH = "";
				OTHER_CFLAGS = "";
				OTHER_LDFLAGS = "";
				OTHER_REZFLAGS = "";
				PREBINDING = NO;
				PRODUCT_NAME = Everything;
				SECTORDER_FLAGS = "";
				SKIP_INSTALL = YES;
				UNSTRIPPED_PRODUCT = YES;
				WARNING_CFLAGS = (
					"-Wmost",
					"-Wno-four-char-constants",
					"-Wno-unknown-pragmas",
				);
				ZERO_LINK = NO;
			};
			name = Debug;
		};
		4B4A60A40924CAFC00A2BE53 /* Release */ = {
			isa = XCBuildConfiguration;
			buildSettings = {
				COPY_PHASE_STRIP = YES;
				DEPLOYMENT_LOCATION = NO;
				DEPLOYMENT_POSTPROCESSING = YES;
				GCC_DEBUGGING_SYMBOLS = full;
				GCC_ENABLE_FIX_AND_CONTINUE = NO;
				GCC_GENERATE_DEBUGGING_SYMBOLS = NO;
				GCC_OPTIMIZATION_LEVEL = s;
				GCC_TREAT_WARNINGS_AS_ERRORS = YES;
				INSTALL_PATH = "@executable_path/../Frameworks";
				OTHER_CFLAGS = "";
				OTHER_LDFLAGS = "";
				OTHER_REZFLAGS = "";
				PREBINDING = NO;
				PRODUCT_NAME = Everything;
				SECTORDER_FLAGS = "";
				SKIP_INSTALL = YES;
				UNSTRIPPED_PRODUCT = NO;
				WARNING_CFLAGS = (
					"-Wmost",
					"-Wno-four-char-constants",
					"-Wno-unknown-pragmas",
				);
				ZERO_LINK = NO;
			};
			name = Release;
		};
		4B4A60A70924CAFC00A2BE53 /* Debug */ = {
			isa = XCBuildConfiguration;
			buildSettings = {
				ARCHS = (
					i386,
					ppc,
				);
				COPY_PHASE_STRIP = NO;
				DEPLOYMENT_LOCATION = NO;
				DEPLOYMENT_POSTPROCESSING = NO;
				GCC_DEBUGGING_SYMBOLS = full;
				GCC_ENABLE_OBJC_EXCEPTIONS = YES;
				GCC_GENERATE_DEBUGGING_SYMBOLS = YES;
				GCC_OPTIMIZATION_LEVEL = 0;
				GCC_PRECOMPILE_PREFIX_HEADER = YES;
				GCC_PREPROCESSOR_DEFINITIONS = LUA_USE_DLOPEN;
				GCC_TREAT_WARNINGS_AS_ERRORS = NO;
				GCC_WARN_TYPECHECK_CALLS_TO_PRINTF = YES;
				INSTALL_MODE_FLAG = "u=rwX,go=rX";
				INSTALL_PATH = "@executable_path/../Frameworks";
				MACOSX_DEPLOYMENT_TARGET = "";
				PREBINDING = NO;
				SDKROOT = /Developer/SDKs/MacOSX10.4u.sdk;
				SKIP_INSTALL = YES;
				STRIP_INSTALLED_PRODUCT = NO;
				STRIP_STYLE = debugging;
				ZERO_LINK = NO;
			};
			name = Debug;
		};
		4B4A60A90924CAFC00A2BE53 /* Release */ = {
			isa = XCBuildConfiguration;
			buildSettings = {
				ARCHS = (
					i386,
					ppc,
				);
				COPY_PHASE_STRIP = YES;
				DEPLOYMENT_LOCATION = NO;
				DEPLOYMENT_POSTPROCESSING = YES;
				GCC_DEBUGGING_SYMBOLS = full;
				GCC_ENABLE_OBJC_EXCEPTIONS = YES;
				GCC_GENERATE_DEBUGGING_SYMBOLS = NO;
				GCC_OPTIMIZATION_LEVEL = s;
				GCC_PRECOMPILE_PREFIX_HEADER = YES;
				GCC_PREPROCESSOR_DEFINITIONS = LUA_USE_DLOPEN;
				GCC_TREAT_WARNINGS_AS_ERRORS = NO;
				GCC_WARN_TYPECHECK_CALLS_TO_PRINTF = YES;
				INSTALL_MODE_FLAG = "u=rwX,go=rX";
				INSTALL_PATH = "@executable_path/../Frameworks";
				MACOSX_DEPLOYMENT_TARGET = "";
				PREBINDING = NO;
				SDKROOT = /Developer/SDKs/MacOSX10.4u.sdk;
				SKIP_INSTALL = YES;
				STRIP_INSTALLED_PRODUCT = YES;
				STRIP_STYLE = "non-global";
				ZERO_LINK = NO;
			};
			name = Release;
		};
/* End XCBuildConfiguration section */

/* Begin XCConfigurationList section */
		4B277B400A7E9F430051C47A /* Build configuration list for PBXNativeTarget "Test" */ = {
			isa = XCConfigurationList;
			buildConfigurations = (
				4B277B410A7E9F430051C47A /* Debug */,
				4B277B430A7E9F430051C47A /* Release */,
			);
			defaultConfigurationIsVisible = 0;
			defaultConfigurationName = Debug;
		};
		4B4A608D0924CAFC00A2BE53 /* Build configuration list for PBXNativeTarget "LuaObjCBridge.framework" */ = {
			isa = XCConfigurationList;
			buildConfigurations = (
				4B4A608E0924CAFC00A2BE53 /* Debug */,
				4B4A60900924CAFC00A2BE53 /* Release */,
			);
			defaultConfigurationIsVisible = 0;
			defaultConfigurationName = Debug;
		};
		4B4A60920924CAFC00A2BE53 /* Build configuration list for PBXNativeTarget "liblua.dylib" */ = {
			isa = XCConfigurationList;
			buildConfigurations = (
				4B4A60930924CAFC00A2BE53 /* Debug */,
				4B4A60950924CAFC00A2BE53 /* Release */,
			);
			defaultConfigurationIsVisible = 0;
			defaultConfigurationName = Debug;
		};
		4B4A60970924CAFC00A2BE53 /* Build configuration list for PBXNativeTarget "objc.dylib" */ = {
			isa = XCConfigurationList;
			buildConfigurations = (
				4B4A60980924CAFC00A2BE53 /* Debug */,
				4B4A609A0924CAFC00A2BE53 /* Release */,
			);
			defaultConfigurationIsVisible = 0;
			defaultConfigurationName = Debug;
		};
		4B4A609C0924CAFC00A2BE53 /* Build configuration list for PBXNativeTarget "lua" */ = {
			isa = XCConfigurationList;
			buildConfigurations = (
				4B4A609D0924CAFC00A2BE53 /* Debug */,
				4B4A609F0924CAFC00A2BE53 /* Release */,
			);
			defaultConfigurationIsVisible = 0;
			defaultConfigurationName = Debug;
		};
		4B4A60A10924CAFC00A2BE53 /* Build configuration list for PBXAggregateTarget "Everything" */ = {
			isa = XCConfigurationList;
			buildConfigurations = (
				4B4A60A20924CAFC00A2BE53 /* Debug */,
				4B4A60A40924CAFC00A2BE53 /* Release */,
			);
			defaultConfigurationIsVisible = 0;
			defaultConfigurationName = Debug;
		};
		4B4A60A60924CAFC00A2BE53 /* Build configuration list for PBXProject "LuaObjCBridge" */ = {
			isa = XCConfigurationList;
			buildConfigurations = (
				4B4A60A70924CAFC00A2BE53 /* Debug */,
				4B4A60A90924CAFC00A2BE53 /* Release */,
			);
			defaultConfigurationIsVisible = 0;
			defaultConfigurationName = Debug;
		};
/* End XCConfigurationList section */
	};
	rootObject = 4B4FE4BE0827873F007685F3 /* Project object */;
}
